// !$*UTF8*$!
{
	archiveVersion = 1;
	classes = {
	};
	objectVersion = 46;
	objects = {

/* Begin PBXBuildFile section */
		22089BA97554462C80199B37 /* libPods.a in Frameworks */ = {isa = PBXBuildFile; fileRef = 62620204B775499F949AB190 /* libPods.a */; };
		BF1835D5172C3D1D00E2CB5F /* GINavigationBar.m in Sources */ = {isa = PBXBuildFile; fileRef = BF1835D4172C3D1D00E2CB5F /* GINavigationBar.m */; };
		BF1835DC172CB0E500E2CB5F /* GIItemView.m in Sources */ = {isa = PBXBuildFile; fileRef = BF1835DB172CB0E500E2CB5F /* GIItemView.m */; };
		BF1835DF172D3E9E00E2CB5F /* GIInputView.m in Sources */ = {isa = PBXBuildFile; fileRef = BF1835DE172D3E9E00E2CB5F /* GIInputView.m */; };
		BF1835E2172D439000E2CB5F /* GIAnswerView.m in Sources */ = {isa = PBXBuildFile; fileRef = BF1835E1172D439000E2CB5F /* GIAnswerView.m */; };
		BF1835E8172DB8F600E2CB5F /* GILetterView.m in Sources */ = {isa = PBXBuildFile; fileRef = BF1835E7172DB8F600E2CB5F /* GILetterView.m */; };
		BF1835EB172DC49D00E2CB5F /* UIImage+FromColor.m in Sources */ = {isa = PBXBuildFile; fileRef = BF1835EA172DC49D00E2CB5F /* UIImage+FromColor.m */; };
		BF1835EE172DEA1200E2CB5F /* GIPlaceholderView.m in Sources */ = {isa = PBXBuildFile; fileRef = BF1835ED172DEA1200E2CB5F /* GIPlaceholderView.m */; };
		BF1F2998170246F800A83FE3 /* GILevel.m in Sources */ = {isa = PBXBuildFile; fileRef = BF1F2997170246F800A83FE3 /* GILevel.m */; };
		BF1F299B1702477000A83FE3 /* GILevelsViewController.m in Sources */ = {isa = PBXBuildFile; fileRef = BF1F299A1702477000A83FE3 /* GILevelsViewController.m */; };
		BF1F29A5170634BB00A83FE3 /* GILevelCell.m in Sources */ = {isa = PBXBuildFile; fileRef = BF1F29A4170634BB00A83FE3 /* GILevelCell.m */; };
		BF1F29B01707347900A83FE3 /* GIItem.m in Sources */ = {isa = PBXBuildFile; fileRef = BF1F29AF1707347800A83FE3 /* GIItem.m */; };
		BF1F29B31707617700A83FE3 /* GIViewController.m in Sources */ = {isa = PBXBuildFile; fileRef = BF1F29B21707617700A83FE3 /* GIViewController.m */; };
		BF1F29B6170761D400A83FE3 /* GIItemViewController.m in Sources */ = {isa = PBXBuildFile; fileRef = BF1F29B5170761D400A83FE3 /* GIItemViewController.m */; };
		BF41EA94170BB4A0006540E7 /* GILevel+Factory.m in Sources */ = {isa = PBXBuildFile; fileRef = BF41EA93170BB4A0006540E7 /* GILevel+Factory.m */; };
		BF6943BB171CA244000F74E0 /* GIItem+PrettyDescription.m in Sources */ = {isa = PBXBuildFile; fileRef = BF6943BA171CA244000F74E0 /* GIItem+PrettyDescription.m */; };
		BF6943BE171CA2AD000F74E0 /* GILevel+PrettyDescription.m in Sources */ = {isa = PBXBuildFile; fileRef = BF6943BD171CA2AD000F74E0 /* GILevel+PrettyDescription.m */; };
		BF91795817244A8200B136E2 /* shine_mask@2x.png in Resources */ = {isa = PBXBuildFile; fileRef = BF91795717244A8200B136E2 /* shine_mask@2x.png */; };
		BF91796A1724716D00B136E2 /* Icon-Small.png in Resources */ = {isa = PBXBuildFile; fileRef = BF9179601724716D00B136E2 /* Icon-Small.png */; };
		BF91796B1724716D00B136E2 /* Icon-Small@2x.png in Resources */ = {isa = PBXBuildFile; fileRef = BF9179611724716D00B136E2 /* Icon-Small@2x.png */; };
		BF91796C1724716D00B136E2 /* Icon.png in Resources */ = {isa = PBXBuildFile; fileRef = BF9179621724716D00B136E2 /* Icon.png */; };
		BF91796D1724716D00B136E2 /* Icon@2x.png in Resources */ = {isa = PBXBuildFile; fileRef = BF9179631724716D00B136E2 /* Icon@2x.png */; };
		BF91796E1724716D00B136E2 /* iTunesArtwork.png in Resources */ = {isa = PBXBuildFile; fileRef = BF9179641724716D00B136E2 /* iTunesArtwork.png */; };
		BF91796F1724716D00B136E2 /* iTunesArtwork@2x.png in Resources */ = {isa = PBXBuildFile; fileRef = BF9179651724716D00B136E2 /* iTunesArtwork@2x.png */; };
		BFAD126716F136A100F6D429 /* UIKit.framework in Frameworks */ = {isa = PBXBuildFile; fileRef = BFAD126616F136A100F6D429 /* UIKit.framework */; };
		BFAD126916F136A100F6D429 /* Foundation.framework in Frameworks */ = {isa = PBXBuildFile; fileRef = BFAD126816F136A100F6D429 /* Foundation.framework */; };
		BFAD126B16F136A100F6D429 /* CoreGraphics.framework in Frameworks */ = {isa = PBXBuildFile; fileRef = BFAD126A16F136A100F6D429 /* CoreGraphics.framework */; };
		BFAD127116F136A100F6D429 /* InfoPlist.strings in Resources */ = {isa = PBXBuildFile; fileRef = BFAD126F16F136A100F6D429 /* InfoPlist.strings */; };
		BFAD128016F136A200F6D429 /* MainStoryboard.storyboard in Resources */ = {isa = PBXBuildFile; fileRef = BFAD127E16F136A200F6D429 /* MainStoryboard.storyboard */; };
		BFAD128B16F136A200F6D429 /* SenTestingKit.framework in Frameworks */ = {isa = PBXBuildFile; fileRef = BFAD128A16F136A200F6D429 /* SenTestingKit.framework */; };
		BFAD128C16F136A200F6D429 /* UIKit.framework in Frameworks */ = {isa = PBXBuildFile; fileRef = BFAD126616F136A100F6D429 /* UIKit.framework */; };
		BFAD128D16F136A200F6D429 /* Foundation.framework in Frameworks */ = {isa = PBXBuildFile; fileRef = BFAD126816F136A100F6D429 /* Foundation.framework */; };
		BFAD129516F136A200F6D429 /* InfoPlist.strings in Resources */ = {isa = PBXBuildFile; fileRef = BFAD129316F136A200F6D429 /* InfoPlist.strings */; };
		BFAD129816F136A200F6D429 /* GuessItBSITests.m in Sources */ = {isa = PBXBuildFile; fileRef = BFAD129716F136A200F6D429 /* GuessItBSITests.m */; };
		BFAD12B016F1376600F6D429 /* GIAppDelegate.m in Sources */ = {isa = PBXBuildFile; fileRef = BFAD12A916F1376600F6D429 /* GIAppDelegate.m */; };
		BFAD12B116F1376600F6D429 /* main.m in Sources */ = {isa = PBXBuildFile; fileRef = BFAD12AB16F1376600F6D429 /* main.m */; };
		BFBDD2121701092000F5698E /* GIMainViewController.m in Sources */ = {isa = PBXBuildFile; fileRef = BFBDD2111701092000F5698E /* GIMainViewController.m */; };
		BFF9294217243E0300F230C6 /* Default-568h@2x.png in Resources */ = {isa = PBXBuildFile; fileRef = BFF9291017243E0300F230C6 /* Default-568h@2x.png */; };
		BFF9294317243E0300F230C6 /* Default.png in Resources */ = {isa = PBXBuildFile; fileRef = BFF9291117243E0300F230C6 /* Default.png */; };
		BFF9294417243E0300F230C6 /* Default@2x.png in Resources */ = {isa = PBXBuildFile; fileRef = BFF9291217243E0300F230C6 /* Default@2x.png */; };
		BFF9294517243E0300F230C6 /* 001.png in Resources */ = {isa = PBXBuildFile; fileRef = BFF9291517243E0300F230C6 /* 001.png */; };
		BFF9294617243E0300F230C6 /* 002.png in Resources */ = {isa = PBXBuildFile; fileRef = BFF9291617243E0300F230C6 /* 002.png */; };
		BFF9294717243E0300F230C6 /* 003.png in Resources */ = {isa = PBXBuildFile; fileRef = BFF9291717243E0300F230C6 /* 003.png */; };
		BFF9294817243E0300F230C6 /* 004.png in Resources */ = {isa = PBXBuildFile; fileRef = BFF9291817243E0300F230C6 /* 004.png */; };
		BFF9294917243E0300F230C6 /* 005.png in Resources */ = {isa = PBXBuildFile; fileRef = BFF9291917243E0300F230C6 /* 005.png */; };
		BFF9294A17243E0300F230C6 /* 006.png in Resources */ = {isa = PBXBuildFile; fileRef = BFF9291A17243E0300F230C6 /* 006.png */; };
		BFF9294B17243E0300F230C6 /* 007.png in Resources */ = {isa = PBXBuildFile; fileRef = BFF9291C17243E0300F230C6 /* 007.png */; };
		BFF9294C17243E0300F230C6 /* 008.png in Resources */ = {isa = PBXBuildFile; fileRef = BFF9291D17243E0300F230C6 /* 008.png */; };
		BFF9294D17243E0300F230C6 /* 009.png in Resources */ = {isa = PBXBuildFile; fileRef = BFF9291E17243E0300F230C6 /* 009.png */; };
		BFF9294E17243E0300F230C6 /* 010.png in Resources */ = {isa = PBXBuildFile; fileRef = BFF9291F17243E0300F230C6 /* 010.png */; };
		BFF9294F17243E0300F230C6 /* 011.png in Resources */ = {isa = PBXBuildFile; fileRef = BFF9292017243E0300F230C6 /* 011.png */; };
		BFF9295017243E0300F230C6 /* 012.png in Resources */ = {isa = PBXBuildFile; fileRef = BFF9292117243E0300F230C6 /* 012.png */; };
		BFF9295117243E0300F230C6 /* 013.png in Resources */ = {isa = PBXBuildFile; fileRef = BFF9292217243E0300F230C6 /* 013.png */; };
		BFF9295217243E0300F230C6 /* guessing items.txt in Resources */ = {isa = PBXBuildFile; fileRef = BFF9292317243E0300F230C6 /* guessing items.txt */; };
		BFF9295317243E0300F230C6 /* 014.png in Resources */ = {isa = PBXBuildFile; fileRef = BFF9292517243E0300F230C6 /* 014.png */; };
		BFF9295417243E0300F230C6 /* 015.png in Resources */ = {isa = PBXBuildFile; fileRef = BFF9292617243E0300F230C6 /* 015.png */; };
		BFF9295517243E0300F230C6 /* 016.png in Resources */ = {isa = PBXBuildFile; fileRef = BFF9292717243E0300F230C6 /* 016.png */; };
		BFF9295617243E0300F230C6 /* 017.png in Resources */ = {isa = PBXBuildFile; fileRef = BFF9292817243E0300F230C6 /* 017.png */; };
		BFF9295717243E0300F230C6 /* 018.png in Resources */ = {isa = PBXBuildFile; fileRef = BFF9292917243E0300F230C6 /* 018.png */; };
		BFF9295817243E0300F230C6 /* 023.png in Resources */ = {isa = PBXBuildFile; fileRef = BFF9292A17243E0300F230C6 /* 023.png */; };
		BFF9295917243E0300F230C6 /* 024.png in Resources */ = {isa = PBXBuildFile; fileRef = BFF9292B17243E0300F230C6 /* 024.png */; };
		BFF9295A17243E0300F230C6 /* 025.png in Resources */ = {isa = PBXBuildFile; fileRef = BFF9292C17243E0300F230C6 /* 025.png */; };
		BFF9295B17243E0300F230C6 /* 019.png in Resources */ = {isa = PBXBuildFile; fileRef = BFF9292E17243E0300F230C6 /* 019.png */; };
		BFF9295C17243E0300F230C6 /* 020.png in Resources */ = {isa = PBXBuildFile; fileRef = BFF9292F17243E0300F230C6 /* 020.png */; };
		BFF9295D17243E0300F230C6 /* 021.png in Resources */ = {isa = PBXBuildFile; fileRef = BFF9293017243E0300F230C6 /* 021.png */; };
		BFF9295E17243E0300F230C6 /* 022.png in Resources */ = {isa = PBXBuildFile; fileRef = BFF9293117243E0300F230C6 /* 022.png */; };
		BFF9295F17243E0300F230C6 /* 026.png in Resources */ = {isa = PBXBuildFile; fileRef = BFF9293317243E0300F230C6 /* 026.png */; };
		BFF9296017243E0300F230C6 /* 027.png in Resources */ = {isa = PBXBuildFile; fileRef = BFF9293417243E0300F230C6 /* 027.png */; };
		BFF9296117243E0300F230C6 /* 028.png in Resources */ = {isa = PBXBuildFile; fileRef = BFF9293517243E0300F230C6 /* 028.png */; };
		BFF9296217243E0300F230C6 /* 029.png in Resources */ = {isa = PBXBuildFile; fileRef = BFF9293617243E0300F230C6 /* 029.png */; };
		BFF9296317243E0300F230C6 /* 030.png in Resources */ = {isa = PBXBuildFile; fileRef = BFF9293717243E0300F230C6 /* 030.png */; };
		BFF9296417243E0300F230C6 /* 031.png in Resources */ = {isa = PBXBuildFile; fileRef = BFF9293817243E0300F230C6 /* 031.png */; };
		BFF9296517243E0300F230C6 /* ico_accessory_view.png in Resources */ = {isa = PBXBuildFile; fileRef = BFF9293917243E0300F230C6 /* ico_accessory_view.png */; };
		BFF9296617243E0300F230C6 /* ico_accessory_view@2x.png in Resources */ = {isa = PBXBuildFile; fileRef = BFF9293A17243E0300F230C6 /* ico_accessory_view@2x.png */; };
		BFF9296717243E0300F230C6 /* ico_back.png in Resources */ = {isa = PBXBuildFile; fileRef = BFF9293B17243E0300F230C6 /* ico_back.png */; };
		BFF9296817243E0300F230C6 /* ico_back@2x.png in Resources */ = {isa = PBXBuildFile; fileRef = BFF9293C17243E0300F230C6 /* ico_back@2x.png */; };
		BFF9296917243E0300F230C6 /* ico_more.png in Resources */ = {isa = PBXBuildFile; fileRef = BFF9293D17243E0300F230C6 /* ico_more.png */; };
		BFF9296A17243E0300F230C6 /* ico_more@2x.png in Resources */ = {isa = PBXBuildFile; fileRef = BFF9293E17243E0300F230C6 /* ico_more@2x.png */; };
		BFF9296B17243E0300F230C6 /* ico_reload.png in Resources */ = {isa = PBXBuildFile; fileRef = BFF9293F17243E0300F230C6 /* ico_reload.png */; };
		BFF9296C17243E0300F230C6 /* ico_reload@2x.png in Resources */ = {isa = PBXBuildFile; fileRef = BFF9294017243E0300F230C6 /* ico_reload@2x.png */; };
		BFF9297017243E1900F230C6 /* Lobster.ttf in Resources */ = {isa = PBXBuildFile; fileRef = BFF9296F17243E1900F230C6 /* Lobster.ttf */; };
		BFF9297317243EF900F230C6 /* UIFont+GuessItFonts.m in Sources */ = {isa = PBXBuildFile; fileRef = BFF9297217243EF900F230C6 /* UIFont+GuessItFonts.m */; };
		BFF92976172443AC00F230C6 /* GIShineLabel.m in Sources */ = {isa = PBXBuildFile; fileRef = BFF92975172443AC00F230C6 /* GIShineLabel.m */; };
		BFF9E72D1727F44A003B4385 /* GIOptionsViewController.m in Sources */ = {isa = PBXBuildFile; fileRef = BFF9E72C1727F44A003B4385 /* GIOptionsViewController.m */; };
		BFF9E7331727F599003B4385 /* GIKeypadView.m in Sources */ = {isa = PBXBuildFile; fileRef = BFF9E7321727F599003B4385 /* GIKeypadView.m */; };
		BFF9E7391727F815003B4385 /* NSString+RandomString.m in Sources */ = {isa = PBXBuildFile; fileRef = BFF9E7381727F815003B4385 /* NSString+RandomString.m */; };
		BFFC5013172A9ACD008DC742 /* UIView+SizingAndPositioning.m in Sources */ = {isa = PBXBuildFile; fileRef = BFFC5012172A9ACD008DC742 /* UIView+SizingAndPositioning.m */; };
/* End PBXBuildFile section */

/* Begin PBXContainerItemProxy section */
		BFAD128E16F136A200F6D429 /* PBXContainerItemProxy */ = {
			isa = PBXContainerItemProxy;
			containerPortal = BFAD125B16F136A100F6D429 /* Project object */;
			proxyType = 1;
			remoteGlobalIDString = BFAD126216F136A100F6D429;
			remoteInfo = GuessItBSI;
		};
/* End PBXContainerItemProxy section */

/* Begin PBXFileReference section */
		62620204B775499F949AB190 /* libPods.a */ = {isa = PBXFileReference; explicitFileType = archive.ar; includeInIndex = 0; path = libPods.a; sourceTree = BUILT_PRODUCTS_DIR; };
		BD30177A3D9541AEB54F865D /* Pods.xcconfig */ = {isa = PBXFileReference; includeInIndex = 1; lastKnownFileType = text.xcconfig; name = Pods.xcconfig; path = Pods/Pods.xcconfig; sourceTree = SOURCE_ROOT; };
		BF1835D3172C3D1D00E2CB5F /* GINavigationBar.h */ = {isa = PBXFileReference; fileEncoding = 4; lastKnownFileType = sourcecode.c.h; path = GINavigationBar.h; sourceTree = "<group>"; };
		BF1835D4172C3D1D00E2CB5F /* GINavigationBar.m */ = {isa = PBXFileReference; fileEncoding = 4; lastKnownFileType = sourcecode.c.objc; path = GINavigationBar.m; sourceTree = "<group>"; };
		BF1835DA172CB0E500E2CB5F /* GIItemView.h */ = {isa = PBXFileReference; fileEncoding = 4; lastKnownFileType = sourcecode.c.h; path = GIItemView.h; sourceTree = "<group>"; };
		BF1835DB172CB0E500E2CB5F /* GIItemView.m */ = {isa = PBXFileReference; fileEncoding = 4; lastKnownFileType = sourcecode.c.objc; path = GIItemView.m; sourceTree = "<group>"; };
		BF1835DD172D3E9E00E2CB5F /* GIInputView.h */ = {isa = PBXFileReference; fileEncoding = 4; lastKnownFileType = sourcecode.c.h; path = GIInputView.h; sourceTree = "<group>"; };
		BF1835DE172D3E9E00E2CB5F /* GIInputView.m */ = {isa = PBXFileReference; fileEncoding = 4; lastKnownFileType = sourcecode.c.objc; path = GIInputView.m; sourceTree = "<group>"; };
		BF1835E0172D439000E2CB5F /* GIAnswerView.h */ = {isa = PBXFileReference; fileEncoding = 4; lastKnownFileType = sourcecode.c.h; path = GIAnswerView.h; sourceTree = "<group>"; };
		BF1835E1172D439000E2CB5F /* GIAnswerView.m */ = {isa = PBXFileReference; fileEncoding = 4; lastKnownFileType = sourcecode.c.objc; path = GIAnswerView.m; sourceTree = "<group>"; };
		BF1835E6172DB8F600E2CB5F /* GILetterView.h */ = {isa = PBXFileReference; fileEncoding = 4; lastKnownFileType = sourcecode.c.h; path = GILetterView.h; sourceTree = "<group>"; };
		BF1835E7172DB8F600E2CB5F /* GILetterView.m */ = {isa = PBXFileReference; fileEncoding = 4; lastKnownFileType = sourcecode.c.objc; path = GILetterView.m; sourceTree = "<group>"; };
		BF1835E9172DC49D00E2CB5F /* UIImage+FromColor.h */ = {isa = PBXFileReference; fileEncoding = 4; lastKnownFileType = sourcecode.c.h; path = "UIImage+FromColor.h"; sourceTree = "<group>"; };
		BF1835EA172DC49D00E2CB5F /* UIImage+FromColor.m */ = {isa = PBXFileReference; fileEncoding = 4; lastKnownFileType = sourcecode.c.objc; path = "UIImage+FromColor.m"; sourceTree = "<group>"; };
		BF1835EC172DEA1100E2CB5F /* GIPlaceholderView.h */ = {isa = PBXFileReference; fileEncoding = 4; lastKnownFileType = sourcecode.c.h; path = GIPlaceholderView.h; sourceTree = "<group>"; };
		BF1835ED172DEA1200E2CB5F /* GIPlaceholderView.m */ = {isa = PBXFileReference; fileEncoding = 4; lastKnownFileType = sourcecode.c.objc; path = GIPlaceholderView.m; sourceTree = "<group>"; };
		BF1F2996170246F800A83FE3 /* GILevel.h */ = {isa = PBXFileReference; fileEncoding = 4; lastKnownFileType = sourcecode.c.h; path = GILevel.h; sourceTree = "<group>"; };
		BF1F2997170246F800A83FE3 /* GILevel.m */ = {isa = PBXFileReference; fileEncoding = 4; lastKnownFileType = sourcecode.c.objc; path = GILevel.m; sourceTree = "<group>"; };
		BF1F29991702477000A83FE3 /* GILevelsViewController.h */ = {isa = PBXFileReference; fileEncoding = 4; lastKnownFileType = sourcecode.c.h; path = GILevelsViewController.h; sourceTree = "<group>"; };
		BF1F299A1702477000A83FE3 /* GILevelsViewController.m */ = {isa = PBXFileReference; fileEncoding = 4; lastKnownFileType = sourcecode.c.objc; path = GILevelsViewController.m; sourceTree = "<group>"; };
		BF1F29A3170634BB00A83FE3 /* GILevelCell.h */ = {isa = PBXFileReference; fileEncoding = 4; lastKnownFileType = sourcecode.c.h; path = GILevelCell.h; sourceTree = "<group>"; };
		BF1F29A4170634BB00A83FE3 /* GILevelCell.m */ = {isa = PBXFileReference; fileEncoding = 4; lastKnownFileType = sourcecode.c.objc; path = GILevelCell.m; sourceTree = "<group>"; };
		BF1F29AE1707347800A83FE3 /* GIItem.h */ = {isa = PBXFileReference; fileEncoding = 4; lastKnownFileType = sourcecode.c.h; path = GIItem.h; sourceTree = "<group>"; };
		BF1F29AF1707347800A83FE3 /* GIItem.m */ = {isa = PBXFileReference; fileEncoding = 4; lastKnownFileType = sourcecode.c.objc; path = GIItem.m; sourceTree = "<group>"; };
		BF1F29B11707617700A83FE3 /* GIViewController.h */ = {isa = PBXFileReference; fileEncoding = 4; lastKnownFileType = sourcecode.c.h; path = GIViewController.h; sourceTree = "<group>"; };
		BF1F29B21707617700A83FE3 /* GIViewController.m */ = {isa = PBXFileReference; fileEncoding = 4; lastKnownFileType = sourcecode.c.objc; path = GIViewController.m; sourceTree = "<group>"; };
		BF1F29B4170761D400A83FE3 /* GIItemViewController.h */ = {isa = PBXFileReference; fileEncoding = 4; lastKnownFileType = sourcecode.c.h; path = GIItemViewController.h; sourceTree = "<group>"; };
		BF1F29B5170761D400A83FE3 /* GIItemViewController.m */ = {isa = PBXFileReference; fileEncoding = 4; lastKnownFileType = sourcecode.c.objc; path = GIItemViewController.m; sourceTree = "<group>"; };
		BF41EA92170BB4A0006540E7 /* GILevel+Factory.h */ = {isa = PBXFileReference; fileEncoding = 4; lastKnownFileType = sourcecode.c.h; path = "GILevel+Factory.h"; sourceTree = "<group>"; };
		BF41EA93170BB4A0006540E7 /* GILevel+Factory.m */ = {isa = PBXFileReference; fileEncoding = 4; lastKnownFileType = sourcecode.c.objc; path = "GILevel+Factory.m"; sourceTree = "<group>"; };
		BF6943B9171CA244000F74E0 /* GIItem+PrettyDescription.h */ = {isa = PBXFileReference; fileEncoding = 4; lastKnownFileType = sourcecode.c.h; path = "GIItem+PrettyDescription.h"; sourceTree = "<group>"; };
		BF6943BA171CA244000F74E0 /* GIItem+PrettyDescription.m */ = {isa = PBXFileReference; fileEncoding = 4; lastKnownFileType = sourcecode.c.objc; path = "GIItem+PrettyDescription.m"; sourceTree = "<group>"; };
		BF6943BC171CA2AD000F74E0 /* GILevel+PrettyDescription.h */ = {isa = PBXFileReference; fileEncoding = 4; lastKnownFileType = sourcecode.c.h; path = "GILevel+PrettyDescription.h"; sourceTree = "<group>"; };
		BF6943BD171CA2AD000F74E0 /* GILevel+PrettyDescription.m */ = {isa = PBXFileReference; fileEncoding = 4; lastKnownFileType = sourcecode.c.objc; path = "GILevel+PrettyDescription.m"; sourceTree = "<group>"; };
		BF86A52D174B06A1002A0FBD /* GIInputViewDelegate.h */ = {isa = PBXFileReference; lastKnownFileType = sourcecode.c.h; path = GIInputViewDelegate.h; sourceTree = "<group>"; };
		BF91795717244A8200B136E2 /* shine_mask@2x.png */ = {isa = PBXFileReference; lastKnownFileType = image.png; path = "shine_mask@2x.png"; sourceTree = "<group>"; };
		BF9179601724716D00B136E2 /* Icon-Small.png */ = {isa = PBXFileReference; lastKnownFileType = image.png; path = "Icon-Small.png"; sourceTree = "<group>"; };
		BF9179611724716D00B136E2 /* Icon-Small@2x.png */ = {isa = PBXFileReference; lastKnownFileType = image.png; path = "Icon-Small@2x.png"; sourceTree = "<group>"; };
		BF9179621724716D00B136E2 /* Icon.png */ = {isa = PBXFileReference; lastKnownFileType = image.png; path = Icon.png; sourceTree = "<group>"; };
		BF9179631724716D00B136E2 /* Icon@2x.png */ = {isa = PBXFileReference; lastKnownFileType = image.png; path = "Icon@2x.png"; sourceTree = "<group>"; };
		BF9179641724716D00B136E2 /* iTunesArtwork.png */ = {isa = PBXFileReference; lastKnownFileType = image.png; path = iTunesArtwork.png; sourceTree = "<group>"; };
		BF9179651724716D00B136E2 /* iTunesArtwork@2x.png */ = {isa = PBXFileReference; lastKnownFileType = image.png; path = "iTunesArtwork@2x.png"; sourceTree = "<group>"; };
		BFAD126316F136A100F6D429 /* GuessItBSI.app */ = {isa = PBXFileReference; explicitFileType = wrapper.application; includeInIndex = 0; path = GuessItBSI.app; sourceTree = BUILT_PRODUCTS_DIR; };
		BFAD126616F136A100F6D429 /* UIKit.framework */ = {isa = PBXFileReference; lastKnownFileType = wrapper.framework; name = UIKit.framework; path = System/Library/Frameworks/UIKit.framework; sourceTree = SDKROOT; };
		BFAD126816F136A100F6D429 /* Foundation.framework */ = {isa = PBXFileReference; lastKnownFileType = wrapper.framework; name = Foundation.framework; path = System/Library/Frameworks/Foundation.framework; sourceTree = SDKROOT; };
		BFAD126A16F136A100F6D429 /* CoreGraphics.framework */ = {isa = PBXFileReference; lastKnownFileType = wrapper.framework; name = CoreGraphics.framework; path = System/Library/Frameworks/CoreGraphics.framework; sourceTree = SDKROOT; };
		BFAD126E16F136A100F6D429 /* GuessItBSI-Info.plist */ = {isa = PBXFileReference; lastKnownFileType = text.plist.xml; path = "GuessItBSI-Info.plist"; sourceTree = "<group>"; };
		BFAD127016F136A100F6D429 /* en */ = {isa = PBXFileReference; lastKnownFileType = text.plist.strings; name = en; path = en.lproj/InfoPlist.strings; sourceTree = "<group>"; };
		BFAD127F16F136A200F6D429 /* en */ = {isa = PBXFileReference; lastKnownFileType = file.storyboard; name = en; path = en.lproj/MainStoryboard.storyboard; sourceTree = "<group>"; };
		BFAD128916F136A200F6D429 /* GuessItBSITests.octest */ = {isa = PBXFileReference; explicitFileType = wrapper.cfbundle; includeInIndex = 0; path = GuessItBSITests.octest; sourceTree = BUILT_PRODUCTS_DIR; };
		BFAD128A16F136A200F6D429 /* SenTestingKit.framework */ = {isa = PBXFileReference; lastKnownFileType = wrapper.framework; name = SenTestingKit.framework; path = Library/Frameworks/SenTestingKit.framework; sourceTree = DEVELOPER_DIR; };
		BFAD129216F136A200F6D429 /* GuessItBSITests-Info.plist */ = {isa = PBXFileReference; lastKnownFileType = text.plist.xml; path = "GuessItBSITests-Info.plist"; sourceTree = "<group>"; };
		BFAD129416F136A200F6D429 /* en */ = {isa = PBXFileReference; lastKnownFileType = text.plist.strings; name = en; path = en.lproj/InfoPlist.strings; sourceTree = "<group>"; };
		BFAD129616F136A200F6D429 /* GuessItBSITests.h */ = {isa = PBXFileReference; lastKnownFileType = sourcecode.c.h; path = GuessItBSITests.h; sourceTree = "<group>"; };
		BFAD129716F136A200F6D429 /* GuessItBSITests.m */ = {isa = PBXFileReference; lastKnownFileType = sourcecode.c.objc; path = GuessItBSITests.m; sourceTree = "<group>"; };
		BFAD12A816F1376600F6D429 /* GIAppDelegate.h */ = {isa = PBXFileReference; fileEncoding = 4; lastKnownFileType = sourcecode.c.h; path = GIAppDelegate.h; sourceTree = "<group>"; };
		BFAD12A916F1376600F6D429 /* GIAppDelegate.m */ = {isa = PBXFileReference; fileEncoding = 4; lastKnownFileType = sourcecode.c.objc; path = GIAppDelegate.m; sourceTree = "<group>"; };
		BFAD12AA16F1376600F6D429 /* GuessItBSI-Prefix.pch */ = {isa = PBXFileReference; fileEncoding = 4; lastKnownFileType = sourcecode.c.h; path = "GuessItBSI-Prefix.pch"; sourceTree = "<group>"; };
		BFAD12AB16F1376600F6D429 /* main.m */ = {isa = PBXFileReference; fileEncoding = 4; lastKnownFileType = sourcecode.c.objc; path = main.m; sourceTree = "<group>"; };
		BFBDD2101701092000F5698E /* GIMainViewController.h */ = {isa = PBXFileReference; fileEncoding = 4; lastKnownFileType = sourcecode.c.h; path = GIMainViewController.h; sourceTree = "<group>"; };
		BFBDD2111701092000F5698E /* GIMainViewController.m */ = {isa = PBXFileReference; fileEncoding = 4; lastKnownFileType = sourcecode.c.objc; path = GIMainViewController.m; sourceTree = "<group>"; };
		BFF5A2E4171EB74E00F401B3 /* GIDefinitions.h */ = {isa = PBXFileReference; fileEncoding = 4; lastKnownFileType = sourcecode.c.h; path = GIDefinitions.h; sourceTree = "<group>"; };
		BFF9291017243E0300F230C6 /* Default-568h@2x.png */ = {isa = PBXFileReference; lastKnownFileType = image.png; path = "Default-568h@2x.png"; sourceTree = "<group>"; };
		BFF9291117243E0300F230C6 /* Default.png */ = {isa = PBXFileReference; lastKnownFileType = image.png; path = Default.png; sourceTree = "<group>"; };
		BFF9291217243E0300F230C6 /* Default@2x.png */ = {isa = PBXFileReference; lastKnownFileType = image.png; path = "Default@2x.png"; sourceTree = "<group>"; };
		BFF9291517243E0300F230C6 /* 001.png */ = {isa = PBXFileReference; lastKnownFileType = image.png; path = 001.png; sourceTree = "<group>"; };
		BFF9291617243E0300F230C6 /* 002.png */ = {isa = PBXFileReference; lastKnownFileType = image.png; path = 002.png; sourceTree = "<group>"; };
		BFF9291717243E0300F230C6 /* 003.png */ = {isa = PBXFileReference; lastKnownFileType = image.png; path = 003.png; sourceTree = "<group>"; };
		BFF9291817243E0300F230C6 /* 004.png */ = {isa = PBXFileReference; lastKnownFileType = image.png; path = 004.png; sourceTree = "<group>"; };
		BFF9291917243E0300F230C6 /* 005.png */ = {isa = PBXFileReference; lastKnownFileType = image.png; path = 005.png; sourceTree = "<group>"; };
		BFF9291A17243E0300F230C6 /* 006.png */ = {isa = PBXFileReference; lastKnownFileType = image.png; path = 006.png; sourceTree = "<group>"; };
		BFF9291C17243E0300F230C6 /* 007.png */ = {isa = PBXFileReference; lastKnownFileType = image.png; path = 007.png; sourceTree = "<group>"; };
		BFF9291D17243E0300F230C6 /* 008.png */ = {isa = PBXFileReference; lastKnownFileType = image.png; path = 008.png; sourceTree = "<group>"; };
		BFF9291E17243E0300F230C6 /* 009.png */ = {isa = PBXFileReference; lastKnownFileType = image.png; path = 009.png; sourceTree = "<group>"; };
		BFF9291F17243E0300F230C6 /* 010.png */ = {isa = PBXFileReference; lastKnownFileType = image.png; path = 010.png; sourceTree = "<group>"; };
		BFF9292017243E0300F230C6 /* 011.png */ = {isa = PBXFileReference; lastKnownFileType = image.png; path = 011.png; sourceTree = "<group>"; };
		BFF9292117243E0300F230C6 /* 012.png */ = {isa = PBXFileReference; lastKnownFileType = image.png; path = 012.png; sourceTree = "<group>"; };
		BFF9292217243E0300F230C6 /* 013.png */ = {isa = PBXFileReference; lastKnownFileType = image.png; path = 013.png; sourceTree = "<group>"; };
		BFF9292317243E0300F230C6 /* guessing items.txt */ = {isa = PBXFileReference; fileEncoding = 4; lastKnownFileType = text; path = "guessing items.txt"; sourceTree = "<group>"; };
		BFF9292517243E0300F230C6 /* 014.png */ = {isa = PBXFileReference; lastKnownFileType = image.png; path = 014.png; sourceTree = "<group>"; };
		BFF9292617243E0300F230C6 /* 015.png */ = {isa = PBXFileReference; lastKnownFileType = image.png; path = 015.png; sourceTree = "<group>"; };
		BFF9292717243E0300F230C6 /* 016.png */ = {isa = PBXFileReference; lastKnownFileType = image.png; path = 016.png; sourceTree = "<group>"; };
		BFF9292817243E0300F230C6 /* 017.png */ = {isa = PBXFileReference; lastKnownFileType = image.png; path = 017.png; sourceTree = "<group>"; };
		BFF9292917243E0300F230C6 /* 018.png */ = {isa = PBXFileReference; lastKnownFileType = image.png; path = 018.png; sourceTree = "<group>"; };
		BFF9292A17243E0300F230C6 /* 023.png */ = {isa = PBXFileReference; lastKnownFileType = image.png; path = 023.png; sourceTree = "<group>"; };
		BFF9292B17243E0300F230C6 /* 024.png */ = {isa = PBXFileReference; lastKnownFileType = image.png; path = 024.png; sourceTree = "<group>"; };
		BFF9292C17243E0300F230C6 /* 025.png */ = {isa = PBXFileReference; lastKnownFileType = image.png; path = 025.png; sourceTree = "<group>"; };
		BFF9292E17243E0300F230C6 /* 019.png */ = {isa = PBXFileReference; lastKnownFileType = image.png; path = 019.png; sourceTree = "<group>"; };
		BFF9292F17243E0300F230C6 /* 020.png */ = {isa = PBXFileReference; lastKnownFileType = image.png; path = 020.png; sourceTree = "<group>"; };
		BFF9293017243E0300F230C6 /* 021.png */ = {isa = PBXFileReference; lastKnownFileType = image.png; path = 021.png; sourceTree = "<group>"; };
		BFF9293117243E0300F230C6 /* 022.png */ = {isa = PBXFileReference; lastKnownFileType = image.png; path = 022.png; sourceTree = "<group>"; };
		BFF9293317243E0300F230C6 /* 026.png */ = {isa = PBXFileReference; lastKnownFileType = image.png; path = 026.png; sourceTree = "<group>"; };
		BFF9293417243E0300F230C6 /* 027.png */ = {isa = PBXFileReference; lastKnownFileType = image.png; path = 027.png; sourceTree = "<group>"; };
		BFF9293517243E0300F230C6 /* 028.png */ = {isa = PBXFileReference; lastKnownFileType = image.png; path = 028.png; sourceTree = "<group>"; };
		BFF9293617243E0300F230C6 /* 029.png */ = {isa = PBXFileReference; lastKnownFileType = image.png; path = 029.png; sourceTree = "<group>"; };
		BFF9293717243E0300F230C6 /* 030.png */ = {isa = PBXFileReference; lastKnownFileType = image.png; path = 030.png; sourceTree = "<group>"; };
		BFF9293817243E0300F230C6 /* 031.png */ = {isa = PBXFileReference; lastKnownFileType = image.png; path = 031.png; sourceTree = "<group>"; };
		BFF9293917243E0300F230C6 /* ico_accessory_view.png */ = {isa = PBXFileReference; lastKnownFileType = image.png; path = ico_accessory_view.png; sourceTree = "<group>"; };
		BFF9293A17243E0300F230C6 /* ico_accessory_view@2x.png */ = {isa = PBXFileReference; lastKnownFileType = image.png; path = "ico_accessory_view@2x.png"; sourceTree = "<group>"; };
		BFF9293B17243E0300F230C6 /* ico_back.png */ = {isa = PBXFileReference; lastKnownFileType = image.png; path = ico_back.png; sourceTree = "<group>"; };
		BFF9293C17243E0300F230C6 /* ico_back@2x.png */ = {isa = PBXFileReference; lastKnownFileType = image.png; path = "ico_back@2x.png"; sourceTree = "<group>"; };
		BFF9293D17243E0300F230C6 /* ico_more.png */ = {isa = PBXFileReference; lastKnownFileType = image.png; path = ico_more.png; sourceTree = "<group>"; };
		BFF9293E17243E0300F230C6 /* ico_more@2x.png */ = {isa = PBXFileReference; lastKnownFileType = image.png; path = "ico_more@2x.png"; sourceTree = "<group>"; };
		BFF9293F17243E0300F230C6 /* ico_reload.png */ = {isa = PBXFileReference; lastKnownFileType = image.png; path = ico_reload.png; sourceTree = "<group>"; };
		BFF9294017243E0300F230C6 /* ico_reload@2x.png */ = {isa = PBXFileReference; lastKnownFileType = image.png; path = "ico_reload@2x.png"; sourceTree = "<group>"; };
		BFF9296F17243E1900F230C6 /* Lobster.ttf */ = {isa = PBXFileReference; lastKnownFileType = file; path = Lobster.ttf; sourceTree = "<group>"; };
		BFF9297117243EF900F230C6 /* UIFont+GuessItFonts.h */ = {isa = PBXFileReference; fileEncoding = 4; lastKnownFileType = sourcecode.c.h; path = "UIFont+GuessItFonts.h"; sourceTree = "<group>"; };
		BFF9297217243EF900F230C6 /* UIFont+GuessItFonts.m */ = {isa = PBXFileReference; fileEncoding = 4; lastKnownFileType = sourcecode.c.objc; path = "UIFont+GuessItFonts.m"; sourceTree = "<group>"; };
		BFF92974172443AC00F230C6 /* GIShineLabel.h */ = {isa = PBXFileReference; fileEncoding = 4; lastKnownFileType = sourcecode.c.h; path = GIShineLabel.h; sourceTree = "<group>"; };
		BFF92975172443AC00F230C6 /* GIShineLabel.m */ = {isa = PBXFileReference; fileEncoding = 4; lastKnownFileType = sourcecode.c.objc; path = GIShineLabel.m; sourceTree = "<group>"; };
		BFF9E72B1727F44A003B4385 /* GIOptionsViewController.h */ = {isa = PBXFileReference; fileEncoding = 4; lastKnownFileType = sourcecode.c.h; path = GIOptionsViewController.h; sourceTree = "<group>"; };
		BFF9E72C1727F44A003B4385 /* GIOptionsViewController.m */ = {isa = PBXFileReference; fileEncoding = 4; lastKnownFileType = sourcecode.c.objc; path = GIOptionsViewController.m; sourceTree = "<group>"; };
		BFF9E7311727F599003B4385 /* GIKeypadView.h */ = {isa = PBXFileReference; fileEncoding = 4; lastKnownFileType = sourcecode.c.h; path = GIKeypadView.h; sourceTree = "<group>"; };
		BFF9E7321727F599003B4385 /* GIKeypadView.m */ = {isa = PBXFileReference; fileEncoding = 4; lastKnownFileType = sourcecode.c.objc; path = GIKeypadView.m; sourceTree = "<group>"; };
		BFF9E7371727F815003B4385 /* NSString+RandomString.h */ = {isa = PBXFileReference; fileEncoding = 4; lastKnownFileType = sourcecode.c.h; path = "NSString+RandomString.h"; sourceTree = "<group>"; };
		BFF9E7381727F815003B4385 /* NSString+RandomString.m */ = {isa = PBXFileReference; fileEncoding = 4; lastKnownFileType = sourcecode.c.objc; path = "NSString+RandomString.m"; sourceTree = "<group>"; };
		BFFC5011172A9ACD008DC742 /* UIView+SizingAndPositioning.h */ = {isa = PBXFileReference; fileEncoding = 4; lastKnownFileType = sourcecode.c.h; path = "UIView+SizingAndPositioning.h"; sourceTree = "<group>"; };
		BFFC5012172A9ACD008DC742 /* UIView+SizingAndPositioning.m */ = {isa = PBXFileReference; fileEncoding = 4; lastKnownFileType = sourcecode.c.objc; path = "UIView+SizingAndPositioning.m"; sourceTree = "<group>"; };
/* End PBXFileReference section */

/* Begin PBXFrameworksBuildPhase section */
		BFAD126016F136A100F6D429 /* Frameworks */ = {
			isa = PBXFrameworksBuildPhase;
			buildActionMask = 2147483647;
			files = (
				BFAD126716F136A100F6D429 /* UIKit.framework in Frameworks */,
				BFAD126916F136A100F6D429 /* Foundation.framework in Frameworks */,
				BFAD126B16F136A100F6D429 /* CoreGraphics.framework in Frameworks */,
				22089BA97554462C80199B37 /* libPods.a in Frameworks */,
			);
			runOnlyForDeploymentPostprocessing = 0;
		};
		BFAD128516F136A200F6D429 /* Frameworks */ = {
			isa = PBXFrameworksBuildPhase;
			buildActionMask = 2147483647;
			files = (
				BFAD128B16F136A200F6D429 /* SenTestingKit.framework in Frameworks */,
				BFAD128C16F136A200F6D429 /* UIKit.framework in Frameworks */,
				BFAD128D16F136A200F6D429 /* Foundation.framework in Frameworks */,
			);
			runOnlyForDeploymentPostprocessing = 0;
		};
/* End PBXFrameworksBuildPhase section */

/* Begin PBXGroup section */
		BF41EA91170BB48D006540E7 /* Categories */ = {
			isa = PBXGroup;
			children = (
				BF6943B9171CA244000F74E0 /* GIItem+PrettyDescription.h */,
				BF6943BA171CA244000F74E0 /* GIItem+PrettyDescription.m */,
				BF41EA92170BB4A0006540E7 /* GILevel+Factory.h */,
				BF41EA93170BB4A0006540E7 /* GILevel+Factory.m */,
				BF6943BC171CA2AD000F74E0 /* GILevel+PrettyDescription.h */,
				BF6943BD171CA2AD000F74E0 /* GILevel+PrettyDescription.m */,
				BFF9E7371727F815003B4385 /* NSString+RandomString.h */,
				BFF9E7381727F815003B4385 /* NSString+RandomString.m */,
				BFF9297117243EF900F230C6 /* UIFont+GuessItFonts.h */,
				BFF9297217243EF900F230C6 /* UIFont+GuessItFonts.m */,
				BFFC5011172A9ACD008DC742 /* UIView+SizingAndPositioning.h */,
				BFFC5012172A9ACD008DC742 /* UIView+SizingAndPositioning.m */,
				BF1835E9172DC49D00E2CB5F /* UIImage+FromColor.h */,
				BF1835EA172DC49D00E2CB5F /* UIImage+FromColor.m */,
			);
			name = Categories;
			path = categories;
			sourceTree = "<group>";
		};
		BF86A52C174B068A002A0FBD /* Delegate */ = {
			isa = PBXGroup;
			children = (
				BF86A52D174B06A1002A0FBD /* GIInputViewDelegate.h */,
			);
			name = Delegate;
			path = delegate;
			sourceTree = "<group>";
		};
		BF91795B1724716D00B136E2 /* icons */ = {
			isa = PBXGroup;
			children = (
				BF9179601724716D00B136E2 /* Icon-Small.png */,
				BF9179611724716D00B136E2 /* Icon-Small@2x.png */,
				BF9179621724716D00B136E2 /* Icon.png */,
				BF9179631724716D00B136E2 /* Icon@2x.png */,
				BF9179641724716D00B136E2 /* iTunesArtwork.png */,
				BF9179651724716D00B136E2 /* iTunesArtwork@2x.png */,
			);
			path = icons;
			sourceTree = "<group>";
		};
		BFAD125A16F136A100F6D429 = {
			isa = PBXGroup;
			children = (
				BFAD126C16F136A100F6D429 /* GuessItBSI */,
				BFAD129016F136A200F6D429 /* GuessItBSITests */,
				BFF9290E17243E0300F230C6 /* Resources */,
				BFAD126516F136A100F6D429 /* Frameworks */,
				BFAD126416F136A100F6D429 /* Products */,
				BD30177A3D9541AEB54F865D /* Pods.xcconfig */,
			);
			sourceTree = "<group>";
		};
		BFAD126416F136A100F6D429 /* Products */ = {
			isa = PBXGroup;
			children = (
				BFAD126316F136A100F6D429 /* GuessItBSI.app */,
				BFAD128916F136A200F6D429 /* GuessItBSITests.octest */,
			);
			name = Products;
			sourceTree = "<group>";
		};
		BFAD126516F136A100F6D429 /* Frameworks */ = {
			isa = PBXGroup;
			children = (
				BFAD126616F136A100F6D429 /* UIKit.framework */,
				BFAD126816F136A100F6D429 /* Foundation.framework */,
				BFAD126A16F136A100F6D429 /* CoreGraphics.framework */,
				BFAD128A16F136A200F6D429 /* SenTestingKit.framework */,
				62620204B775499F949AB190 /* libPods.a */,
			);
			name = Frameworks;
			sourceTree = "<group>";
		};
		BFAD126C16F136A100F6D429 /* GuessItBSI */ = {
			isa = PBXGroup;
			children = (
				BFAD12A116F1376600F6D429 /* Controller */,
				BFAD12A616F1376600F6D429 /* Model */,
				BFAD12AC16F1376600F6D429 /* View */,
				BF86A52C174B068A002A0FBD /* Delegate */,
				BF41EA91170BB48D006540E7 /* Categories */,
				BFAD12A716F1376600F6D429 /* Other */,
				BFAD127E16F136A200F6D429 /* MainStoryboard.storyboard */,
				BFAD126D16F136A100F6D429 /* Supporting Files */,
			);
			path = GuessItBSI;
			sourceTree = "<group>";
		};
		BFAD126D16F136A100F6D429 /* Supporting Files */ = {
			isa = PBXGroup;
			children = (
				BFAD126E16F136A100F6D429 /* GuessItBSI-Info.plist */,
				BFAD126F16F136A100F6D429 /* InfoPlist.strings */,
			);
			name = "Supporting Files";
			sourceTree = "<group>";
		};
		BFAD129016F136A200F6D429 /* GuessItBSITests */ = {
			isa = PBXGroup;
			children = (
				BFAD129616F136A200F6D429 /* GuessItBSITests.h */,
				BFAD129716F136A200F6D429 /* GuessItBSITests.m */,
				BFAD129116F136A200F6D429 /* Supporting Files */,
			);
			path = GuessItBSITests;
			sourceTree = "<group>";
		};
		BFAD129116F136A200F6D429 /* Supporting Files */ = {
			isa = PBXGroup;
			children = (
				BFAD129216F136A200F6D429 /* GuessItBSITests-Info.plist */,
				BFAD129316F136A200F6D429 /* InfoPlist.strings */,
			);
			name = "Supporting Files";
			sourceTree = "<group>";
		};
		BFAD12A116F1376600F6D429 /* Controller */ = {
			isa = PBXGroup;
			children = (
				BF1F29B4170761D400A83FE3 /* GIItemViewController.h */,
				BF1F29B5170761D400A83FE3 /* GIItemViewController.m */,
				BF1F29991702477000A83FE3 /* GILevelsViewController.h */,
				BF1F299A1702477000A83FE3 /* GILevelsViewController.m */,
				BFBDD2101701092000F5698E /* GIMainViewController.h */,
				BFBDD2111701092000F5698E /* GIMainViewController.m */,
				BFF9E72B1727F44A003B4385 /* GIOptionsViewController.h */,
				BFF9E72C1727F44A003B4385 /* GIOptionsViewController.m */,
				BF1F29B11707617700A83FE3 /* GIViewController.h */,
				BF1F29B21707617700A83FE3 /* GIViewController.m */,
			);
			name = Controller;
			path = controller;
			sourceTree = "<group>";
		};
		BFAD12A616F1376600F6D429 /* Model */ = {
			isa = PBXGroup;
			children = (
				BF1F29AE1707347800A83FE3 /* GIItem.h */,
				BF1F29AF1707347800A83FE3 /* GIItem.m */,
				BF1F2996170246F800A83FE3 /* GILevel.h */,
				BF1F2997170246F800A83FE3 /* GILevel.m */,
			);
			name = Model;
			path = model;
			sourceTree = "<group>";
		};
		BFAD12A716F1376600F6D429 /* Other */ = {
			isa = PBXGroup;
			children = (
				BFAD12A816F1376600F6D429 /* GIAppDelegate.h */,
				BFAD12A916F1376600F6D429 /* GIAppDelegate.m */,
				BFF5A2E4171EB74E00F401B3 /* GIDefinitions.h */,
				BFAD12AA16F1376600F6D429 /* GuessItBSI-Prefix.pch */,
				BFAD12AB16F1376600F6D429 /* main.m */,
			);
			name = Other;
			path = other;
			sourceTree = "<group>";
		};
		BFAD12AC16F1376600F6D429 /* View */ = {
			isa = PBXGroup;
			children = (
				BF1835E0172D439000E2CB5F /* GIAnswerView.h */,
				BF1835E1172D439000E2CB5F /* GIAnswerView.m */,
				BF1835DD172D3E9E00E2CB5F /* GIInputView.h */,
				BF1835DE172D3E9E00E2CB5F /* GIInputView.m */,
				BF1835DA172CB0E500E2CB5F /* GIItemView.h */,
				BF1835DB172CB0E500E2CB5F /* GIItemView.m */,
				BF1F29A3170634BB00A83FE3 /* GILevelCell.h */,
				BF1F29A4170634BB00A83FE3 /* GILevelCell.m */,
				BF1835E6172DB8F600E2CB5F /* GILetterView.h */,
				BF1835E7172DB8F600E2CB5F /* GILetterView.m */,
				BFF9E7311727F599003B4385 /* GIKeypadView.h */,
				BFF9E7321727F599003B4385 /* GIKeypadView.m */,
				BF1835EC172DEA1100E2CB5F /* GIPlaceholderView.h */,
				BF1835ED172DEA1200E2CB5F /* GIPlaceholderView.m */,
				BFF92974172443AC00F230C6 /* GIShineLabel.h */,
				BFF92975172443AC00F230C6 /* GIShineLabel.m */,
				BF1835D3172C3D1D00E2CB5F /* GINavigationBar.h */,
				BF1835D4172C3D1D00E2CB5F /* GINavigationBar.m */,
			);
			name = View;
			path = view;
			sourceTree = "<group>";
		};
		BFF9290E17243E0300F230C6 /* Resources */ = {
			isa = PBXGroup;
			children = (
				BFF9296E17243E1900F230C6 /* fonts */,
				BFF9290F17243E0300F230C6 /* images */,
			);
			path = Resources;
			sourceTree = "<group>";
		};
		BFF9290F17243E0300F230C6 /* images */ = {
			isa = PBXGroup;
			children = (
				BFF9291017243E0300F230C6 /* Default-568h@2x.png */,
				BFF9291117243E0300F230C6 /* Default.png */,
				BFF9291217243E0300F230C6 /* Default@2x.png */,
				BFF9291317243E0300F230C6 /* guessing items */,
				BF91795B1724716D00B136E2 /* icons */,
				BF91795717244A8200B136E2 /* shine_mask@2x.png */,
				BFF9293917243E0300F230C6 /* ico_accessory_view.png */,
				BFF9293A17243E0300F230C6 /* ico_accessory_view@2x.png */,
				BFF9293B17243E0300F230C6 /* ico_back.png */,
				BFF9293C17243E0300F230C6 /* ico_back@2x.png */,
				BFF9293D17243E0300F230C6 /* ico_more.png */,
				BFF9293E17243E0300F230C6 /* ico_more@2x.png */,
				BFF9293F17243E0300F230C6 /* ico_reload.png */,
				BFF9294017243E0300F230C6 /* ico_reload@2x.png */,
			);
			path = images;
			sourceTree = "<group>";
		};
		BFF9291317243E0300F230C6 /* guessing items */ = {
			isa = PBXGroup;
			children = (
				BFF9291417243E0300F230C6 /* db */,
				BFF9291B17243E0300F230C6 /* framework */,
				BFF9292317243E0300F230C6 /* guessing items.txt */,
				BFF9292417243E0300F230C6 /* ide */,
				BFF9292D17243E0300F230C6 /* programming languages */,
				BFF9293217243E0300F230C6 /* tools */,
			);
			path = "guessing items";
			sourceTree = "<group>";
		};
		BFF9291417243E0300F230C6 /* db */ = {
			isa = PBXGroup;
			children = (
				BFF9291517243E0300F230C6 /* 001.png */,
				BFF9291617243E0300F230C6 /* 002.png */,
				BFF9291717243E0300F230C6 /* 003.png */,
				BFF9291817243E0300F230C6 /* 004.png */,
				BFF9291917243E0300F230C6 /* 005.png */,
				BFF9291A17243E0300F230C6 /* 006.png */,
			);
			path = db;
			sourceTree = "<group>";
		};
		BFF9291B17243E0300F230C6 /* framework */ = {
			isa = PBXGroup;
			children = (
				BFF9291C17243E0300F230C6 /* 007.png */,
				BFF9291D17243E0300F230C6 /* 008.png */,
				BFF9291E17243E0300F230C6 /* 009.png */,
				BFF9291F17243E0300F230C6 /* 010.png */,
				BFF9292017243E0300F230C6 /* 011.png */,
				BFF9292117243E0300F230C6 /* 012.png */,
				BFF9292217243E0300F230C6 /* 013.png */,
			);
			path = framework;
			sourceTree = "<group>";
		};
		BFF9292417243E0300F230C6 /* ide */ = {
			isa = PBXGroup;
			children = (
				BFF9292517243E0300F230C6 /* 014.png */,
				BFF9292617243E0300F230C6 /* 015.png */,
				BFF9292717243E0300F230C6 /* 016.png */,
				BFF9292817243E0300F230C6 /* 017.png */,
				BFF9292917243E0300F230C6 /* 018.png */,
				BFF9292A17243E0300F230C6 /* 023.png */,
				BFF9292B17243E0300F230C6 /* 024.png */,
				BFF9292C17243E0300F230C6 /* 025.png */,
			);
			path = ide;
			sourceTree = "<group>";
		};
		BFF9292D17243E0300F230C6 /* programming languages */ = {
			isa = PBXGroup;
			children = (
				BFF9292E17243E0300F230C6 /* 019.png */,
				BFF9292F17243E0300F230C6 /* 020.png */,
				BFF9293017243E0300F230C6 /* 021.png */,
				BFF9293117243E0300F230C6 /* 022.png */,
			);
			path = "programming languages";
			sourceTree = "<group>";
		};
		BFF9293217243E0300F230C6 /* tools */ = {
			isa = PBXGroup;
			children = (
				BFF9293317243E0300F230C6 /* 026.png */,
				BFF9293417243E0300F230C6 /* 027.png */,
				BFF9293517243E0300F230C6 /* 028.png */,
				BFF9293617243E0300F230C6 /* 029.png */,
				BFF9293717243E0300F230C6 /* 030.png */,
				BFF9293817243E0300F230C6 /* 031.png */,
			);
			path = tools;
			sourceTree = "<group>";
		};
		BFF9296E17243E1900F230C6 /* fonts */ = {
			isa = PBXGroup;
			children = (
				BFF9296F17243E1900F230C6 /* Lobster.ttf */,
			);
			path = fonts;
			sourceTree = "<group>";
		};
/* End PBXGroup section */

/* Begin PBXNativeTarget section */
		BFAD126216F136A100F6D429 /* GuessItBSI */ = {
			isa = PBXNativeTarget;
			buildConfigurationList = BFAD129B16F136A200F6D429 /* Build configuration list for PBXNativeTarget "GuessItBSI" */;
			buildPhases = (
				BFAD125F16F136A100F6D429 /* Sources */,
				BFAD126016F136A100F6D429 /* Frameworks */,
				BFAD126116F136A100F6D429 /* Resources */,
				0001E6E06D584022AC208D44 /* Copy Pods Resources */,
			);
			buildRules = (
			);
			dependencies = (
			);
			name = GuessItBSI;
			productName = GuessItBSI;
			productReference = BFAD126316F136A100F6D429 /* GuessItBSI.app */;
			productType = "com.apple.product-type.application";
		};
		BFAD128816F136A200F6D429 /* GuessItBSITests */ = {
			isa = PBXNativeTarget;
			buildConfigurationList = BFAD129E16F136A200F6D429 /* Build configuration list for PBXNativeTarget "GuessItBSITests" */;
			buildPhases = (
				BFAD128416F136A200F6D429 /* Sources */,
				BFAD128516F136A200F6D429 /* Frameworks */,
				BFAD128616F136A200F6D429 /* Resources */,
				BFAD128716F136A200F6D429 /* ShellScript */,
			);
			buildRules = (
			);
			dependencies = (
				BFAD128F16F136A200F6D429 /* PBXTargetDependency */,
			);
			name = GuessItBSITests;
			productName = GuessItBSITests;
			productReference = BFAD128916F136A200F6D429 /* GuessItBSITests.octest */;
			productType = "com.apple.product-type.bundle";
		};
/* End PBXNativeTarget section */

/* Begin PBXProject section */
		BFAD125B16F136A100F6D429 /* Project object */ = {
			isa = PBXProject;
			attributes = {
				CLASSPREFIX = GI;
				LastUpgradeCheck = 0460;
				ORGANIZATIONNAME = "Marlon Andrade";
			};
			buildConfigurationList = BFAD125E16F136A100F6D429 /* Build configuration list for PBXProject "GuessItBSI" */;
			compatibilityVersion = "Xcode 3.2";
			developmentRegion = English;
			hasScannedForEncodings = 0;
			knownRegions = (
				en,
			);
			mainGroup = BFAD125A16F136A100F6D429;
			productRefGroup = BFAD126416F136A100F6D429 /* Products */;
			projectDirPath = "";
			projectRoot = "";
			targets = (
				BFAD126216F136A100F6D429 /* GuessItBSI */,
				BFAD128816F136A200F6D429 /* GuessItBSITests */,
			);
		};
/* End PBXProject section */

/* Begin PBXResourcesBuildPhase section */
		BFAD126116F136A100F6D429 /* Resources */ = {
			isa = PBXResourcesBuildPhase;
			buildActionMask = 2147483647;
			files = (
				BFAD127116F136A100F6D429 /* InfoPlist.strings in Resources */,
				BFAD128016F136A200F6D429 /* MainStoryboard.storyboard in Resources */,
				BFF9294217243E0300F230C6 /* Default-568h@2x.png in Resources */,
				BFF9294317243E0300F230C6 /* Default.png in Resources */,
				BFF9294417243E0300F230C6 /* Default@2x.png in Resources */,
				BFF9294517243E0300F230C6 /* 001.png in Resources */,
				BFF9294617243E0300F230C6 /* 002.png in Resources */,
				BFF9294717243E0300F230C6 /* 003.png in Resources */,
				BFF9294817243E0300F230C6 /* 004.png in Resources */,
				BFF9294917243E0300F230C6 /* 005.png in Resources */,
				BFF9294A17243E0300F230C6 /* 006.png in Resources */,
				BFF9294B17243E0300F230C6 /* 007.png in Resources */,
				BFF9294C17243E0300F230C6 /* 008.png in Resources */,
				BFF9294D17243E0300F230C6 /* 009.png in Resources */,
				BFF9294E17243E0300F230C6 /* 010.png in Resources */,
				BFF9294F17243E0300F230C6 /* 011.png in Resources */,
				BFF9295017243E0300F230C6 /* 012.png in Resources */,
				BFF9295117243E0300F230C6 /* 013.png in Resources */,
				BFF9295217243E0300F230C6 /* guessing items.txt in Resources */,
				BFF9295317243E0300F230C6 /* 014.png in Resources */,
				BFF9295417243E0300F230C6 /* 015.png in Resources */,
				BFF9295517243E0300F230C6 /* 016.png in Resources */,
				BFF9295617243E0300F230C6 /* 017.png in Resources */,
				BFF9295717243E0300F230C6 /* 018.png in Resources */,
				BFF9295817243E0300F230C6 /* 023.png in Resources */,
				BFF9295917243E0300F230C6 /* 024.png in Resources */,
				BFF9295A17243E0300F230C6 /* 025.png in Resources */,
				BFF9295B17243E0300F230C6 /* 019.png in Resources */,
				BFF9295C17243E0300F230C6 /* 020.png in Resources */,
				BFF9295D17243E0300F230C6 /* 021.png in Resources */,
				BFF9295E17243E0300F230C6 /* 022.png in Resources */,
				BFF9295F17243E0300F230C6 /* 026.png in Resources */,
				BFF9296017243E0300F230C6 /* 027.png in Resources */,
				BFF9296117243E0300F230C6 /* 028.png in Resources */,
				BFF9296217243E0300F230C6 /* 029.png in Resources */,
				BFF9296317243E0300F230C6 /* 030.png in Resources */,
				BFF9296417243E0300F230C6 /* 031.png in Resources */,
				BFF9296517243E0300F230C6 /* ico_accessory_view.png in Resources */,
				BFF9296617243E0300F230C6 /* ico_accessory_view@2x.png in Resources */,
				BFF9296717243E0300F230C6 /* ico_back.png in Resources */,
				BFF9296817243E0300F230C6 /* ico_back@2x.png in Resources */,
				BFF9296917243E0300F230C6 /* ico_more.png in Resources */,
				BFF9296A17243E0300F230C6 /* ico_more@2x.png in Resources */,
				BFF9296B17243E0300F230C6 /* ico_reload.png in Resources */,
				BFF9296C17243E0300F230C6 /* ico_reload@2x.png in Resources */,
				BFF9297017243E1900F230C6 /* Lobster.ttf in Resources */,
				BF91795817244A8200B136E2 /* shine_mask@2x.png in Resources */,
				BF91796A1724716D00B136E2 /* Icon-Small.png in Resources */,
				BF91796B1724716D00B136E2 /* Icon-Small@2x.png in Resources */,
				BF91796C1724716D00B136E2 /* Icon.png in Resources */,
				BF91796D1724716D00B136E2 /* Icon@2x.png in Resources */,
				BF91796E1724716D00B136E2 /* iTunesArtwork.png in Resources */,
				BF91796F1724716D00B136E2 /* iTunesArtwork@2x.png in Resources */,
			);
			runOnlyForDeploymentPostprocessing = 0;
		};
		BFAD128616F136A200F6D429 /* Resources */ = {
			isa = PBXResourcesBuildPhase;
			buildActionMask = 2147483647;
			files = (
				BFAD129516F136A200F6D429 /* InfoPlist.strings in Resources */,
			);
			runOnlyForDeploymentPostprocessing = 0;
		};
/* End PBXResourcesBuildPhase section */

/* Begin PBXShellScriptBuildPhase section */
		0001E6E06D584022AC208D44 /* Copy Pods Resources */ = {
			isa = PBXShellScriptBuildPhase;
			buildActionMask = 2147483647;
			files = (
			);
			inputPaths = (
			);
			name = "Copy Pods Resources";
			outputPaths = (
			);
			runOnlyForDeploymentPostprocessing = 0;
			shellPath = /bin/sh;
			shellScript = "\"${SRCROOT}/Pods/Pods-resources.sh\"\n";
		};
		BFAD128716F136A200F6D429 /* ShellScript */ = {
			isa = PBXShellScriptBuildPhase;
			buildActionMask = 2147483647;
			files = (
			);
			inputPaths = (
			);
			outputPaths = (
			);
			runOnlyForDeploymentPostprocessing = 0;
			shellPath = /bin/sh;
			shellScript = "# Run the unit tests in this test bundle.\n\"${SYSTEM_DEVELOPER_DIR}/Tools/RunUnitTests\"\n";
		};
/* End PBXShellScriptBuildPhase section */

/* Begin PBXSourcesBuildPhase section */
		BFAD125F16F136A100F6D429 /* Sources */ = {
			isa = PBXSourcesBuildPhase;
			buildActionMask = 2147483647;
			files = (
				BFAD12B016F1376600F6D429 /* GIAppDelegate.m in Sources */,
				BFAD12B116F1376600F6D429 /* main.m in Sources */,
				BFBDD2121701092000F5698E /* GIMainViewController.m in Sources */,
				BF1F2998170246F800A83FE3 /* GILevel.m in Sources */,
				BF1F299B1702477000A83FE3 /* GILevelsViewController.m in Sources */,
				BF1F29A5170634BB00A83FE3 /* GILevelCell.m in Sources */,
				BF1F29B01707347900A83FE3 /* GIItem.m in Sources */,
				BF1F29B31707617700A83FE3 /* GIViewController.m in Sources */,
				BF1F29B6170761D400A83FE3 /* GIItemViewController.m in Sources */,
				BF41EA94170BB4A0006540E7 /* GILevel+Factory.m in Sources */,
				BF6943BB171CA244000F74E0 /* GIItem+PrettyDescription.m in Sources */,
				BF6943BE171CA2AD000F74E0 /* GILevel+PrettyDescription.m in Sources */,
				BFF9297317243EF900F230C6 /* UIFont+GuessItFonts.m in Sources */,
				BFF92976172443AC00F230C6 /* GIShineLabel.m in Sources */,
				BFF9E72D1727F44A003B4385 /* GIOptionsViewController.m in Sources */,
				BFF9E7331727F599003B4385 /* GIKeypadView.m in Sources */,
				BFF9E7391727F815003B4385 /* NSString+RandomString.m in Sources */,
				BFFC5013172A9ACD008DC742 /* UIView+SizingAndPositioning.m in Sources */,
				BF1835D5172C3D1D00E2CB5F /* GINavigationBar.m in Sources */,
				BF1835DC172CB0E500E2CB5F /* GIItemView.m in Sources */,
				BF1835DF172D3E9E00E2CB5F /* GIInputView.m in Sources */,
				BF1835E2172D439000E2CB5F /* GIAnswerView.m in Sources */,
				BF1835E8172DB8F600E2CB5F /* GILetterView.m in Sources */,
				BF1835EB172DC49D00E2CB5F /* UIImage+FromColor.m in Sources */,
				BF1835EE172DEA1200E2CB5F /* GIPlaceholderView.m in Sources */,
			);
			runOnlyForDeploymentPostprocessing = 0;
		};
		BFAD128416F136A200F6D429 /* Sources */ = {
			isa = PBXSourcesBuildPhase;
			buildActionMask = 2147483647;
			files = (
				BFAD129816F136A200F6D429 /* GuessItBSITests.m in Sources */,
			);
			runOnlyForDeploymentPostprocessing = 0;
		};
/* End PBXSourcesBuildPhase section */

/* Begin PBXTargetDependency section */
		BFAD128F16F136A200F6D429 /* PBXTargetDependency */ = {
			isa = PBXTargetDependency;
			target = BFAD126216F136A100F6D429 /* GuessItBSI */;
			targetProxy = BFAD128E16F136A200F6D429 /* PBXContainerItemProxy */;
		};
/* End PBXTargetDependency section */

/* Begin PBXVariantGroup section */
		BFAD126F16F136A100F6D429 /* InfoPlist.strings */ = {
			isa = PBXVariantGroup;
			children = (
				BFAD127016F136A100F6D429 /* en */,
			);
			name = InfoPlist.strings;
			sourceTree = "<group>";
		};
		BFAD127E16F136A200F6D429 /* MainStoryboard.storyboard */ = {
			isa = PBXVariantGroup;
			children = (
				BFAD127F16F136A200F6D429 /* en */,
			);
			name = MainStoryboard.storyboard;
			sourceTree = "<group>";
		};
		BFAD129316F136A200F6D429 /* InfoPlist.strings */ = {
			isa = PBXVariantGroup;
			children = (
				BFAD129416F136A200F6D429 /* en */,
			);
			name = InfoPlist.strings;
			sourceTree = "<group>";
		};
/* End PBXVariantGroup section */

/* Begin XCBuildConfiguration section */
		BFAD129916F136A200F6D429 /* Debug */ = {
			isa = XCBuildConfiguration;
			buildSettings = {
				ALWAYS_SEARCH_USER_PATHS = NO;
				CLANG_CXX_LANGUAGE_STANDARD = "gnu++0x";
				CLANG_CXX_LIBRARY = "libc++";
				CLANG_ENABLE_OBJC_ARC = YES;
				CLANG_WARN_CONSTANT_CONVERSION = YES;
				CLANG_WARN_EMPTY_BODY = YES;
				CLANG_WARN_ENUM_CONVERSION = YES;
				CLANG_WARN_INT_CONVERSION = YES;
				CLANG_WARN__DUPLICATE_METHOD_MATCH = YES;
				"CODE_SIGN_IDENTITY[sdk=iphoneos*]" = "iPhone Developer";
				COPY_PHASE_STRIP = NO;
				GCC_C_LANGUAGE_STANDARD = gnu99;
				GCC_DYNAMIC_NO_PIC = NO;
				GCC_OPTIMIZATION_LEVEL = 0;
				GCC_PREPROCESSOR_DEFINITIONS = (
					"DEBUG=1",
					"$(inherited)",
				);
				GCC_SYMBOLS_PRIVATE_EXTERN = NO;
				GCC_WARN_ABOUT_RETURN_TYPE = YES;
				GCC_WARN_UNINITIALIZED_AUTOS = YES;
				GCC_WARN_UNUSED_VARIABLE = YES;
				IPHONEOS_DEPLOYMENT_TARGET = 6.1;
				ONLY_ACTIVE_ARCH = YES;
				SDKROOT = iphoneos;
			};
			name = Debug;
		};
		BFAD129A16F136A200F6D429 /* Release */ = {
			isa = XCBuildConfiguration;
			buildSettings = {
				ALWAYS_SEARCH_USER_PATHS = NO;
				CLANG_CXX_LANGUAGE_STANDARD = "gnu++0x";
				CLANG_CXX_LIBRARY = "libc++";
				CLANG_ENABLE_OBJC_ARC = YES;
				CLANG_WARN_CONSTANT_CONVERSION = YES;
				CLANG_WARN_EMPTY_BODY = YES;
				CLANG_WARN_ENUM_CONVERSION = YES;
				CLANG_WARN_INT_CONVERSION = YES;
				CLANG_WARN__DUPLICATE_METHOD_MATCH = YES;
				"CODE_SIGN_IDENTITY[sdk=iphoneos*]" = "iPhone Developer";
				COPY_PHASE_STRIP = YES;
				GCC_C_LANGUAGE_STANDARD = gnu99;
				GCC_WARN_ABOUT_RETURN_TYPE = YES;
				GCC_WARN_UNINITIALIZED_AUTOS = YES;
				GCC_WARN_UNUSED_VARIABLE = YES;
				IPHONEOS_DEPLOYMENT_TARGET = 6.1;
				OTHER_CFLAGS = "-DNS_BLOCK_ASSERTIONS=1";
				SDKROOT = iphoneos;
				VALIDATE_PRODUCT = YES;
			};
			name = Release;
		};
		BFAD129C16F136A200F6D429 /* Debug */ = {
			isa = XCBuildConfiguration;
			baseConfigurationReference = BD30177A3D9541AEB54F865D /* Pods.xcconfig */;
			buildSettings = {
				GCC_PRECOMPILE_PREFIX_HEADER = YES;
				GCC_PREFIX_HEADER = "GuessItBSI/other/GuessItBSI-Prefix.pch";
				INFOPLIST_FILE = "GuessItBSI/GuessItBSI-Info.plist";
				IPHONEOS_DEPLOYMENT_TARGET = 6.0;
				PRODUCT_NAME = "$(TARGET_NAME)";
				WRAPPER_EXTENSION = app;
			};
			name = Debug;
		};
		BFAD129D16F136A200F6D429 /* Release */ = {
			isa = XCBuildConfiguration;
			baseConfigurationReference = BD30177A3D9541AEB54F865D /* Pods.xcconfig */;
			buildSettings = {
				GCC_PRECOMPILE_PREFIX_HEADER = YES;
				GCC_PREFIX_HEADER = "GuessItBSI/other/GuessItBSI-Prefix.pch";
				INFOPLIST_FILE = "GuessItBSI/GuessItBSI-Info.plist";
				IPHONEOS_DEPLOYMENT_TARGET = 6.0;
				PRODUCT_NAME = "$(TARGET_NAME)";
				WRAPPER_EXTENSION = app;
			};
			name = Release;
		};
		BFAD129F16F136A200F6D429 /* Debug */ = {
			isa = XCBuildConfiguration;
			buildSettings = {
				BUNDLE_LOADER = "$(BUILT_PRODUCTS_DIR)/GuessItBSI.app/GuessItBSI";
				FRAMEWORK_SEARCH_PATHS = (
					"\"$(SDKROOT)/Developer/Library/Frameworks\"",
					"\"$(DEVELOPER_LIBRARY_DIR)/Frameworks\"",
				);
				GCC_PRECOMPILE_PREFIX_HEADER = YES;
				GCC_PREFIX_HEADER = "GuessItBSI/GuessItBSI-Prefix.pch";
				INFOPLIST_FILE = "GuessItBSITests/GuessItBSITests-Info.plist";
				PRODUCT_NAME = "$(TARGET_NAME)";
				TEST_HOST = "$(BUNDLE_LOADER)";
				WRAPPER_EXTENSION = octest;
			};
			name = Debug;
		};
		BFAD12A016F136A200F6D429 /* Release */ = {
			isa = XCBuildConfiguration;
			buildSettings = {
				BUNDLE_LOADER = "$(BUILT_PRODUCTS_DIR)/GuessItBSI.app/GuessItBSI";
				FRAMEWORK_SEARCH_PATHS = (
					"\"$(SDKROOT)/Developer/Library/Frameworks\"",
					"\"$(DEVELOPER_LIBRARY_DIR)/Frameworks\"",
				);
				GCC_PRECOMPILE_PREFIX_HEADER = YES;
				GCC_PREFIX_HEADER = "GuessItBSI/GuessItBSI-Prefix.pch";
				INFOPLIST_FILE = "GuessItBSITests/GuessItBSITests-Info.plist";
				PRODUCT_NAME = "$(TARGET_NAME)";
				TEST_HOST = "$(BUNDLE_LOADER)";
				WRAPPER_EXTENSION = octest;
			};
			name = Release;
		};
/* End XCBuildConfiguration section */

/* Begin XCConfigurationList section */
		BFAD125E16F136A100F6D429 /* Build configuration list for PBXProject "GuessItBSI" */ = {
			isa = XCConfigurationList;
			buildConfigurations = (
				BFAD129916F136A200F6D429 /* Debug */,
				BFAD129A16F136A200F6D429 /* Release */,
			);
			defaultConfigurationIsVisible = 0;
			defaultConfigurationName = Release;
		};
		BFAD129B16F136A200F6D429 /* Build configuration list for PBXNativeTarget "GuessItBSI" */ = {
			isa = XCConfigurationList;
			buildConfigurations = (
				BFAD129C16F136A200F6D429 /* Debug */,
				BFAD129D16F136A200F6D429 /* Release */,
			);
			defaultConfigurationIsVisible = 0;
			defaultConfigurationName = Release;
		};
		BFAD129E16F136A200F6D429 /* Build configuration list for PBXNativeTarget "GuessItBSITests" */ = {
			isa = XCConfigurationList;
			buildConfigurations = (
				BFAD129F16F136A200F6D429 /* Debug */,
				BFAD12A016F136A200F6D429 /* Release */,
			);
			defaultConfigurationIsVisible = 0;
			defaultConfigurationName = Release;
		};
/* End XCConfigurationList section */
	};
	rootObject = BFAD125B16F136A100F6D429 /* Project object */;
}
