// !$*UTF8*$!
{
	archiveVersion = 1;
	classes = {
	};
	objectVersion = 46;
	objects = {

/* Begin PBXBuildFile section */
		22089BA97554462C80199B37 /* libPods.a in Frameworks */ = {isa = PBXBuildFile; fileRef = 62620204B775499F949AB190 /* libPods.a */; };
		BF04BBEA17B3AE3300D83137 /* StoreKit.framework in Frameworks */ = {isa = PBXBuildFile; fileRef = BF04BBE917B3AE3300D83137 /* StoreKit.framework */; };
		BF04BBEC17B3AE3900D83137 /* AdSupport.framework in Frameworks */ = {isa = PBXBuildFile; fileRef = BF04BBEB17B3AE3800D83137 /* AdSupport.framework */; };
		BF04BBEE17B3AE4300D83137 /* CoreLocation.framework in Frameworks */ = {isa = PBXBuildFile; fileRef = BF04BBED17B3AE4300D83137 /* CoreLocation.framework */; };
		BF04BBF017B3AE4900D83137 /* MediaPlayer.framework in Frameworks */ = {isa = PBXBuildFile; fileRef = BF04BBEF17B3AE4900D83137 /* MediaPlayer.framework */; };
		BF0EFE77176BC929007CD06F /* GIUserInterface+Factory.m in Sources */ = {isa = PBXBuildFile; fileRef = BF0EFE76176BC929007CD06F /* GIUserInterface+Factory.m */; };
		BF1835D5172C3D1D00E2CB5F /* GINavigationBar.m in Sources */ = {isa = PBXBuildFile; fileRef = BF1835D4172C3D1D00E2CB5F /* GINavigationBar.m */; };
		BF1835EB172DC49D00E2CB5F /* UIImage+FromColor.m in Sources */ = {isa = PBXBuildFile; fileRef = BF1835EA172DC49D00E2CB5F /* UIImage+FromColor.m */; };
		BF1B484E17F852F1006A3DBC /* GIIAPManager.m in Sources */ = {isa = PBXBuildFile; fileRef = BF1B484D17F852F1006A3DBC /* GIIAPManager.m */; };
		BF1C462317AFBCF20042D149 /* GIAdManager.m in Sources */ = {isa = PBXBuildFile; fileRef = BF1C462217AFBCF20042D149 /* GIAdManager.m */; };
		BF1F29B01707347900A83FE3 /* GILevel.m in Sources */ = {isa = PBXBuildFile; fileRef = BF1F29AF1707347800A83FE3 /* GILevel.m */; };
		BF1F29B31707617700A83FE3 /* GIViewController.m in Sources */ = {isa = PBXBuildFile; fileRef = BF1F29B21707617700A83FE3 /* GIViewController.m */; };
		BF1F29B6170761D400A83FE3 /* GILevelViewController.m in Sources */ = {isa = PBXBuildFile; fileRef = BF1F29B5170761D400A83FE3 /* GILevelViewController.m */; };
		BF239B88179D462000005FCA /* GIHelpView.m in Sources */ = {isa = PBXBuildFile; fileRef = BF239B87179D462000005FCA /* GIHelpView.m */; };
		BF239B8C179E8E5200005FCA /* GIUserInterfaceElement.m in Sources */ = {isa = PBXBuildFile; fileRef = BF239B8B179E8E5200005FCA /* GIUserInterfaceElement.m */; };
		BF239B8F179E8F9800005FCA /* GIUserInterfaceElement+Factory.m in Sources */ = {isa = PBXBuildFile; fileRef = BF239B8E179E8F9800005FCA /* GIUserInterfaceElement+Factory.m */; };
		BF239B9217A1398300005FCA /* GISettingsViewController.m in Sources */ = {isa = PBXBuildFile; fileRef = BF239B9117A1398300005FCA /* GISettingsViewController.m */; };
		BF291E8C174ECA320066D5EF /* GIDefinitions.m in Sources */ = {isa = PBXBuildFile; fileRef = BF291E8B174ECA320066D5EF /* GIDefinitions.m */; };
		BF3DDBA1176D070B0055A388 /* main.m in Sources */ = {isa = PBXBuildFile; fileRef = BF3DDBA0176D070A0055A388 /* main.m */; };
		BF3DDBA4176D07230055A388 /* _GIAppDelegate.m in Sources */ = {isa = PBXBuildFile; fileRef = BF3DDBA3176D07230055A388 /* _GIAppDelegate.m */; };
		BF4D5E59180B737B0013C698 /* GILevelBackView.m in Sources */ = {isa = PBXBuildFile; fileRef = BF4D5E58180B737B0013C698 /* GILevelBackView.m */; };
		BF56593B176E6D3800F5198A /* GIModalPanel.m in Sources */ = {isa = PBXBuildFile; fileRef = BF56593A176E6D3800F5198A /* GIModalPanel.m */; };
		BF565941176E721400F5198A /* JotiOne-Regular.ttf in Resources */ = {isa = PBXBuildFile; fileRef = BF56593F176E721400F5198A /* JotiOne-Regular.ttf */; };
		BF565942176E721400F5198A /* Lobster.ttf in Resources */ = {isa = PBXBuildFile; fileRef = BF565940176E721400F5198A /* Lobster.ttf */; };
		BF62EB9117D940C2000B6A2C /* GIGameOverView.m in Sources */ = {isa = PBXBuildFile; fileRef = BF62EB9017D940C1000B6A2C /* GIGameOverView.m */; };
		BF659F6D1795675C00C99668 /* GICongratulationsView.m in Sources */ = {isa = PBXBuildFile; fileRef = BF99CD45176E317300CA2650 /* GICongratulationsView.m */; };
		BF659F721795AE5700C99668 /* GIConfiguration.m in Sources */ = {isa = PBXBuildFile; fileRef = BF659F711795AE5700C99668 /* GIConfiguration.m */; };
		BF659F751795AE6300C99668 /* GIUserInterface.m in Sources */ = {isa = PBXBuildFile; fileRef = BF659F741795AE6300C99668 /* GIUserInterface.m */; };
		BF659F781795AE7200C99668 /* GISound.m in Sources */ = {isa = PBXBuildFile; fileRef = BF659F771795AE7200C99668 /* GISound.m */; };
		BF68D0DA17B9ADA90006E331 /* libGoogleAdMobAdapter_MobFoxSDK_iOS_4.1.6.a in Frameworks */ = {isa = PBXBuildFile; fileRef = BF68D0D917B9ADA90006E331 /* libGoogleAdMobAdapter_MobFoxSDK_iOS_4.1.6.a */; };
		BF68D0DD17B9ADAF0006E331 /* libAdapterIAd.a in Frameworks */ = {isa = PBXBuildFile; fileRef = BF68D0DC17B9ADAF0006E331 /* libAdapterIAd.a */; };
		BF68D0DF17B9AE440006E331 /* iAd.framework in Frameworks */ = {isa = PBXBuildFile; fileRef = BF68D0DE17B9AE440006E331 /* iAd.framework */; };
		BF68D0E417B9B2020006E331 /* libAdapterSDKFlurryAppCircle.a in Frameworks */ = {isa = PBXBuildFile; fileRef = BF68D0E117B9B2020006E331 /* libAdapterSDKFlurryAppCircle.a */; };
		BF68D0E517B9B2020006E331 /* libFlurry_4.2.3.a in Frameworks */ = {isa = PBXBuildFile; fileRef = BF68D0E217B9B2020006E331 /* libFlurry_4.2.3.a */; };
		BF68D0E617B9B2020006E331 /* libFlurryAds_4.2.3.a in Frameworks */ = {isa = PBXBuildFile; fileRef = BF68D0E317B9B2020006E331 /* libFlurryAds_4.2.3.a */; };
		BF68D0E917BB18060006E331 /* social.strings in Resources */ = {isa = PBXBuildFile; fileRef = BF68D0E717BB18060006E331 /* social.strings */; };
		BF68D0ED17BB1FC10006E331 /* UIView+GuessIt.m in Sources */ = {isa = PBXBuildFile; fileRef = BF68D0EC17BB1FC10006E331 /* UIView+GuessIt.m */; };
		BF6943BB171CA244000F74E0 /* GILevel+PrettyDescription.m in Sources */ = {isa = PBXBuildFile; fileRef = BF6943BA171CA244000F74E0 /* GILevel+PrettyDescription.m */; };
		BF6943BE171CA2AD000F74E0 /* GIGame+PrettyDescription.m in Sources */ = {isa = PBXBuildFile; fileRef = BF6943BD171CA2AD000F74E0 /* GIGame+PrettyDescription.m */; };
		BF71257B175D40D2007F99EB /* GIAnswerView.m in Sources */ = {isa = PBXBuildFile; fileRef = BF712575175D40D2007F99EB /* GIAnswerView.m */; };
		BF71257C175D40D2007F99EB /* GIKeypadView.m in Sources */ = {isa = PBXBuildFile; fileRef = BF712579175D40D2007F99EB /* GIKeypadView.m */; };
		BF712583175D40F0007F99EB /* GIInputView.m in Sources */ = {isa = PBXBuildFile; fileRef = BF71257E175D40F0007F99EB /* GIInputView.m */; };
		BF712584175D40F0007F99EB /* GILetterView.m in Sources */ = {isa = PBXBuildFile; fileRef = BF712580175D40F0007F99EB /* GILetterView.m */; };
		BF712585175D40F0007F99EB /* GIPlaceholderView.m in Sources */ = {isa = PBXBuildFile; fileRef = BF712582175D40F0007F99EB /* GIPlaceholderView.m */; };
		BF71258B175D4238007F99EB /* GILevelView.m in Sources */ = {isa = PBXBuildFile; fileRef = BF712589175D4238007F99EB /* GILevelView.m */; };
		BF7CD89517D24083008E23D5 /* NSString+Search.m in Sources */ = {isa = PBXBuildFile; fileRef = BF7CD89417D24083008E23D5 /* NSString+Search.m */; };
		BF7DBC3517FA4AF7005831EE /* GIBarButton.m in Sources */ = {isa = PBXBuildFile; fileRef = BF7DBC3417FA4AF7005831EE /* GIBarButton.m */; };
		BF7DBC3B17FAE189005831EE /* NSObject+Analytics.m in Sources */ = {isa = PBXBuildFile; fileRef = BF7DBC3A17FAE189005831EE /* NSObject+Analytics.m */; };
		BF85FE3517CE0F6800AFDF70 /* GIIconButton.m in Sources */ = {isa = PBXBuildFile; fileRef = BF85FE3417CE0F6800AFDF70 /* GIIconButton.m */; };
		BF91795817244A8200B136E2 /* shine_mask@2x.png in Resources */ = {isa = PBXBuildFile; fileRef = BF91795717244A8200B136E2 /* shine_mask@2x.png */; };
		BF92630B17A3E4C400C29A70 /* congratulations.strings in Resources */ = {isa = PBXBuildFile; fileRef = BF92630517A3E4C400C29A70 /* congratulations.strings */; };
		BF92630C17A3E4C400C29A70 /* settings.strings in Resources */ = {isa = PBXBuildFile; fileRef = BF92630717A3E4C400C29A70 /* settings.strings */; };
		BF92630F17A3E56600C29A70 /* general.strings in Resources */ = {isa = PBXBuildFile; fileRef = BF92631117A3E56600C29A70 /* general.strings */; };
		BF92631B17A5536600C29A70 /* icon_buy_coffee.png in Resources */ = {isa = PBXBuildFile; fileRef = BF92631917A5536600C29A70 /* icon_buy_coffee.png */; };
		BF92631C17A5536600C29A70 /* icon_buy_coffee@2x.png in Resources */ = {isa = PBXBuildFile; fileRef = BF92631A17A5536600C29A70 /* icon_buy_coffee@2x.png */; };
		BF92631F17A5537300C29A70 /* icon_buy_sandwich.png in Resources */ = {isa = PBXBuildFile; fileRef = BF92631D17A5537300C29A70 /* icon_buy_sandwich.png */; };
		BF92632017A5537300C29A70 /* icon_buy_sandwich@2x.png in Resources */ = {isa = PBXBuildFile; fileRef = BF92631E17A5537300C29A70 /* icon_buy_sandwich@2x.png */; };
		BF92632317A5537E00C29A70 /* icon_buy_dinner.png in Resources */ = {isa = PBXBuildFile; fileRef = BF92632117A5537E00C29A70 /* icon_buy_dinner.png */; };
		BF92632417A5537E00C29A70 /* icon_buy_dinner@2x.png in Resources */ = {isa = PBXBuildFile; fileRef = BF92632217A5537E00C29A70 /* icon_buy_dinner@2x.png */; };
		BF92632717A5538B00C29A70 /* icon_buy_gift.png in Resources */ = {isa = PBXBuildFile; fileRef = BF92632517A5538B00C29A70 /* icon_buy_gift.png */; };
		BF92632817A5538B00C29A70 /* icon_buy_gift@2x.png in Resources */ = {isa = PBXBuildFile; fileRef = BF92632617A5538B00C29A70 /* icon_buy_gift@2x.png */; };
		BF92632F17A553A400C29A70 /* icon_buy_clothes.png in Resources */ = {isa = PBXBuildFile; fileRef = BF92632D17A553A400C29A70 /* icon_buy_clothes.png */; };
		BF92633017A553A400C29A70 /* icon_buy_clothes@2x.png in Resources */ = {isa = PBXBuildFile; fileRef = BF92632E17A553A400C29A70 /* icon_buy_clothes@2x.png */; };
		BFA68C4817F50E6600A44CE6 /* GISettingsCell.m in Sources */ = {isa = PBXBuildFile; fileRef = BFA68C4717F50E6600A44CE6 /* GISettingsCell.m */; };
		BFA68C4B17F50F8A00A44CE6 /* GISettingsBuyCell.m in Sources */ = {isa = PBXBuildFile; fileRef = BFA68C4A17F50F8A00A44CE6 /* GISettingsBuyCell.m */; };
		BFA68C4E17F51D9500A44CE6 /* help.strings in Resources */ = {isa = PBXBuildFile; fileRef = BFA68C5017F51D9500A44CE6 /* help.strings */; };
		BFAD126716F136A100F6D429 /* UIKit.framework in Frameworks */ = {isa = PBXBuildFile; fileRef = BFAD126616F136A100F6D429 /* UIKit.framework */; };
		BFAD126916F136A100F6D429 /* Foundation.framework in Frameworks */ = {isa = PBXBuildFile; fileRef = BFAD126816F136A100F6D429 /* Foundation.framework */; };
		BFAD126B16F136A100F6D429 /* CoreGraphics.framework in Frameworks */ = {isa = PBXBuildFile; fileRef = BFAD126A16F136A100F6D429 /* CoreGraphics.framework */; };
		BFAD128B16F136A200F6D429 /* SenTestingKit.framework in Frameworks */ = {isa = PBXBuildFile; fileRef = BFAD128A16F136A200F6D429 /* SenTestingKit.framework */; };
		BFAD128C16F136A200F6D429 /* UIKit.framework in Frameworks */ = {isa = PBXBuildFile; fileRef = BFAD126616F136A100F6D429 /* UIKit.framework */; };
		BFAD128D16F136A200F6D429 /* Foundation.framework in Frameworks */ = {isa = PBXBuildFile; fileRef = BFAD126816F136A100F6D429 /* Foundation.framework */; };
		BFAD129816F136A200F6D429 /* GuessItTests.m in Sources */ = {isa = PBXBuildFile; fileRef = BFAD129716F136A200F6D429 /* GuessItTests.m */; };
		BFB7CC93175B737B0055DBF0 /* GIGame.m in Sources */ = {isa = PBXBuildFile; fileRef = BFB7CC92175B737B0055DBF0 /* GIGame.m */; };
		BFBAF9F1175B881400AA0AE1 /* GIGame+Factory.m in Sources */ = {isa = PBXBuildFile; fileRef = BFBAF9F0175B881400AA0AE1 /* GIGame+Factory.m */; };
		BFBAF9F4175B892500AA0AE1 /* GILevel+Factory.m in Sources */ = {isa = PBXBuildFile; fileRef = BFBAF9F3175B892400AA0AE1 /* GILevel+Factory.m */; };
		BFBAF9F9175D773200AA0AE1 /* GIGlowButton.m in Sources */ = {isa = PBXBuildFile; fileRef = BFBAF9F8175D773200AA0AE1 /* GIGlowButton.m */; };
		BFBDD2121701092000F5698E /* GIMainViewController.m in Sources */ = {isa = PBXBuildFile; fileRef = BFBDD2111701092000F5698E /* GIMainViewController.m */; };
		BFBF337317E7184700B99DDC /* GIGameOverCongratulationsView.m in Sources */ = {isa = PBXBuildFile; fileRef = BFBF337217E7184700B99DDC /* GIGameOverCongratulationsView.m */; };
		BFBF337917E7185C00B99DDC /* GIGameOverOtherGamesView.m in Sources */ = {isa = PBXBuildFile; fileRef = BFBF337817E7185C00B99DDC /* GIGameOverOtherGamesView.m */; };
		BFBF337C17E718C400B99DDC /* GIGameOverCreditsView.m in Sources */ = {isa = PBXBuildFile; fileRef = BFBF337B17E718C400B99DDC /* GIGameOverCreditsView.m */; };
		BFDE0173176CFFBC00E704CF /* UINavigationController+GuessIt.m in Sources */ = {isa = PBXBuildFile; fileRef = BFDE0172176CFFBC00E704CF /* UINavigationController+GuessIt.m */; };
		BFE6170A17B5029D001F1C89 /* MRAID.bundle in Resources */ = {isa = PBXBuildFile; fileRef = BFE6170817B5029D001F1C89 /* MRAID.bundle */; };
		BFE898EB1796FA630081E646 /* main_background@2x.png in Resources */ = {isa = PBXBuildFile; fileRef = BFE898EA1796FA630081E646 /* main_background@2x.png */; };
		BFF9297317243EF900F230C6 /* UIFont+GuessItFonts.m in Sources */ = {isa = PBXBuildFile; fileRef = BFF9297217243EF900F230C6 /* UIFont+GuessItFonts.m */; };
		BFF92976172443AC00F230C6 /* GIShineLabel.m in Sources */ = {isa = PBXBuildFile; fileRef = BFF92975172443AC00F230C6 /* GIShineLabel.m */; };
		BFF9E7391727F815003B4385 /* NSString+RandomString.m in Sources */ = {isa = PBXBuildFile; fileRef = BFF9E7381727F815003B4385 /* NSString+RandomString.m */; };
		BFFDB7D917E868B20038AF56 /* background_soon@2x.png in Resources */ = {isa = PBXBuildFile; fileRef = BFFDB7D717E868B20038AF56 /* background_soon@2x.png */; };
		BFFDB7DD17E868EC0038AF56 /* guessit_soon@2x.png in Resources */ = {isa = PBXBuildFile; fileRef = BFFDB7DB17E868EC0038AF56 /* guessit_soon@2x.png */; };
		BFFDB7E017E86C180038AF56 /* game_over.strings in Resources */ = {isa = PBXBuildFile; fileRef = BFFDB7E217E86C180038AF56 /* game_over.strings */; };
/* End PBXBuildFile section */

/* Begin PBXContainerItemProxy section */
		BFAD128E16F136A200F6D429 /* PBXContainerItemProxy */ = {
			isa = PBXContainerItemProxy;
			containerPortal = BFAD125B16F136A100F6D429 /* Project object */;
			proxyType = 1;
			remoteGlobalIDString = BFAD126216F136A100F6D429;
			remoteInfo = GuessIt;
		};
/* End PBXContainerItemProxy section */

/* Begin PBXFileReference section */
		62620204B775499F949AB190 /* libPods.a */ = {isa = PBXFileReference; explicitFileType = archive.ar; includeInIndex = 0; path = libPods.a; sourceTree = BUILT_PRODUCTS_DIR; };
		BD30177A3D9541AEB54F865D /* Pods.xcconfig */ = {isa = PBXFileReference; includeInIndex = 1; lastKnownFileType = text.xcconfig; name = Pods.xcconfig; path = Pods/Pods.xcconfig; sourceTree = SOURCE_ROOT; };
		BF04BBE917B3AE3300D83137 /* StoreKit.framework */ = {isa = PBXFileReference; lastKnownFileType = wrapper.framework; name = StoreKit.framework; path = System/Library/Frameworks/StoreKit.framework; sourceTree = SDKROOT; };
		BF04BBEB17B3AE3800D83137 /* AdSupport.framework */ = {isa = PBXFileReference; lastKnownFileType = wrapper.framework; name = AdSupport.framework; path = System/Library/Frameworks/AdSupport.framework; sourceTree = SDKROOT; };
		BF04BBED17B3AE4300D83137 /* CoreLocation.framework */ = {isa = PBXFileReference; lastKnownFileType = wrapper.framework; name = CoreLocation.framework; path = System/Library/Frameworks/CoreLocation.framework; sourceTree = SDKROOT; };
		BF04BBEF17B3AE4900D83137 /* MediaPlayer.framework */ = {isa = PBXFileReference; lastKnownFileType = wrapper.framework; name = MediaPlayer.framework; path = System/Library/Frameworks/MediaPlayer.framework; sourceTree = SDKROOT; };
		BF0EFE75176BC929007CD06F /* GIUserInterface+Factory.h */ = {isa = PBXFileReference; fileEncoding = 4; lastKnownFileType = sourcecode.c.h; path = "GIUserInterface+Factory.h"; sourceTree = "<group>"; };
		BF0EFE76176BC929007CD06F /* GIUserInterface+Factory.m */ = {isa = PBXFileReference; fileEncoding = 4; lastKnownFileType = sourcecode.c.objc; path = "GIUserInterface+Factory.m"; sourceTree = "<group>"; };
		BF1835D3172C3D1D00E2CB5F /* GINavigationBar.h */ = {isa = PBXFileReference; fileEncoding = 4; lastKnownFileType = sourcecode.c.h; path = GINavigationBar.h; sourceTree = "<group>"; };
		BF1835D4172C3D1D00E2CB5F /* GINavigationBar.m */ = {isa = PBXFileReference; fileEncoding = 4; lastKnownFileType = sourcecode.c.objc; path = GINavigationBar.m; sourceTree = "<group>"; };
		BF1835E9172DC49D00E2CB5F /* UIImage+FromColor.h */ = {isa = PBXFileReference; fileEncoding = 4; lastKnownFileType = sourcecode.c.h; path = "UIImage+FromColor.h"; sourceTree = "<group>"; };
		BF1835EA172DC49D00E2CB5F /* UIImage+FromColor.m */ = {isa = PBXFileReference; fileEncoding = 4; lastKnownFileType = sourcecode.c.objc; path = "UIImage+FromColor.m"; sourceTree = "<group>"; };
		BF1B484C17F852F1006A3DBC /* GIIAPManager.h */ = {isa = PBXFileReference; fileEncoding = 4; lastKnownFileType = sourcecode.c.h; path = GIIAPManager.h; sourceTree = "<group>"; };
		BF1B484D17F852F1006A3DBC /* GIIAPManager.m */ = {isa = PBXFileReference; fileEncoding = 4; lastKnownFileType = sourcecode.c.objc; path = GIIAPManager.m; sourceTree = "<group>"; };
		BF1C462117AFBCF20042D149 /* GIAdManager.h */ = {isa = PBXFileReference; fileEncoding = 4; lastKnownFileType = sourcecode.c.h; path = GIAdManager.h; sourceTree = "<group>"; };
		BF1C462217AFBCF20042D149 /* GIAdManager.m */ = {isa = PBXFileReference; fileEncoding = 4; lastKnownFileType = sourcecode.c.objc; path = GIAdManager.m; sourceTree = "<group>"; };
		BF1F29AE1707347800A83FE3 /* GILevel.h */ = {isa = PBXFileReference; fileEncoding = 4; lastKnownFileType = sourcecode.c.h; path = GILevel.h; sourceTree = "<group>"; };
		BF1F29AF1707347800A83FE3 /* GILevel.m */ = {isa = PBXFileReference; fileEncoding = 4; lastKnownFileType = sourcecode.c.objc; path = GILevel.m; sourceTree = "<group>"; };
		BF1F29B11707617700A83FE3 /* GIViewController.h */ = {isa = PBXFileReference; fileEncoding = 4; lastKnownFileType = sourcecode.c.h; path = GIViewController.h; sourceTree = "<group>"; };
		BF1F29B21707617700A83FE3 /* GIViewController.m */ = {isa = PBXFileReference; fileEncoding = 4; lastKnownFileType = sourcecode.c.objc; path = GIViewController.m; sourceTree = "<group>"; };
		BF1F29B4170761D400A83FE3 /* GILevelViewController.h */ = {isa = PBXFileReference; fileEncoding = 4; lastKnownFileType = sourcecode.c.h; path = GILevelViewController.h; sourceTree = "<group>"; };
		BF1F29B5170761D400A83FE3 /* GILevelViewController.m */ = {isa = PBXFileReference; fileEncoding = 4; lastKnownFileType = sourcecode.c.objc; path = GILevelViewController.m; sourceTree = "<group>"; };
		BF239B86179D462000005FCA /* GIHelpView.h */ = {isa = PBXFileReference; fileEncoding = 4; lastKnownFileType = sourcecode.c.h; path = GIHelpView.h; sourceTree = "<group>"; };
		BF239B87179D462000005FCA /* GIHelpView.m */ = {isa = PBXFileReference; fileEncoding = 4; lastKnownFileType = sourcecode.c.objc; path = GIHelpView.m; sourceTree = "<group>"; };
		BF239B89179D463200005FCA /* GIHelpViewDelegate.h */ = {isa = PBXFileReference; lastKnownFileType = sourcecode.c.h; path = GIHelpViewDelegate.h; sourceTree = "<group>"; };
		BF239B8A179E8E5200005FCA /* GIUserInterfaceElement.h */ = {isa = PBXFileReference; fileEncoding = 4; lastKnownFileType = sourcecode.c.h; path = GIUserInterfaceElement.h; sourceTree = "<group>"; };
		BF239B8B179E8E5200005FCA /* GIUserInterfaceElement.m */ = {isa = PBXFileReference; fileEncoding = 4; lastKnownFileType = sourcecode.c.objc; path = GIUserInterfaceElement.m; sourceTree = "<group>"; };
		BF239B8D179E8F9800005FCA /* GIUserInterfaceElement+Factory.h */ = {isa = PBXFileReference; fileEncoding = 4; lastKnownFileType = sourcecode.c.h; path = "GIUserInterfaceElement+Factory.h"; sourceTree = "<group>"; };
		BF239B8E179E8F9800005FCA /* GIUserInterfaceElement+Factory.m */ = {isa = PBXFileReference; fileEncoding = 4; lastKnownFileType = sourcecode.c.objc; path = "GIUserInterfaceElement+Factory.m"; sourceTree = "<group>"; };
		BF239B9017A1398300005FCA /* GISettingsViewController.h */ = {isa = PBXFileReference; fileEncoding = 4; lastKnownFileType = sourcecode.c.h; path = GISettingsViewController.h; sourceTree = "<group>"; };
		BF239B9117A1398300005FCA /* GISettingsViewController.m */ = {isa = PBXFileReference; fileEncoding = 4; lastKnownFileType = sourcecode.c.objc; path = GISettingsViewController.m; sourceTree = "<group>"; };
		BF291E8B174ECA320066D5EF /* GIDefinitions.m */ = {isa = PBXFileReference; fileEncoding = 4; lastKnownFileType = sourcecode.c.objc; path = GIDefinitions.m; sourceTree = "<group>"; };
		BF2BFEA317EDE8DD00B734AB /* GIGameOverViewDelegate.h */ = {isa = PBXFileReference; lastKnownFileType = sourcecode.c.h; path = GIGameOverViewDelegate.h; sourceTree = "<group>"; };
		BF3DDBA0176D070A0055A388 /* main.m */ = {isa = PBXFileReference; fileEncoding = 4; lastKnownFileType = sourcecode.c.objc; path = main.m; sourceTree = "<group>"; };
		BF3DDBA2176D07230055A388 /* _GIAppDelegate.h */ = {isa = PBXFileReference; fileEncoding = 4; lastKnownFileType = sourcecode.c.h; path = _GIAppDelegate.h; sourceTree = "<group>"; };
		BF3DDBA3176D07230055A388 /* _GIAppDelegate.m */ = {isa = PBXFileReference; fileEncoding = 4; lastKnownFileType = sourcecode.c.objc; path = _GIAppDelegate.m; sourceTree = "<group>"; };
		BF4D5E57180B737B0013C698 /* GILevelBackView.h */ = {isa = PBXFileReference; fileEncoding = 4; lastKnownFileType = sourcecode.c.h; path = GILevelBackView.h; sourceTree = "<group>"; };
		BF4D5E58180B737B0013C698 /* GILevelBackView.m */ = {isa = PBXFileReference; fileEncoding = 4; lastKnownFileType = sourcecode.c.objc; path = GILevelBackView.m; sourceTree = "<group>"; };
		BF4D5E5A180B74A70013C698 /* GILevelBackViewDelegate.h */ = {isa = PBXFileReference; lastKnownFileType = sourcecode.c.h; path = GILevelBackViewDelegate.h; sourceTree = "<group>"; };
		BF565939176E6D3800F5198A /* GIModalPanel.h */ = {isa = PBXFileReference; fileEncoding = 4; lastKnownFileType = sourcecode.c.h; path = GIModalPanel.h; sourceTree = "<group>"; };
		BF56593A176E6D3800F5198A /* GIModalPanel.m */ = {isa = PBXFileReference; fileEncoding = 4; lastKnownFileType = sourcecode.c.objc; path = GIModalPanel.m; sourceTree = "<group>"; };
		BF56593F176E721400F5198A /* JotiOne-Regular.ttf */ = {isa = PBXFileReference; lastKnownFileType = file; path = "JotiOne-Regular.ttf"; sourceTree = "<group>"; };
		BF565940176E721400F5198A /* Lobster.ttf */ = {isa = PBXFileReference; lastKnownFileType = file; path = Lobster.ttf; sourceTree = "<group>"; };
		BF62EB8F17D940C1000B6A2C /* GIGameOverView.h */ = {isa = PBXFileReference; fileEncoding = 4; lastKnownFileType = sourcecode.c.h; path = GIGameOverView.h; sourceTree = "<group>"; };
		BF62EB9017D940C1000B6A2C /* GIGameOverView.m */ = {isa = PBXFileReference; fileEncoding = 4; lastKnownFileType = sourcecode.c.objc; path = GIGameOverView.m; sourceTree = "<group>"; };
		BF659F701795AE5700C99668 /* GIConfiguration.h */ = {isa = PBXFileReference; fileEncoding = 4; lastKnownFileType = sourcecode.c.h; path = GIConfiguration.h; sourceTree = "<group>"; };
		BF659F711795AE5700C99668 /* GIConfiguration.m */ = {isa = PBXFileReference; fileEncoding = 4; lastKnownFileType = sourcecode.c.objc; path = GIConfiguration.m; sourceTree = "<group>"; };
		BF659F731795AE6300C99668 /* GIUserInterface.h */ = {isa = PBXFileReference; fileEncoding = 4; lastKnownFileType = sourcecode.c.h; path = GIUserInterface.h; sourceTree = "<group>"; };
		BF659F741795AE6300C99668 /* GIUserInterface.m */ = {isa = PBXFileReference; fileEncoding = 4; lastKnownFileType = sourcecode.c.objc; path = GIUserInterface.m; sourceTree = "<group>"; };
		BF659F761795AE7200C99668 /* GISound.h */ = {isa = PBXFileReference; fileEncoding = 4; lastKnownFileType = sourcecode.c.h; path = GISound.h; sourceTree = "<group>"; };
		BF659F771795AE7200C99668 /* GISound.m */ = {isa = PBXFileReference; fileEncoding = 4; lastKnownFileType = sourcecode.c.objc; path = GISound.m; sourceTree = "<group>"; };
		BF68D0D917B9ADA90006E331 /* libGoogleAdMobAdapter_MobFoxSDK_iOS_4.1.6.a */ = {isa = PBXFileReference; lastKnownFileType = archive.ar; path = libGoogleAdMobAdapter_MobFoxSDK_iOS_4.1.6.a; sourceTree = "<group>"; };
		BF68D0DC17B9ADAF0006E331 /* libAdapterIAd.a */ = {isa = PBXFileReference; lastKnownFileType = archive.ar; path = libAdapterIAd.a; sourceTree = "<group>"; };
		BF68D0DE17B9AE440006E331 /* iAd.framework */ = {isa = PBXFileReference; lastKnownFileType = wrapper.framework; name = iAd.framework; path = System/Library/Frameworks/iAd.framework; sourceTree = SDKROOT; };
		BF68D0E117B9B2020006E331 /* libAdapterSDKFlurryAppCircle.a */ = {isa = PBXFileReference; lastKnownFileType = archive.ar; path = libAdapterSDKFlurryAppCircle.a; sourceTree = "<group>"; };
		BF68D0E217B9B2020006E331 /* libFlurry_4.2.3.a */ = {isa = PBXFileReference; lastKnownFileType = archive.ar; path = libFlurry_4.2.3.a; sourceTree = "<group>"; };
		BF68D0E317B9B2020006E331 /* libFlurryAds_4.2.3.a */ = {isa = PBXFileReference; lastKnownFileType = archive.ar; path = libFlurryAds_4.2.3.a; sourceTree = "<group>"; };
		BF68D0E817BB18060006E331 /* en */ = {isa = PBXFileReference; lastKnownFileType = text.plist.strings; name = en; path = en.lproj/social.strings; sourceTree = "<group>"; };
		BF68D0EA17BB196A0006E331 /* pt */ = {isa = PBXFileReference; lastKnownFileType = text.plist.strings; name = pt; path = pt.lproj/social.strings; sourceTree = "<group>"; };
		BF68D0EB17BB1FC10006E331 /* UIView+GuessIt.h */ = {isa = PBXFileReference; fileEncoding = 4; lastKnownFileType = sourcecode.c.h; path = "UIView+GuessIt.h"; sourceTree = "<group>"; };
		BF68D0EC17BB1FC10006E331 /* UIView+GuessIt.m */ = {isa = PBXFileReference; fileEncoding = 4; lastKnownFileType = sourcecode.c.objc; path = "UIView+GuessIt.m"; sourceTree = "<group>"; };
		BF6943B9171CA244000F74E0 /* GILevel+PrettyDescription.h */ = {isa = PBXFileReference; fileEncoding = 4; lastKnownFileType = sourcecode.c.h; path = "GILevel+PrettyDescription.h"; sourceTree = "<group>"; };
		BF6943BA171CA244000F74E0 /* GILevel+PrettyDescription.m */ = {isa = PBXFileReference; fileEncoding = 4; lastKnownFileType = sourcecode.c.objc; path = "GILevel+PrettyDescription.m"; sourceTree = "<group>"; };
		BF6943BC171CA2AD000F74E0 /* GIGame+PrettyDescription.h */ = {isa = PBXFileReference; fileEncoding = 4; lastKnownFileType = sourcecode.c.h; path = "GIGame+PrettyDescription.h"; sourceTree = "<group>"; };
		BF6943BD171CA2AD000F74E0 /* GIGame+PrettyDescription.m */ = {isa = PBXFileReference; fileEncoding = 4; lastKnownFileType = sourcecode.c.objc; path = "GIGame+PrettyDescription.m"; sourceTree = "<group>"; };
		BF712574175D40D2007F99EB /* GIAnswerView.h */ = {isa = PBXFileReference; fileEncoding = 4; lastKnownFileType = sourcecode.c.h; path = GIAnswerView.h; sourceTree = "<group>"; };
		BF712575175D40D2007F99EB /* GIAnswerView.m */ = {isa = PBXFileReference; fileEncoding = 4; lastKnownFileType = sourcecode.c.objc; path = GIAnswerView.m; sourceTree = "<group>"; };
		BF712576175D40D2007F99EB /* GIAnswerViewDelegate.h */ = {isa = PBXFileReference; fileEncoding = 4; lastKnownFileType = sourcecode.c.h; path = GIAnswerViewDelegate.h; sourceTree = "<group>"; };
		BF712578175D40D2007F99EB /* GIKeypadView.h */ = {isa = PBXFileReference; fileEncoding = 4; lastKnownFileType = sourcecode.c.h; path = GIKeypadView.h; sourceTree = "<group>"; };
		BF712579175D40D2007F99EB /* GIKeypadView.m */ = {isa = PBXFileReference; fileEncoding = 4; lastKnownFileType = sourcecode.c.objc; path = GIKeypadView.m; sourceTree = "<group>"; };
		BF71257A175D40D2007F99EB /* GIKeypadViewDelegate.h */ = {isa = PBXFileReference; fileEncoding = 4; lastKnownFileType = sourcecode.c.h; path = GIKeypadViewDelegate.h; sourceTree = "<group>"; };
		BF71257D175D40F0007F99EB /* GIInputView.h */ = {isa = PBXFileReference; fileEncoding = 4; lastKnownFileType = sourcecode.c.h; path = GIInputView.h; sourceTree = "<group>"; };
		BF71257E175D40F0007F99EB /* GIInputView.m */ = {isa = PBXFileReference; fileEncoding = 4; lastKnownFileType = sourcecode.c.objc; path = GIInputView.m; sourceTree = "<group>"; };
		BF71257F175D40F0007F99EB /* GILetterView.h */ = {isa = PBXFileReference; fileEncoding = 4; lastKnownFileType = sourcecode.c.h; path = GILetterView.h; sourceTree = "<group>"; };
		BF712580175D40F0007F99EB /* GILetterView.m */ = {isa = PBXFileReference; fileEncoding = 4; lastKnownFileType = sourcecode.c.objc; path = GILetterView.m; sourceTree = "<group>"; };
		BF712581175D40F0007F99EB /* GIPlaceholderView.h */ = {isa = PBXFileReference; fileEncoding = 4; lastKnownFileType = sourcecode.c.h; path = GIPlaceholderView.h; sourceTree = "<group>"; };
		BF712582175D40F0007F99EB /* GIPlaceholderView.m */ = {isa = PBXFileReference; fileEncoding = 4; lastKnownFileType = sourcecode.c.objc; path = GIPlaceholderView.m; sourceTree = "<group>"; };
		BF712586175D4104007F99EB /* GIInputViewDelegate.h */ = {isa = PBXFileReference; lastKnownFileType = sourcecode.c.h; path = GIInputViewDelegate.h; sourceTree = "<group>"; };
		BF712588175D4238007F99EB /* GILevelView.h */ = {isa = PBXFileReference; fileEncoding = 4; lastKnownFileType = sourcecode.c.h; path = GILevelView.h; sourceTree = "<group>"; };
		BF712589175D4238007F99EB /* GILevelView.m */ = {isa = PBXFileReference; fileEncoding = 4; lastKnownFileType = sourcecode.c.objc; path = GILevelView.m; sourceTree = "<group>"; };
		BF71258A175D4238007F99EB /* GILevelViewDelegate.h */ = {isa = PBXFileReference; fileEncoding = 4; lastKnownFileType = sourcecode.c.h; path = GILevelViewDelegate.h; sourceTree = "<group>"; };
		BF7CD89317D24083008E23D5 /* NSString+Search.h */ = {isa = PBXFileReference; fileEncoding = 4; lastKnownFileType = sourcecode.c.h; path = "NSString+Search.h"; sourceTree = "<group>"; };
		BF7CD89417D24083008E23D5 /* NSString+Search.m */ = {isa = PBXFileReference; fileEncoding = 4; lastKnownFileType = sourcecode.c.objc; path = "NSString+Search.m"; sourceTree = "<group>"; };
		BF7DBC3317FA4AF7005831EE /* GIBarButton.h */ = {isa = PBXFileReference; fileEncoding = 4; lastKnownFileType = sourcecode.c.h; path = GIBarButton.h; sourceTree = "<group>"; };
		BF7DBC3417FA4AF7005831EE /* GIBarButton.m */ = {isa = PBXFileReference; fileEncoding = 4; lastKnownFileType = sourcecode.c.objc; path = GIBarButton.m; sourceTree = "<group>"; };
		BF7DBC3917FAE189005831EE /* NSObject+Analytics.h */ = {isa = PBXFileReference; fileEncoding = 4; lastKnownFileType = sourcecode.c.h; path = "NSObject+Analytics.h"; sourceTree = "<group>"; };
		BF7DBC3A17FAE189005831EE /* NSObject+Analytics.m */ = {isa = PBXFileReference; fileEncoding = 4; lastKnownFileType = sourcecode.c.objc; path = "NSObject+Analytics.m"; sourceTree = "<group>"; };
		BF85FE3117CE0B7D00AFDF70 /* GICongratulationsViewDelegate.h */ = {isa = PBXFileReference; lastKnownFileType = sourcecode.c.h; path = GICongratulationsViewDelegate.h; sourceTree = "<group>"; };
		BF85FE3317CE0F6800AFDF70 /* GIIconButton.h */ = {isa = PBXFileReference; fileEncoding = 4; lastKnownFileType = sourcecode.c.h; path = GIIconButton.h; sourceTree = "<group>"; };
		BF85FE3417CE0F6800AFDF70 /* GIIconButton.m */ = {isa = PBXFileReference; fileEncoding = 4; lastKnownFileType = sourcecode.c.objc; path = GIIconButton.m; sourceTree = "<group>"; };
		BF8D8B701795E454000D6507 /* GISound+Factory.h */ = {isa = PBXFileReference; lastKnownFileType = sourcecode.c.h; path = "GISound+Factory.h"; sourceTree = "<group>"; };
		BF8D8B711795E454000D6507 /* GISound+Factory.m */ = {isa = PBXFileReference; lastKnownFileType = sourcecode.c.objc; path = "GISound+Factory.m"; sourceTree = "<group>"; };
		BF91795717244A8200B136E2 /* shine_mask@2x.png */ = {isa = PBXFileReference; lastKnownFileType = image.png; path = "shine_mask@2x.png"; sourceTree = "<group>"; };
		BF92630617A3E4C400C29A70 /* en */ = {isa = PBXFileReference; lastKnownFileType = text.plist.strings; name = en; path = en.lproj/congratulations.strings; sourceTree = "<group>"; };
		BF92630817A3E4C400C29A70 /* en */ = {isa = PBXFileReference; lastKnownFileType = text.plist.strings; name = en; path = en.lproj/settings.strings; sourceTree = "<group>"; };
		BF92630917A3E4C400C29A70 /* pt */ = {isa = PBXFileReference; lastKnownFileType = text.plist.strings; name = pt; path = pt.lproj/congratulations.strings; sourceTree = "<group>"; };
		BF92630A17A3E4C400C29A70 /* pt */ = {isa = PBXFileReference; lastKnownFileType = text.plist.strings; name = pt; path = pt.lproj/settings.strings; sourceTree = "<group>"; };
		BF92631017A3E56600C29A70 /* en */ = {isa = PBXFileReference; lastKnownFileType = text.plist.strings; name = en; path = en.lproj/general.strings; sourceTree = "<group>"; };
		BF92631217A3E56700C29A70 /* pt */ = {isa = PBXFileReference; lastKnownFileType = text.plist.strings; name = pt; path = pt.lproj/general.strings; sourceTree = "<group>"; };
		BF92631917A5536600C29A70 /* icon_buy_coffee.png */ = {isa = PBXFileReference; lastKnownFileType = image.png; path = icon_buy_coffee.png; sourceTree = "<group>"; };
		BF92631A17A5536600C29A70 /* icon_buy_coffee@2x.png */ = {isa = PBXFileReference; lastKnownFileType = image.png; path = "icon_buy_coffee@2x.png"; sourceTree = "<group>"; };
		BF92631D17A5537300C29A70 /* icon_buy_sandwich.png */ = {isa = PBXFileReference; lastKnownFileType = image.png; path = icon_buy_sandwich.png; sourceTree = "<group>"; };
		BF92631E17A5537300C29A70 /* icon_buy_sandwich@2x.png */ = {isa = PBXFileReference; lastKnownFileType = image.png; path = "icon_buy_sandwich@2x.png"; sourceTree = "<group>"; };
		BF92632117A5537E00C29A70 /* icon_buy_dinner.png */ = {isa = PBXFileReference; lastKnownFileType = image.png; path = icon_buy_dinner.png; sourceTree = "<group>"; };
		BF92632217A5537E00C29A70 /* icon_buy_dinner@2x.png */ = {isa = PBXFileReference; lastKnownFileType = image.png; path = "icon_buy_dinner@2x.png"; sourceTree = "<group>"; };
		BF92632517A5538B00C29A70 /* icon_buy_gift.png */ = {isa = PBXFileReference; lastKnownFileType = image.png; path = icon_buy_gift.png; sourceTree = "<group>"; };
		BF92632617A5538B00C29A70 /* icon_buy_gift@2x.png */ = {isa = PBXFileReference; lastKnownFileType = image.png; path = "icon_buy_gift@2x.png"; sourceTree = "<group>"; };
		BF92632D17A553A400C29A70 /* icon_buy_clothes.png */ = {isa = PBXFileReference; lastKnownFileType = image.png; path = icon_buy_clothes.png; sourceTree = "<group>"; };
		BF92632E17A553A400C29A70 /* icon_buy_clothes@2x.png */ = {isa = PBXFileReference; lastKnownFileType = image.png; path = "icon_buy_clothes@2x.png"; sourceTree = "<group>"; };
		BF99CD44176E317300CA2650 /* GICongratulationsView.h */ = {isa = PBXFileReference; lastKnownFileType = sourcecode.c.h; path = GICongratulationsView.h; sourceTree = "<group>"; };
		BF99CD45176E317300CA2650 /* GICongratulationsView.m */ = {isa = PBXFileReference; lastKnownFileType = sourcecode.c.objc; path = GICongratulationsView.m; sourceTree = "<group>"; };
		BFA68C4617F50E6600A44CE6 /* GISettingsCell.h */ = {isa = PBXFileReference; fileEncoding = 4; lastKnownFileType = sourcecode.c.h; path = GISettingsCell.h; sourceTree = "<group>"; };
		BFA68C4717F50E6600A44CE6 /* GISettingsCell.m */ = {isa = PBXFileReference; fileEncoding = 4; lastKnownFileType = sourcecode.c.objc; path = GISettingsCell.m; sourceTree = "<group>"; };
		BFA68C4917F50F8A00A44CE6 /* GISettingsBuyCell.h */ = {isa = PBXFileReference; fileEncoding = 4; lastKnownFileType = sourcecode.c.h; path = GISettingsBuyCell.h; sourceTree = "<group>"; };
		BFA68C4A17F50F8A00A44CE6 /* GISettingsBuyCell.m */ = {isa = PBXFileReference; fileEncoding = 4; lastKnownFileType = sourcecode.c.objc; path = GISettingsBuyCell.m; sourceTree = "<group>"; };
		BFA68C4F17F51D9500A44CE6 /* en */ = {isa = PBXFileReference; lastKnownFileType = text.plist.strings; name = en; path = en.lproj/help.strings; sourceTree = "<group>"; };
		BFA68C5117F51D9800A44CE6 /* pt */ = {isa = PBXFileReference; lastKnownFileType = text.plist.strings; name = pt; path = pt.lproj/help.strings; sourceTree = "<group>"; };
		BFAD126316F136A100F6D429 /* GuessIt.app */ = {isa = PBXFileReference; explicitFileType = wrapper.application; includeInIndex = 0; path = GuessIt.app; sourceTree = BUILT_PRODUCTS_DIR; };
		BFAD126616F136A100F6D429 /* UIKit.framework */ = {isa = PBXFileReference; lastKnownFileType = wrapper.framework; name = UIKit.framework; path = System/Library/Frameworks/UIKit.framework; sourceTree = SDKROOT; };
		BFAD126816F136A100F6D429 /* Foundation.framework */ = {isa = PBXFileReference; lastKnownFileType = wrapper.framework; name = Foundation.framework; path = System/Library/Frameworks/Foundation.framework; sourceTree = SDKROOT; };
		BFAD126A16F136A100F6D429 /* CoreGraphics.framework */ = {isa = PBXFileReference; lastKnownFileType = wrapper.framework; name = CoreGraphics.framework; path = System/Library/Frameworks/CoreGraphics.framework; sourceTree = SDKROOT; };
		BFAD126E16F136A100F6D429 /* GuessIt-Info.plist */ = {isa = PBXFileReference; lastKnownFileType = text.plist.xml; path = "GuessIt-Info.plist"; sourceTree = "<group>"; };
		BFAD128916F136A200F6D429 /* GuessItTests.octest */ = {isa = PBXFileReference; explicitFileType = wrapper.cfbundle; includeInIndex = 0; path = GuessItTests.octest; sourceTree = BUILT_PRODUCTS_DIR; };
		BFAD128A16F136A200F6D429 /* SenTestingKit.framework */ = {isa = PBXFileReference; lastKnownFileType = wrapper.framework; name = SenTestingKit.framework; path = Library/Frameworks/SenTestingKit.framework; sourceTree = DEVELOPER_DIR; };
		BFAD129216F136A200F6D429 /* GuessItTests-Info.plist */ = {isa = PBXFileReference; lastKnownFileType = text.plist.xml; path = "GuessItTests-Info.plist"; sourceTree = "<group>"; };
		BFAD129616F136A200F6D429 /* GuessItTests.h */ = {isa = PBXFileReference; lastKnownFileType = sourcecode.c.h; path = GuessItTests.h; sourceTree = "<group>"; };
		BFAD129716F136A200F6D429 /* GuessItTests.m */ = {isa = PBXFileReference; lastKnownFileType = sourcecode.c.objc; path = GuessItTests.m; sourceTree = "<group>"; };
		BFAD12AA16F1376600F6D429 /* GuessIt-Prefix.pch */ = {isa = PBXFileReference; fileEncoding = 4; lastKnownFileType = sourcecode.c.h; path = "GuessIt-Prefix.pch"; sourceTree = "<group>"; };
		BFB7CC91175B737B0055DBF0 /* GIGame.h */ = {isa = PBXFileReference; fileEncoding = 4; lastKnownFileType = sourcecode.c.h; path = GIGame.h; sourceTree = "<group>"; };
		BFB7CC92175B737B0055DBF0 /* GIGame.m */ = {isa = PBXFileReference; fileEncoding = 4; lastKnownFileType = sourcecode.c.objc; path = GIGame.m; sourceTree = "<group>"; };
		BFBAF9EF175B881400AA0AE1 /* GIGame+Factory.h */ = {isa = PBXFileReference; fileEncoding = 4; lastKnownFileType = sourcecode.c.h; path = "GIGame+Factory.h"; sourceTree = "<group>"; };
		BFBAF9F0175B881400AA0AE1 /* GIGame+Factory.m */ = {isa = PBXFileReference; fileEncoding = 4; lastKnownFileType = sourcecode.c.objc; path = "GIGame+Factory.m"; sourceTree = "<group>"; };
		BFBAF9F2175B892400AA0AE1 /* GILevel+Factory.h */ = {isa = PBXFileReference; fileEncoding = 4; lastKnownFileType = sourcecode.c.h; path = "GILevel+Factory.h"; sourceTree = "<group>"; };
		BFBAF9F3175B892400AA0AE1 /* GILevel+Factory.m */ = {isa = PBXFileReference; fileEncoding = 4; lastKnownFileType = sourcecode.c.objc; path = "GILevel+Factory.m"; sourceTree = "<group>"; };
		BFBAF9F7175D773200AA0AE1 /* GIGlowButton.h */ = {isa = PBXFileReference; fileEncoding = 4; lastKnownFileType = sourcecode.c.h; path = GIGlowButton.h; sourceTree = "<group>"; };
		BFBAF9F8175D773200AA0AE1 /* GIGlowButton.m */ = {isa = PBXFileReference; fileEncoding = 4; lastKnownFileType = sourcecode.c.objc; path = GIGlowButton.m; sourceTree = "<group>"; };
		BFBDD2101701092000F5698E /* GIMainViewController.h */ = {isa = PBXFileReference; fileEncoding = 4; lastKnownFileType = sourcecode.c.h; path = GIMainViewController.h; sourceTree = "<group>"; };
		BFBDD2111701092000F5698E /* GIMainViewController.m */ = {isa = PBXFileReference; fileEncoding = 4; lastKnownFileType = sourcecode.c.objc; path = GIMainViewController.m; sourceTree = "<group>"; };
		BFBF337117E7184700B99DDC /* GIGameOverCongratulationsView.h */ = {isa = PBXFileReference; fileEncoding = 4; lastKnownFileType = sourcecode.c.h; path = GIGameOverCongratulationsView.h; sourceTree = "<group>"; };
		BFBF337217E7184700B99DDC /* GIGameOverCongratulationsView.m */ = {isa = PBXFileReference; fileEncoding = 4; lastKnownFileType = sourcecode.c.objc; path = GIGameOverCongratulationsView.m; sourceTree = "<group>"; };
		BFBF337717E7185C00B99DDC /* GIGameOverOtherGamesView.h */ = {isa = PBXFileReference; fileEncoding = 4; lastKnownFileType = sourcecode.c.h; path = GIGameOverOtherGamesView.h; sourceTree = "<group>"; };
		BFBF337817E7185C00B99DDC /* GIGameOverOtherGamesView.m */ = {isa = PBXFileReference; fileEncoding = 4; lastKnownFileType = sourcecode.c.objc; path = GIGameOverOtherGamesView.m; sourceTree = "<group>"; };
		BFBF337A17E718C400B99DDC /* GIGameOverCreditsView.h */ = {isa = PBXFileReference; fileEncoding = 4; lastKnownFileType = sourcecode.c.h; path = GIGameOverCreditsView.h; sourceTree = "<group>"; };
		BFBF337B17E718C400B99DDC /* GIGameOverCreditsView.m */ = {isa = PBXFileReference; fileEncoding = 4; lastKnownFileType = sourcecode.c.objc; path = GIGameOverCreditsView.m; sourceTree = "<group>"; };
		BFDE0171176CFFBC00E704CF /* UINavigationController+GuessIt.h */ = {isa = PBXFileReference; fileEncoding = 4; lastKnownFileType = sourcecode.c.h; path = "UINavigationController+GuessIt.h"; sourceTree = "<group>"; };
		BFDE0172176CFFBC00E704CF /* UINavigationController+GuessIt.m */ = {isa = PBXFileReference; fileEncoding = 4; lastKnownFileType = sourcecode.c.objc; path = "UINavigationController+GuessIt.m"; sourceTree = "<group>"; };
		BFE6170817B5029D001F1C89 /* MRAID.bundle */ = {isa = PBXFileReference; lastKnownFileType = "wrapper.plug-in"; path = MRAID.bundle; sourceTree = "<group>"; };
		BFE898EA1796FA630081E646 /* main_background@2x.png */ = {isa = PBXFileReference; lastKnownFileType = image.png; path = "main_background@2x.png"; sourceTree = "<group>"; };
		BFF5A2E4171EB74E00F401B3 /* GIDefinitions.h */ = {isa = PBXFileReference; fileEncoding = 4; lastKnownFileType = sourcecode.c.h; path = GIDefinitions.h; sourceTree = "<group>"; };
		BFF9297117243EF900F230C6 /* UIFont+GuessItFonts.h */ = {isa = PBXFileReference; fileEncoding = 4; lastKnownFileType = sourcecode.c.h; path = "UIFont+GuessItFonts.h"; sourceTree = "<group>"; };
		BFF9297217243EF900F230C6 /* UIFont+GuessItFonts.m */ = {isa = PBXFileReference; fileEncoding = 4; lastKnownFileType = sourcecode.c.objc; path = "UIFont+GuessItFonts.m"; sourceTree = "<group>"; };
		BFF92974172443AC00F230C6 /* GIShineLabel.h */ = {isa = PBXFileReference; fileEncoding = 4; lastKnownFileType = sourcecode.c.h; path = GIShineLabel.h; sourceTree = "<group>"; };
		BFF92975172443AC00F230C6 /* GIShineLabel.m */ = {isa = PBXFileReference; fileEncoding = 4; lastKnownFileType = sourcecode.c.objc; path = GIShineLabel.m; sourceTree = "<group>"; };
		BFF9E7371727F815003B4385 /* NSString+RandomString.h */ = {isa = PBXFileReference; fileEncoding = 4; lastKnownFileType = sourcecode.c.h; path = "NSString+RandomString.h"; sourceTree = "<group>"; };
		BFF9E7381727F815003B4385 /* NSString+RandomString.m */ = {isa = PBXFileReference; fileEncoding = 4; lastKnownFileType = sourcecode.c.objc; path = "NSString+RandomString.m"; sourceTree = "<group>"; };
		BFFDB7D717E868B20038AF56 /* background_soon@2x.png */ = {isa = PBXFileReference; lastKnownFileType = image.png; path = "background_soon@2x.png"; sourceTree = "<group>"; };
		BFFDB7DB17E868EC0038AF56 /* guessit_soon@2x.png */ = {isa = PBXFileReference; lastKnownFileType = image.png; path = "guessit_soon@2x.png"; sourceTree = "<group>"; };
		BFFDB7E117E86C180038AF56 /* en */ = {isa = PBXFileReference; lastKnownFileType = text.plist.strings; name = en; path = en.lproj/game_over.strings; sourceTree = "<group>"; };
		BFFDB7E317E86C1C0038AF56 /* pt */ = {isa = PBXFileReference; lastKnownFileType = text.plist.strings; name = pt; path = pt.lproj/game_over.strings; sourceTree = "<group>"; };
/* End PBXFileReference section */

/* Begin PBXFrameworksBuildPhase section */
		BFAD126016F136A100F6D429 /* Frameworks */ = {
			isa = PBXFrameworksBuildPhase;
			buildActionMask = 2147483647;
			files = (
				BF68D0DF17B9AE440006E331 /* iAd.framework in Frameworks */,
				BF68D0DD17B9ADAF0006E331 /* libAdapterIAd.a in Frameworks */,
				BF68D0E517B9B2020006E331 /* libFlurry_4.2.3.a in Frameworks */,
				BF68D0E417B9B2020006E331 /* libAdapterSDKFlurryAppCircle.a in Frameworks */,
				BF68D0E617B9B2020006E331 /* libFlurryAds_4.2.3.a in Frameworks */,
				BF04BBF017B3AE4900D83137 /* MediaPlayer.framework in Frameworks */,
				BF04BBEE17B3AE4300D83137 /* CoreLocation.framework in Frameworks */,
				BF04BBEC17B3AE3900D83137 /* AdSupport.framework in Frameworks */,
				BF04BBEA17B3AE3300D83137 /* StoreKit.framework in Frameworks */,
				BF68D0DA17B9ADA90006E331 /* libGoogleAdMobAdapter_MobFoxSDK_iOS_4.1.6.a in Frameworks */,
				BFAD126716F136A100F6D429 /* UIKit.framework in Frameworks */,
				BFAD126916F136A100F6D429 /* Foundation.framework in Frameworks */,
				BFAD126B16F136A100F6D429 /* CoreGraphics.framework in Frameworks */,
				22089BA97554462C80199B37 /* libPods.a in Frameworks */,
			);
			runOnlyForDeploymentPostprocessing = 0;
		};
		BFAD128516F136A200F6D429 /* Frameworks */ = {
			isa = PBXFrameworksBuildPhase;
			buildActionMask = 2147483647;
			files = (
				BFAD128B16F136A200F6D429 /* SenTestingKit.framework in Frameworks */,
				BFAD128C16F136A200F6D429 /* UIKit.framework in Frameworks */,
				BFAD128D16F136A200F6D429 /* Foundation.framework in Frameworks */,
			);
			runOnlyForDeploymentPostprocessing = 0;
		};
/* End PBXFrameworksBuildPhase section */

/* Begin PBXGroup section */
		BF239B85179D462000005FCA /* Help */ = {
			isa = PBXGroup;
			children = (
				BF239B86179D462000005FCA /* GIHelpView.h */,
				BF239B87179D462000005FCA /* GIHelpView.m */,
				BF239B89179D463200005FCA /* GIHelpViewDelegate.h */,
			);
			name = Help;
			path = help;
			sourceTree = "<group>";
		};
		BF41EA91170BB48D006540E7 /* Categories */ = {
			isa = PBXGroup;
			children = (
				BFBAF9EF175B881400AA0AE1 /* GIGame+Factory.h */,
				BFBAF9F0175B881400AA0AE1 /* GIGame+Factory.m */,
				BF6943BC171CA2AD000F74E0 /* GIGame+PrettyDescription.h */,
				BF6943BD171CA2AD000F74E0 /* GIGame+PrettyDescription.m */,
				BFBAF9F2175B892400AA0AE1 /* GILevel+Factory.h */,
				BFBAF9F3175B892400AA0AE1 /* GILevel+Factory.m */,
				BF6943B9171CA244000F74E0 /* GILevel+PrettyDescription.h */,
				BF6943BA171CA244000F74E0 /* GILevel+PrettyDescription.m */,
				BF8D8B701795E454000D6507 /* GISound+Factory.h */,
				BF8D8B711795E454000D6507 /* GISound+Factory.m */,
				BF0EFE75176BC929007CD06F /* GIUserInterface+Factory.h */,
				BF0EFE76176BC929007CD06F /* GIUserInterface+Factory.m */,
				BF239B8D179E8F9800005FCA /* GIUserInterfaceElement+Factory.h */,
				BF239B8E179E8F9800005FCA /* GIUserInterfaceElement+Factory.m */,
				BF7DBC3917FAE189005831EE /* NSObject+Analytics.h */,
				BF7DBC3A17FAE189005831EE /* NSObject+Analytics.m */,
				BFF9E7371727F815003B4385 /* NSString+RandomString.h */,
				BFF9E7381727F815003B4385 /* NSString+RandomString.m */,
				BF7CD89317D24083008E23D5 /* NSString+Search.h */,
				BF7CD89417D24083008E23D5 /* NSString+Search.m */,
				BFF9297117243EF900F230C6 /* UIFont+GuessItFonts.h */,
				BFF9297217243EF900F230C6 /* UIFont+GuessItFonts.m */,
				BF1835E9172DC49D00E2CB5F /* UIImage+FromColor.h */,
				BF1835EA172DC49D00E2CB5F /* UIImage+FromColor.m */,
				BFDE0171176CFFBC00E704CF /* UINavigationController+GuessIt.h */,
				BFDE0172176CFFBC00E704CF /* UINavigationController+GuessIt.m */,
				BF68D0EB17BB1FC10006E331 /* UIView+GuessIt.h */,
				BF68D0EC17BB1FC10006E331 /* UIView+GuessIt.m */,
			);
			name = Categories;
			path = categories;
			sourceTree = "<group>";
		};
		BF56593E176E721400F5198A /* fonts */ = {
			isa = PBXGroup;
			children = (
				BF56593F176E721400F5198A /* JotiOne-Regular.ttf */,
				BF565940176E721400F5198A /* Lobster.ttf */,
			);
			path = fonts;
			sourceTree = "<group>";
		};
		BF68D0DB17B9ADAF0006E331 /* iAd */ = {
			isa = PBXGroup;
			children = (
				BF68D0DC17B9ADAF0006E331 /* libAdapterIAd.a */,
			);
			name = iAd;
			path = iad;
			sourceTree = "<group>";
		};
		BF68D0E017B9B2020006E331 /* Flurry */ = {
			isa = PBXGroup;
			children = (
				BF68D0E117B9B2020006E331 /* libAdapterSDKFlurryAppCircle.a */,
				BF68D0E217B9B2020006E331 /* libFlurry_4.2.3.a */,
				BF68D0E317B9B2020006E331 /* libFlurryAds_4.2.3.a */,
			);
			name = Flurry;
			path = flurry;
			sourceTree = "<group>";
		};
		BF712572175D40D2007F99EB /* Keyboard */ = {
			isa = PBXGroup;
			children = (
				BF71257D175D40F0007F99EB /* GIInputView.h */,
				BF71257E175D40F0007F99EB /* GIInputView.m */,
				BF712586175D4104007F99EB /* GIInputViewDelegate.h */,
				BF71257F175D40F0007F99EB /* GILetterView.h */,
				BF712580175D40F0007F99EB /* GILetterView.m */,
				BF712581175D40F0007F99EB /* GIPlaceholderView.h */,
				BF712582175D40F0007F99EB /* GIPlaceholderView.m */,
				BF712573175D40D2007F99EB /* Answer */,
				BF712577175D40D2007F99EB /* Keypad */,
			);
			name = Keyboard;
			path = keyboard;
			sourceTree = "<group>";
		};
		BF712573175D40D2007F99EB /* Answer */ = {
			isa = PBXGroup;
			children = (
				BF712574175D40D2007F99EB /* GIAnswerView.h */,
				BF712575175D40D2007F99EB /* GIAnswerView.m */,
				BF712576175D40D2007F99EB /* GIAnswerViewDelegate.h */,
			);
			name = Answer;
			path = answer;
			sourceTree = "<group>";
		};
		BF712577175D40D2007F99EB /* Keypad */ = {
			isa = PBXGroup;
			children = (
				BF712578175D40D2007F99EB /* GIKeypadView.h */,
				BF712579175D40D2007F99EB /* GIKeypadView.m */,
				BF71257A175D40D2007F99EB /* GIKeypadViewDelegate.h */,
			);
			name = Keypad;
			path = keypad;
			sourceTree = "<group>";
		};
		BF712587175D4238007F99EB /* Level */ = {
			isa = PBXGroup;
			children = (
				BFBF337017E7182F00B99DDC /* Game Over */,
				BF712588175D4238007F99EB /* GILevelView.h */,
				BF712589175D4238007F99EB /* GILevelView.m */,
				BF71258A175D4238007F99EB /* GILevelViewDelegate.h */,
				BF4D5E57180B737B0013C698 /* GILevelBackView.h */,
				BF4D5E58180B737B0013C698 /* GILevelBackView.m */,
				BF4D5E5A180B74A70013C698 /* GILevelBackViewDelegate.h */,
				BF99CD44176E317300CA2650 /* GICongratulationsView.h */,
				BF99CD45176E317300CA2650 /* GICongratulationsView.m */,
				BF85FE3117CE0B7D00AFDF70 /* GICongratulationsViewDelegate.h */,
			);
			name = Level;
			path = level;
			sourceTree = "<group>";
		};
		BF85FE3217CE0F4700AFDF70 /* Button */ = {
			isa = PBXGroup;
			children = (
				BF7DBC3317FA4AF7005831EE /* GIBarButton.h */,
				BF7DBC3417FA4AF7005831EE /* GIBarButton.m */,
				BFBAF9F7175D773200AA0AE1 /* GIGlowButton.h */,
				BFBAF9F8175D773200AA0AE1 /* GIGlowButton.m */,
				BF85FE3317CE0F6800AFDF70 /* GIIconButton.h */,
				BF85FE3417CE0F6800AFDF70 /* GIIconButton.m */,
			);
			name = Button;
			path = button;
			sourceTree = "<group>";
		};
		BF92630417A3E4C400C29A70 /* localization */ = {
			isa = PBXGroup;
			children = (
				BF92630517A3E4C400C29A70 /* congratulations.strings */,
				BFFDB7E217E86C180038AF56 /* game_over.strings */,
				BF92631117A3E56600C29A70 /* general.strings */,
				BF92630717A3E4C400C29A70 /* settings.strings */,
				BF68D0E717BB18060006E331 /* social.strings */,
				BFA68C5017F51D9500A44CE6 /* help.strings */,
			);
			path = localization;
			sourceTree = "<group>";
		};
		BFA68C4517F50E4700A44CE6 /* Settings */ = {
			isa = PBXGroup;
			children = (
				BFA68C4617F50E6600A44CE6 /* GISettingsCell.h */,
				BFA68C4717F50E6600A44CE6 /* GISettingsCell.m */,
				BFA68C4917F50F8A00A44CE6 /* GISettingsBuyCell.h */,
				BFA68C4A17F50F8A00A44CE6 /* GISettingsBuyCell.m */,
			);
			name = Settings;
			path = settings;
			sourceTree = "<group>";
		};
		BFAD125A16F136A100F6D429 = {
			isa = PBXGroup;
			children = (
				BFAD126C16F136A100F6D429 /* GuessIt */,
				BFAD129016F136A200F6D429 /* GuessItTests */,
				BFF9290E17243E0300F230C6 /* Resources */,
				BFAD126516F136A100F6D429 /* Frameworks */,
				BFAD126416F136A100F6D429 /* Products */,
				BFE6170517B5029D001F1C89 /* Vendor */,
				BD30177A3D9541AEB54F865D /* Pods.xcconfig */,
			);
			sourceTree = "<group>";
		};
		BFAD126416F136A100F6D429 /* Products */ = {
			isa = PBXGroup;
			children = (
				BFAD126316F136A100F6D429 /* GuessIt.app */,
				BFAD128916F136A200F6D429 /* GuessItTests.octest */,
			);
			name = Products;
			sourceTree = "<group>";
		};
		BFAD126516F136A100F6D429 /* Frameworks */ = {
			isa = PBXGroup;
			children = (
				BF68D0DE17B9AE440006E331 /* iAd.framework */,
				BF04BBEF17B3AE4900D83137 /* MediaPlayer.framework */,
				BF04BBED17B3AE4300D83137 /* CoreLocation.framework */,
				BF04BBEB17B3AE3800D83137 /* AdSupport.framework */,
				BF04BBE917B3AE3300D83137 /* StoreKit.framework */,
				BFAD126616F136A100F6D429 /* UIKit.framework */,
				BFAD126816F136A100F6D429 /* Foundation.framework */,
				BFAD126A16F136A100F6D429 /* CoreGraphics.framework */,
				BFAD128A16F136A200F6D429 /* SenTestingKit.framework */,
				62620204B775499F949AB190 /* libPods.a */,
			);
			name = Frameworks;
			sourceTree = "<group>";
		};
		BFAD126C16F136A100F6D429 /* GuessIt */ = {
			isa = PBXGroup;
			children = (
				BFAD12A116F1376600F6D429 /* Controller */,
				BFAD12A616F1376600F6D429 /* Model */,
				BFAD12AC16F1376600F6D429 /* View */,
				BF41EA91170BB48D006540E7 /* Categories */,
				BFAD12A716F1376600F6D429 /* Other */,
				BFAD126D16F136A100F6D429 /* Supporting Files */,
			);
			path = GuessIt;
			sourceTree = "<group>";
		};
		BFAD126D16F136A100F6D429 /* Supporting Files */ = {
			isa = PBXGroup;
			children = (
				BFAD126E16F136A100F6D429 /* GuessIt-Info.plist */,
			);
			name = "Supporting Files";
			sourceTree = "<group>";
		};
		BFAD129016F136A200F6D429 /* GuessItTests */ = {
			isa = PBXGroup;
			children = (
				BFAD129616F136A200F6D429 /* GuessItTests.h */,
				BFAD129716F136A200F6D429 /* GuessItTests.m */,
				BFAD129116F136A200F6D429 /* Supporting Files */,
			);
			path = GuessItTests;
			sourceTree = "<group>";
		};
		BFAD129116F136A200F6D429 /* Supporting Files */ = {
			isa = PBXGroup;
			children = (
				BFAD129216F136A200F6D429 /* GuessItTests-Info.plist */,
			);
			name = "Supporting Files";
			sourceTree = "<group>";
		};
		BFAD12A116F1376600F6D429 /* Controller */ = {
			isa = PBXGroup;
			children = (
				BF1F29B4170761D400A83FE3 /* GILevelViewController.h */,
				BF1F29B5170761D400A83FE3 /* GILevelViewController.m */,
				BFBDD2101701092000F5698E /* GIMainViewController.h */,
				BFBDD2111701092000F5698E /* GIMainViewController.m */,
				BF1F29B11707617700A83FE3 /* GIViewController.h */,
				BF1F29B21707617700A83FE3 /* GIViewController.m */,
				BF239B9017A1398300005FCA /* GISettingsViewController.h */,
				BF239B9117A1398300005FCA /* GISettingsViewController.m */,
			);
			name = Controller;
			path = controller;
			sourceTree = "<group>";
		};
		BFAD12A616F1376600F6D429 /* Model */ = {
			isa = PBXGroup;
			children = (
				BF659F701795AE5700C99668 /* GIConfiguration.h */,
				BF659F711795AE5700C99668 /* GIConfiguration.m */,
				BFB7CC91175B737B0055DBF0 /* GIGame.h */,
				BFB7CC92175B737B0055DBF0 /* GIGame.m */,
				BF1F29AE1707347800A83FE3 /* GILevel.h */,
				BF1F29AF1707347800A83FE3 /* GILevel.m */,
				BF659F761795AE7200C99668 /* GISound.h */,
				BF659F771795AE7200C99668 /* GISound.m */,
				BF659F731795AE6300C99668 /* GIUserInterface.h */,
				BF659F741795AE6300C99668 /* GIUserInterface.m */,
				BF239B8A179E8E5200005FCA /* GIUserInterfaceElement.h */,
				BF239B8B179E8E5200005FCA /* GIUserInterfaceElement.m */,
				BF1C462117AFBCF20042D149 /* GIAdManager.h */,
				BF1C462217AFBCF20042D149 /* GIAdManager.m */,
				BF1B484C17F852F1006A3DBC /* GIIAPManager.h */,
				BF1B484D17F852F1006A3DBC /* GIIAPManager.m */,
			);
			name = Model;
			path = model;
			sourceTree = "<group>";
		};
		BFAD12A716F1376600F6D429 /* Other */ = {
			isa = PBXGroup;
			children = (
				BF3DDBA2176D07230055A388 /* _GIAppDelegate.h */,
				BF3DDBA3176D07230055A388 /* _GIAppDelegate.m */,
				BFF5A2E4171EB74E00F401B3 /* GIDefinitions.h */,
				BF291E8B174ECA320066D5EF /* GIDefinitions.m */,
				BFAD12AA16F1376600F6D429 /* GuessIt-Prefix.pch */,
				BF3DDBA0176D070A0055A388 /* main.m */,
			);
			name = Other;
			path = other;
			sourceTree = "<group>";
		};
		BFAD12AC16F1376600F6D429 /* View */ = {
			isa = PBXGroup;
			children = (
				BF85FE3217CE0F4700AFDF70 /* Button */,
				BF239B85179D462000005FCA /* Help */,
				BF712572175D40D2007F99EB /* Keyboard */,
				BF712587175D4238007F99EB /* Level */,
				BFA68C4517F50E4700A44CE6 /* Settings */,
				BF565939176E6D3800F5198A /* GIModalPanel.h */,
				BF56593A176E6D3800F5198A /* GIModalPanel.m */,
				BF1835D3172C3D1D00E2CB5F /* GINavigationBar.h */,
				BF1835D4172C3D1D00E2CB5F /* GINavigationBar.m */,
				BFF92974172443AC00F230C6 /* GIShineLabel.h */,
				BFF92975172443AC00F230C6 /* GIShineLabel.m */,
			);
			name = View;
			path = view;
			sourceTree = "<group>";
		};
		BFBF337017E7182F00B99DDC /* Game Over */ = {
			isa = PBXGroup;
			children = (
				BF62EB8F17D940C1000B6A2C /* GIGameOverView.h */,
				BF62EB9017D940C1000B6A2C /* GIGameOverView.m */,
				BF2BFEA317EDE8DD00B734AB /* GIGameOverViewDelegate.h */,
				BFBF337117E7184700B99DDC /* GIGameOverCongratulationsView.h */,
				BFBF337217E7184700B99DDC /* GIGameOverCongratulationsView.m */,
				BFBF337A17E718C400B99DDC /* GIGameOverCreditsView.h */,
				BFBF337B17E718C400B99DDC /* GIGameOverCreditsView.m */,
				BFBF337717E7185C00B99DDC /* GIGameOverOtherGamesView.h */,
				BFBF337817E7185C00B99DDC /* GIGameOverOtherGamesView.m */,
			);
			name = "Game Over";
			sourceTree = "<group>";
		};
		BFE6170517B5029D001F1C89 /* Vendor */ = {
			isa = PBXGroup;
			children = (
				BF68D0E017B9B2020006E331 /* Flurry */,
				BF68D0DB17B9ADAF0006E331 /* iAd */,
				BFE6170617B5029D001F1C89 /* MobFox */,
			);
			name = Vendor;
			path = vendor;
			sourceTree = "<group>";
		};
		BFE6170617B5029D001F1C89 /* MobFox */ = {
			isa = PBXGroup;
			children = (
				BF68D0D917B9ADA90006E331 /* libGoogleAdMobAdapter_MobFoxSDK_iOS_4.1.6.a */,
				BFE6170817B5029D001F1C89 /* MRAID.bundle */,
			);
			name = MobFox;
			path = mobfox;
			sourceTree = "<group>";
		};
		BFF9290E17243E0300F230C6 /* Resources */ = {
			isa = PBXGroup;
			children = (
				BF56593E176E721400F5198A /* fonts */,
				BFF9290F17243E0300F230C6 /* images */,
				BF92630417A3E4C400C29A70 /* localization */,
			);
			path = Resources;
			sourceTree = "<group>";
		};
		BFF9290F17243E0300F230C6 /* images */ = {
			isa = PBXGroup;
			children = (
				BFFDB7D717E868B20038AF56 /* background_soon@2x.png */,
				BFFDB7DB17E868EC0038AF56 /* guessit_soon@2x.png */,
				BF92631917A5536600C29A70 /* icon_buy_coffee.png */,
				BF92631A17A5536600C29A70 /* icon_buy_coffee@2x.png */,
				BF92631D17A5537300C29A70 /* icon_buy_sandwich.png */,
				BF92631E17A5537300C29A70 /* icon_buy_sandwich@2x.png */,
				BF92632117A5537E00C29A70 /* icon_buy_dinner.png */,
				BF92632217A5537E00C29A70 /* icon_buy_dinner@2x.png */,
				BF92632517A5538B00C29A70 /* icon_buy_gift.png */,
				BF92632617A5538B00C29A70 /* icon_buy_gift@2x.png */,
				BF92632D17A553A400C29A70 /* icon_buy_clothes.png */,
				BF92632E17A553A400C29A70 /* icon_buy_clothes@2x.png */,
				BFE898EA1796FA630081E646 /* main_background@2x.png */,
				BF91795717244A8200B136E2 /* shine_mask@2x.png */,
			);
			path = images;
			sourceTree = "<group>";
		};
/* End PBXGroup section */

/* Begin PBXNativeTarget section */
		BFAD126216F136A100F6D429 /* GuessIt */ = {
			isa = PBXNativeTarget;
			buildConfigurationList = BFAD129B16F136A200F6D429 /* Build configuration list for PBXNativeTarget "GuessIt" */;
			buildPhases = (
				BFAD125F16F136A100F6D429 /* Sources */,
				BFAD126016F136A100F6D429 /* Frameworks */,
				BFAD126116F136A100F6D429 /* Resources */,
				0001E6E06D584022AC208D44 /* Copy Pods Resources */,
			);
			buildRules = (
			);
			dependencies = (
			);
			name = GuessIt;
			productName = GuessIt;
			productReference = BFAD126316F136A100F6D429 /* GuessIt.app */;
			productType = "com.apple.product-type.application";
		};
		BFAD128816F136A200F6D429 /* GuessItTests */ = {
			isa = PBXNativeTarget;
			buildConfigurationList = BFAD129E16F136A200F6D429 /* Build configuration list for PBXNativeTarget "GuessItTests" */;
			buildPhases = (
				BFAD128416F136A200F6D429 /* Sources */,
				BFAD128516F136A200F6D429 /* Frameworks */,
				BFAD128616F136A200F6D429 /* Resources */,
				BFAD128716F136A200F6D429 /* ShellScript */,
			);
			buildRules = (
			);
			dependencies = (
				BFAD128F16F136A200F6D429 /* PBXTargetDependency */,
			);
			name = GuessItTests;
			productName = GuessItTests;
			productReference = BFAD128916F136A200F6D429 /* GuessItTests.octest */;
			productType = "com.apple.product-type.bundle";
		};
/* End PBXNativeTarget section */

/* Begin PBXProject section */
		BFAD125B16F136A100F6D429 /* Project object */ = {
			isa = PBXProject;
			attributes = {
				CLASSPREFIX = GI;
				LastUpgradeCheck = 0460;
				ORGANIZATIONNAME = "Marlon Andrade";
			};
			buildConfigurationList = BFAD125E16F136A100F6D429 /* Build configuration list for PBXProject "GuessIt" */;
			compatibilityVersion = "Xcode 3.2";
			developmentRegion = English;
			hasScannedForEncodings = 0;
			knownRegions = (
				en,
				"pt-BR",
				pt,
			);
			mainGroup = BFAD125A16F136A100F6D429;
			productRefGroup = BFAD126416F136A100F6D429 /* Products */;
			projectDirPath = "";
			projectRoot = "";
			targets = (
				BFAD126216F136A100F6D429 /* GuessIt */,
				BFAD128816F136A200F6D429 /* GuessItTests */,
			);
		};
/* End PBXProject section */

/* Begin PBXResourcesBuildPhase section */
		BFAD126116F136A100F6D429 /* Resources */ = {
			isa = PBXResourcesBuildPhase;
			buildActionMask = 2147483647;
			files = (
				BFE898EB1796FA630081E646 /* main_background@2x.png in Resources */,
				BFE6170A17B5029D001F1C89 /* MRAID.bundle in Resources */,
				BF92632417A5537E00C29A70 /* icon_buy_dinner@2x.png in Resources */,
				BF92630C17A3E4C400C29A70 /* settings.strings in Resources */,
				BFA68C4E17F51D9500A44CE6 /* help.strings in Resources */,
				BFFDB7DD17E868EC0038AF56 /* guessit_soon@2x.png in Resources */,
				BF92633017A553A400C29A70 /* icon_buy_clothes@2x.png in Resources */,
				BFFDB7D917E868B20038AF56 /* background_soon@2x.png in Resources */,
				BF92631B17A5536600C29A70 /* icon_buy_coffee.png in Resources */,
				BF68D0E917BB18060006E331 /* social.strings in Resources */,
				BF92631C17A5536600C29A70 /* icon_buy_coffee@2x.png in Resources */,
				BF92632017A5537300C29A70 /* icon_buy_sandwich@2x.png in Resources */,
				BF92632717A5538B00C29A70 /* icon_buy_gift.png in Resources */,
				BF91795817244A8200B136E2 /* shine_mask@2x.png in Resources */,
				BF92630F17A3E56600C29A70 /* general.strings in Resources */,
				BF92632F17A553A400C29A70 /* icon_buy_clothes.png in Resources */,
				BF92632817A5538B00C29A70 /* icon_buy_gift@2x.png in Resources */,
				BF92631F17A5537300C29A70 /* icon_buy_sandwich.png in Resources */,
				BF92632317A5537E00C29A70 /* icon_buy_dinner.png in Resources */,
				BF565942176E721400F5198A /* Lobster.ttf in Resources */,
				BF565941176E721400F5198A /* JotiOne-Regular.ttf in Resources */,
				BFFDB7E017E86C180038AF56 /* game_over.strings in Resources */,
				BF92630B17A3E4C400C29A70 /* congratulations.strings in Resources */,
			);
			runOnlyForDeploymentPostprocessing = 0;
		};
		BFAD128616F136A200F6D429 /* Resources */ = {
			isa = PBXResourcesBuildPhase;
			buildActionMask = 2147483647;
			files = (
			);
			runOnlyForDeploymentPostprocessing = 0;
		};
/* End PBXResourcesBuildPhase section */

/* Begin PBXShellScriptBuildPhase section */
		0001E6E06D584022AC208D44 /* Copy Pods Resources */ = {
			isa = PBXShellScriptBuildPhase;
			buildActionMask = 2147483647;
			files = (
			);
			inputPaths = (
			);
			name = "Copy Pods Resources";
			outputPaths = (
			);
			runOnlyForDeploymentPostprocessing = 0;
			shellPath = /bin/sh;
			shellScript = "\"${SRCROOT}/Pods/Pods-resources.sh\"\n";
		};
		BFAD128716F136A200F6D429 /* ShellScript */ = {
			isa = PBXShellScriptBuildPhase;
			buildActionMask = 2147483647;
			files = (
			);
			inputPaths = (
			);
			outputPaths = (
			);
			runOnlyForDeploymentPostprocessing = 0;
			shellPath = /bin/sh;
			shellScript = "# Run the unit tests in this test bundle.\n\"${SYSTEM_DEVELOPER_DIR}/Tools/RunUnitTests\"\n";
		};
/* End PBXShellScriptBuildPhase section */

/* Begin PBXSourcesBuildPhase section */
		BFAD125F16F136A100F6D429 /* Sources */ = {
			isa = PBXSourcesBuildPhase;
			buildActionMask = 2147483647;
			files = (
				BFBDD2121701092000F5698E /* GIMainViewController.m in Sources */,
				BF1F29B01707347900A83FE3 /* GILevel.m in Sources */,
				BF1F29B31707617700A83FE3 /* GIViewController.m in Sources */,
				BFBF337317E7184700B99DDC /* GIGameOverCongratulationsView.m in Sources */,
				BF7DBC3517FA4AF7005831EE /* GIBarButton.m in Sources */,
				BF1B484E17F852F1006A3DBC /* GIIAPManager.m in Sources */,
				BF659F721795AE5700C99668 /* GIConfiguration.m in Sources */,
				BF85FE3517CE0F6800AFDF70 /* GIIconButton.m in Sources */,
				BF1C462317AFBCF20042D149 /* GIAdManager.m in Sources */,
				BF1F29B6170761D400A83FE3 /* GILevelViewController.m in Sources */,
				BF3DDBA4176D07230055A388 /* _GIAppDelegate.m in Sources */,
				BF6943BB171CA244000F74E0 /* GILevel+PrettyDescription.m in Sources */,
				BF3DDBA1176D070B0055A388 /* main.m in Sources */,
				BF6943BE171CA2AD000F74E0 /* GIGame+PrettyDescription.m in Sources */,
				BFF9297317243EF900F230C6 /* UIFont+GuessItFonts.m in Sources */,
				BF239B88179D462000005FCA /* GIHelpView.m in Sources */,
				BF68D0ED17BB1FC10006E331 /* UIView+GuessIt.m in Sources */,
				BFDE0173176CFFBC00E704CF /* UINavigationController+GuessIt.m in Sources */,
				BF659F751795AE6300C99668 /* GIUserInterface.m in Sources */,
				BFF92976172443AC00F230C6 /* GIShineLabel.m in Sources */,
				BFF9E7391727F815003B4385 /* NSString+RandomString.m in Sources */,
				BF239B8C179E8E5200005FCA /* GIUserInterfaceElement.m in Sources */,
				BF7DBC3B17FAE189005831EE /* NSObject+Analytics.m in Sources */,
				BF1835D5172C3D1D00E2CB5F /* GINavigationBar.m in Sources */,
				BF62EB9117D940C2000B6A2C /* GIGameOverView.m in Sources */,
				BF239B8F179E8F9800005FCA /* GIUserInterfaceElement+Factory.m in Sources */,
				BF1835EB172DC49D00E2CB5F /* UIImage+FromColor.m in Sources */,
				BF291E8C174ECA320066D5EF /* GIDefinitions.m in Sources */,
				BFB7CC93175B737B0055DBF0 /* GIGame.m in Sources */,
				BFBAF9F1175B881400AA0AE1 /* GIGame+Factory.m in Sources */,
				BFBAF9F4175B892500AA0AE1 /* GILevel+Factory.m in Sources */,
				BFBF337C17E718C400B99DDC /* GIGameOverCreditsView.m in Sources */,
				BF71257B175D40D2007F99EB /* GIAnswerView.m in Sources */,
				BF7CD89517D24083008E23D5 /* NSString+Search.m in Sources */,
				BF71257C175D40D2007F99EB /* GIKeypadView.m in Sources */,
				BF712583175D40F0007F99EB /* GIInputView.m in Sources */,
				BF712584175D40F0007F99EB /* GILetterView.m in Sources */,
				BF712585175D40F0007F99EB /* GIPlaceholderView.m in Sources */,
				BFA68C4B17F50F8A00A44CE6 /* GISettingsBuyCell.m in Sources */,
				BF4D5E59180B737B0013C698 /* GILevelBackView.m in Sources */,
				BF659F6D1795675C00C99668 /* GICongratulationsView.m in Sources */,
				BF659F781795AE7200C99668 /* GISound.m in Sources */,
				BF71258B175D4238007F99EB /* GILevelView.m in Sources */,
				BFBAF9F9175D773200AA0AE1 /* GIGlowButton.m in Sources */,
				BF239B9217A1398300005FCA /* GISettingsViewController.m in Sources */,
				BFA68C4817F50E6600A44CE6 /* GISettingsCell.m in Sources */,
				BF56593B176E6D3800F5198A /* GIModalPanel.m in Sources */,
				BFBF337917E7185C00B99DDC /* GIGameOverOtherGamesView.m in Sources */,
				BF0EFE77176BC929007CD06F /* GIUserInterface+Factory.m in Sources */,
			);
			runOnlyForDeploymentPostprocessing = 0;
		};
		BFAD128416F136A200F6D429 /* Sources */ = {
			isa = PBXSourcesBuildPhase;
			buildActionMask = 2147483647;
			files = (
				BFAD129816F136A200F6D429 /* GuessItTests.m in Sources */,
			);
			runOnlyForDeploymentPostprocessing = 0;
		};
/* End PBXSourcesBuildPhase section */

/* Begin PBXTargetDependency section */
		BFAD128F16F136A200F6D429 /* PBXTargetDependency */ = {
			isa = PBXTargetDependency;
			target = BFAD126216F136A100F6D429 /* GuessIt */;
			targetProxy = BFAD128E16F136A200F6D429 /* PBXContainerItemProxy */;
		};
/* End PBXTargetDependency section */

/* Begin PBXVariantGroup section */
		BF68D0E717BB18060006E331 /* social.strings */ = {
			isa = PBXVariantGroup;
			children = (
				BF68D0E817BB18060006E331 /* en */,
				BF68D0EA17BB196A0006E331 /* pt */,
			);
			name = social.strings;
			sourceTree = "<group>";
		};
		BF92630517A3E4C400C29A70 /* congratulations.strings */ = {
			isa = PBXVariantGroup;
			children = (
				BF92630617A3E4C400C29A70 /* en */,
				BF92630917A3E4C400C29A70 /* pt */,
			);
			name = congratulations.strings;
			sourceTree = "<group>";
		};
		BF92630717A3E4C400C29A70 /* settings.strings */ = {
			isa = PBXVariantGroup;
			children = (
				BF92630817A3E4C400C29A70 /* en */,
				BF92630A17A3E4C400C29A70 /* pt */,
			);
			name = settings.strings;
			sourceTree = "<group>";
		};
		BF92631117A3E56600C29A70 /* general.strings */ = {
			isa = PBXVariantGroup;
			children = (
				BF92631017A3E56600C29A70 /* en */,
				BF92631217A3E56700C29A70 /* pt */,
			);
			name = general.strings;
			sourceTree = "<group>";
		};
		BFA68C5017F51D9500A44CE6 /* help.strings */ = {
			isa = PBXVariantGroup;
			children = (
				BFA68C4F17F51D9500A44CE6 /* en */,
				BFA68C5117F51D9800A44CE6 /* pt */,
			);
			name = help.strings;
			sourceTree = "<group>";
		};
		BFFDB7E217E86C180038AF56 /* game_over.strings */ = {
			isa = PBXVariantGroup;
			children = (
				BFFDB7E117E86C180038AF56 /* en */,
				BFFDB7E317E86C1C0038AF56 /* pt */,
			);
			name = game_over.strings;
			sourceTree = "<group>";
		};
/* End PBXVariantGroup section */

/* Begin XCBuildConfiguration section */
		BFAD129916F136A200F6D429 /* Debug */ = {
			isa = XCBuildConfiguration;
			buildSettings = {
				ALWAYS_SEARCH_USER_PATHS = NO;
				CLANG_CXX_LANGUAGE_STANDARD = "gnu++0x";
				CLANG_CXX_LIBRARY = "libc++";
				CLANG_ENABLE_OBJC_ARC = YES;
				CLANG_WARN_CONSTANT_CONVERSION = YES;
				CLANG_WARN_EMPTY_BODY = YES;
				CLANG_WARN_ENUM_CONVERSION = YES;
				CLANG_WARN_INT_CONVERSION = YES;
				CLANG_WARN__DUPLICATE_METHOD_MATCH = YES;
				"CODE_SIGN_IDENTITY[sdk=iphoneos*]" = "iPhone Developer";
				COPY_PHASE_STRIP = NO;
				GCC_C_LANGUAGE_STANDARD = gnu99;
				GCC_DYNAMIC_NO_PIC = NO;
				GCC_OPTIMIZATION_LEVEL = 0;
				GCC_PREPROCESSOR_DEFINITIONS = (
					"DEBUG=1",
					"$(inherited)",
				);
				GCC_SYMBOLS_PRIVATE_EXTERN = NO;
				GCC_WARN_ABOUT_RETURN_TYPE = YES;
				GCC_WARN_UNINITIALIZED_AUTOS = YES;
				GCC_WARN_UNUSED_VARIABLE = YES;
				IPHONEOS_DEPLOYMENT_TARGET = 6.1;
				ONLY_ACTIVE_ARCH = YES;
				SDKROOT = iphoneos;
			};
			name = Debug;
		};
		BFAD129A16F136A200F6D429 /* Release */ = {
			isa = XCBuildConfiguration;
			buildSettings = {
				ALWAYS_SEARCH_USER_PATHS = NO;
				CLANG_CXX_LANGUAGE_STANDARD = "gnu++0x";
				CLANG_CXX_LIBRARY = "libc++";
				CLANG_ENABLE_OBJC_ARC = YES;
				CLANG_WARN_CONSTANT_CONVERSION = YES;
				CLANG_WARN_EMPTY_BODY = YES;
				CLANG_WARN_ENUM_CONVERSION = YES;
				CLANG_WARN_INT_CONVERSION = YES;
				CLANG_WARN__DUPLICATE_METHOD_MATCH = YES;
				"CODE_SIGN_IDENTITY[sdk=iphoneos*]" = "iPhone Developer";
				COPY_PHASE_STRIP = YES;
				GCC_C_LANGUAGE_STANDARD = gnu99;
				GCC_WARN_ABOUT_RETURN_TYPE = YES;
				GCC_WARN_UNINITIALIZED_AUTOS = YES;
				GCC_WARN_UNUSED_VARIABLE = YES;
				IPHONEOS_DEPLOYMENT_TARGET = 6.1;
				OTHER_CFLAGS = "-DNS_BLOCK_ASSERTIONS=1";
				SDKROOT = iphoneos;
				VALIDATE_PRODUCT = YES;
			};
			name = Release;
		};
		BFAD129C16F136A200F6D429 /* Debug */ = {
			isa = XCBuildConfiguration;
			baseConfigurationReference = BD30177A3D9541AEB54F865D /* Pods.xcconfig */;
			buildSettings = {
				FRAMEWORK_SEARCH_PATHS = (
					"$(inherited)",
					"/Users/marlonandrade/dev/guess-it/framework",
					"/Users/marlonandrade/dev/guess-it/framework/Resources/frameworks",
					"/Users/marlonandrade/dev/guess-it/framework/frameworks",
				);
				GCC_PRECOMPILE_PREFIX_HEADER = YES;
				GCC_PREFIX_HEADER = "GuessIt/other/GuessIt-Prefix.pch";
				INFOPLIST_FILE = "GuessIt/GuessIt-Info.plist";
				IPHONEOS_DEPLOYMENT_TARGET = 6.0;
				LIBRARY_SEARCH_PATHS = (
					"$(inherited)",
					"/Users/marlonandrade/dev/guess-it/framework/vendor/mobfox",
					"/Users/marlonandrade/dev/guess-it/framework/vendor/iad",
					"/Users/marlonandrade/dev/guess-it/framework/vendor/flurry",
				);
				PRODUCT_NAME = "$(TARGET_NAME)";
				WRAPPER_EXTENSION = app;
			};
			name = Debug;
		};
		BFAD129D16F136A200F6D429 /* Release */ = {
			isa = XCBuildConfiguration;
			baseConfigurationReference = BD30177A3D9541AEB54F865D /* Pods.xcconfig */;
			buildSettings = {
				FRAMEWORK_SEARCH_PATHS = (
					"$(inherited)",
					"/Users/marlonandrade/dev/guess-it/framework",
					"/Users/marlonandrade/dev/guess-it/framework/Resources/frameworks",
					"/Users/marlonandrade/dev/guess-it/framework/frameworks",
				);
				GCC_PRECOMPILE_PREFIX_HEADER = YES;
				GCC_PREFIX_HEADER = "GuessIt/other/GuessIt-Prefix.pch";
				INFOPLIST_FILE = "GuessIt/GuessIt-Info.plist";
				IPHONEOS_DEPLOYMENT_TARGET = 6.0;
				LIBRARY_SEARCH_PATHS = (
					"$(inherited)",
					"/Users/marlonandrade/dev/guess-it/framework/vendor/mobfox",
					"/Users/marlonandrade/dev/guess-it/framework/vendor/iad",
					"/Users/marlonandrade/dev/guess-it/framework/vendor/flurry",
				);
				PRODUCT_NAME = "$(TARGET_NAME)";
				WRAPPER_EXTENSION = app;
			};
			name = Release;
		};
		BFAD129F16F136A200F6D429 /* Debug */ = {
			isa = XCBuildConfiguration;
			buildSettings = {
				BUNDLE_LOADER = "$(BUILT_PRODUCTS_DIR)/GuessIt.app/GuessIt";
				FRAMEWORK_SEARCH_PATHS = (
					"\"$(SDKROOT)/Developer/Library/Frameworks\"",
					"\"$(DEVELOPER_LIBRARY_DIR)/Frameworks\"",
				);
				GCC_PRECOMPILE_PREFIX_HEADER = YES;
				GCC_PREFIX_HEADER = "GuessIt/GuessIt-Prefix.pch";
				INFOPLIST_FILE = "GuessItTests/GuessItTests-Info.plist";
				PRODUCT_NAME = "$(TARGET_NAME)";
				TEST_HOST = "$(BUNDLE_LOADER)";
				WRAPPER_EXTENSION = octest;
			};
			name = Debug;
		};
		BFAD12A016F136A200F6D429 /* Release */ = {
			isa = XCBuildConfiguration;
			buildSettings = {
				BUNDLE_LOADER = "$(BUILT_PRODUCTS_DIR)/GuessIt.app/GuessIt";
				FRAMEWORK_SEARCH_PATHS = (
					"\"$(SDKROOT)/Developer/Library/Frameworks\"",
					"\"$(DEVELOPER_LIBRARY_DIR)/Frameworks\"",
				);
				GCC_PRECOMPILE_PREFIX_HEADER = YES;
				GCC_PREFIX_HEADER = "GuessIt/GuessIt-Prefix.pch";
				INFOPLIST_FILE = "GuessItTests/GuessItTests-Info.plist";
				PRODUCT_NAME = "$(TARGET_NAME)";
				TEST_HOST = "$(BUNDLE_LOADER)";
				WRAPPER_EXTENSION = octest;
			};
			name = Release;
		};
/* End XCBuildConfiguration section */

/* Begin XCConfigurationList section */
		BFAD125E16F136A100F6D429 /* Build configuration list for PBXProject "GuessIt" */ = {
			isa = XCConfigurationList;
			buildConfigurations = (
				BFAD129916F136A200F6D429 /* Debug */,
				BFAD129A16F136A200F6D429 /* Release */,
			);
			defaultConfigurationIsVisible = 0;
			defaultConfigurationName = Release;
		};
		BFAD129B16F136A200F6D429 /* Build configuration list for PBXNativeTarget "GuessIt" */ = {
			isa = XCConfigurationList;
			buildConfigurations = (
				BFAD129C16F136A200F6D429 /* Debug */,
				BFAD129D16F136A200F6D429 /* Release */,
			);
			defaultConfigurationIsVisible = 0;
			defaultConfigurationName = Release;
		};
		BFAD129E16F136A200F6D429 /* Build configuration list for PBXNativeTarget "GuessItTests" */ = {
			isa = XCConfigurationList;
			buildConfigurations = (
				BFAD129F16F136A200F6D429 /* Debug */,
				BFAD12A016F136A200F6D429 /* Release */,
			);
			defaultConfigurationIsVisible = 0;
			defaultConfigurationName = Release;
		};
/* End XCConfigurationList section */
	};
	rootObject = BFAD125B16F136A100F6D429 /* Project object */;
}
