
PODS:
- MALazykit (0.1.5)
- SSToolkit (1.0.3)

DEPENDENCIES:
- MALazykit (from `https://raw.github.com/marlonandrade/Specs/master/MALazykit/0.1.5/MALazykit.podspec')
- SSToolkit

EXTERNAL SOURCES:
  MALazykit:
    :podspec: https://raw.github.com/marlonandrade/Specs/master/MALazykit/0.1.5/MALazykit.podspec

SPEC CHECKSUMS:
  MALazykit: ecb8540677bb9f65f6c0f27135c89809b7d893f9
  SSToolkit: 602c86592fc606a971370cf2a60b384dec09c7fd

COCOAPODS: 0.16.4
