PODS:
  - AdMob (6.4.2)
  - AFNetworking (1.3.1)
  - AHEasing (1.1)
  - Finch (0.1)
  - FontAwesome+iOS (0.0.1)
  - MALazykit (HEAD based on 0.1.10)
  - MASimplestSemiModalViewController (0.1)
  - SSToolkit (1.0.4)
  - SVProgressHUD (0.9)
  - UAModalPanel (1.1.1)
  - UIView+EasingFunctions (0.0.1)
  - uiview-frame-helpers (0.1.1)

DEPENDENCIES:
  - AdMob
  - AFNetworking (~> 1.3.1)
  - AHEasing (~> 1.1)
  - Finch (~> 0.1)
  - FontAwesome+iOS
  - MALazykit (HEAD)
  - MASimplestSemiModalViewController
  - SSToolkit
  - SVProgressHUD
  - UAModalPanel
  - UIView+EasingFunctions (~> 0.0.1)
  - uiview-frame-helpers

SPEC CHECKSUMS:
  AdMob: 44f411d138329b8db372997d9958e62cd33c2fa2
  AFNetworking: 9ec8aafb9269236a7630bd8d9838ce2ba30fa2a0
  AHEasing: b9a02ca67d0d663e2a8b83fd24fa8c2ecc5ddf9b
  Finch: dd157f537cc9a1326b3b98c38246dc40abe794b2
  FontAwesome+iOS: 2aa702396e80d0f9a553a8110fc6de660ad2c8e3
  MALazykit: 7a3c9c4004f85f8db26962c4b041e18f4f64b9dc
  MASimplestSemiModalViewController: 2ad4c181ad3010ced5e66c3b5e7999cc0aab217e
  SSToolkit: 689acaedac79c2079e492e528a55bcb5db9d98c4
  SVProgressHUD: 03d4845ec8e64591726428a08236c6a5489d45f8
  UAModalPanel: e0f697b4d89ccf0f07c3dc2eb7d17d0e3cb7fe56
  UIView+EasingFunctions: b27927be096f11b2d9551cefd63c08683bbd2a9f
  uiview-frame-helpers: d01c252e592b409a5b41332177e2a2da0a661390

COCOAPODS: 0.25.0
