PODS:
  - AFNetworking (1.3.4)
  - AHEasing (1.2)
  - Finch (1.0.0)
  - FontAwesome+iOS (0.1.1)
  - Google-Mobile-Ads-SDK (6.9.2)
  - GoogleAnalytics-iOS-SDK (3.0.7)
  - MALazykit (HEAD based on 0.1.10)
  - MASimplestSemiModalViewController (0.1)
  - SAMAddressBar (0.1.0)
  - SAMBadgeView (0.1.0)
  - SAMCategories (0.5.2)
  - SAMCircleProgressView (0.1.1)
  - SAMGradientView (0.2.1)
  - SAMHUDView (0.1.3)
  - SAMLabel (0.1.0)
  - SAMLoadingView (0.1.0)
  - SAMRateLimit (0.2.0)
  - SAMTextField (0.1.1)
  - SAMTextView (0.2.1)
  - SAMWebView (0.2.1)
  - SSToolkit (2.0.0):
    - SAMAddressBar
    - SAMBadgeView
    - SAMCategories
    - SAMCircleProgressView
    - SAMGradientView
    - SAMHUDView
    - SAMLabel
    - SAMLoadingView
    - SAMRateLimit
    - SAMTextField
    - SAMTextView
    - SAMWebView
  - SVProgressHUD (1.0)
  - UAModalPanel (1.1.1)
  - UIView+EasingFunctions (0.0.2):
    - UIView+EasingFunctions/Bare (= 0.0.2)
    - UIView+EasingFunctions/WithAHEasing (= 0.0.2)
  - UIView+EasingFunctions/Bare (0.0.2)
  - UIView+EasingFunctions/WithAHEasing (0.0.2):
    - AHEasing
  - uiview-frame-helpers (0.1.1)

DEPENDENCIES:
  - AFNetworking (~> 1.3.1)
  - AHEasing (~> 1.1)
  - Finch
  - FontAwesome+iOS
  - Google-Mobile-Ads-SDK
  - GoogleAnalytics-iOS-SDK
  - MALazykit (HEAD)
  - MASimplestSemiModalViewController
  - SSToolkit
  - SVProgressHUD
  - UAModalPanel
  - UIView+EasingFunctions (~> 0.0.1)
  - uiview-frame-helpers

SPEC CHECKSUMS:
  AFNetworking: cf8e418e16f0c9c7e5c3150d019a3c679d015018
  AHEasing: 847f583bcd83a2bb850e38ccdb26d22e2593f34d
  Finch: 1c4160b5dc530ae0bcede7fb05beeb4151b88ded
  FontAwesome+iOS: 26037dac07b0768df058a1abfd28b10d553db393
  Google-Mobile-Ads-SDK: c260aeff59be1eecdaa5e57f26e6699a3ecbc50e
  GoogleAnalytics-iOS-SDK: 8737363000dd5ba8ba20efd90bcfb730ca22bc2d
  MALazykit: c24ef27490e86d8552746fff046da6b37d035918
  MASimplestSemiModalViewController: fbcfb30f1616bebe3595641058032fa989c3741a
  SAMAddressBar: ca4278987cca36a65fd8d29fae3fc5f3fa732469
  SAMBadgeView: fb5c4b7f13b311b4e754a179fb6c783df19767e1
  SAMCategories: bf8287f7961a0b343168d1fee16338dc1626ea39
  SAMCircleProgressView: 8bfac68a15d1dd1e3d0c1ec411895898efed9dda
  SAMGradientView: dd5edfe971cea0f1f3369b49f5fb255c0ff3921a
  SAMHUDView: 374d9b53c2d52bf2e7b49e943ae66ee7ed5538b2
  SAMLabel: 3792d68d0a04da5600420843d44ec50631695c15
  SAMLoadingView: 7ffc4f0efe85f9717d6e367b6b93e32befe4407c
  SAMRateLimit: ba2d40ccb3a4bf04e425035ef1ca88751d969e47
  SAMTextField: 772c39fb1601cd15fe565239724fc056dd720ed9
  SAMTextView: 95ba155e3ecd4ef5236311f0137ae1b8ce928352
  SAMWebView: d141ed60d23f82a0cbfeeb952e93a690f55bc89f
  SSToolkit: 6aa7a0966ee45788d0ec3748be7d753a2fef9629
  SVProgressHUD: 46088807596a795cbcb4affd92cf3f13b6ab3dda
  UAModalPanel: f53b27c1c2704b49335c14ccfab1b427167cb8b0
  UIView+EasingFunctions: 6d0194f58ddeb8c2d380d016cb54b593fcbb2482
  uiview-frame-helpers: c3feade603cca5c805dd857e64692c7e7e01d5ec

COCOAPODS: 0.38.2
