// !$*UTF8*$!
{
	archiveVersion = 1;
	classes = {
	};
	objectVersion = 46;
	objects = {

/* Begin PBXBuildFile section */
		A6803577574F4F83890D758D /* libPods.a in Frameworks */ = {isa = PBXBuildFile; fileRef = E707F79B80A948F3AC585B8C /* libPods.a */; };
		BFAD11A416F12C0800F6D429 /* UIKit.framework in Frameworks */ = {isa = PBXBuildFile; fileRef = BFAD11A316F12C0800F6D429 /* UIKit.framework */; };
		BFAD11A616F12C0800F6D429 /* Foundation.framework in Frameworks */ = {isa = PBXBuildFile; fileRef = BFAD11A516F12C0800F6D429 /* Foundation.framework */; };
		BFAD11A816F12C0800F6D429 /* CoreGraphics.framework in Frameworks */ = {isa = PBXBuildFile; fileRef = BFAD11A716F12C0800F6D429 /* CoreGraphics.framework */; };
		BFAD11C816F12C0800F6D429 /* SenTestingKit.framework in Frameworks */ = {isa = PBXBuildFile; fileRef = BFAD11C716F12C0800F6D429 /* SenTestingKit.framework */; };
		BFAD11C916F12C0800F6D429 /* UIKit.framework in Frameworks */ = {isa = PBXBuildFile; fileRef = BFAD11A316F12C0800F6D429 /* UIKit.framework */; };
		BFAD11CA16F12C0800F6D429 /* Foundation.framework in Frameworks */ = {isa = PBXBuildFile; fileRef = BFAD11A516F12C0800F6D429 /* Foundation.framework */; };
		BFAD11D216F12C0800F6D429 /* InfoPlist.strings in Resources */ = {isa = PBXBuildFile; fileRef = BFAD11D016F12C0800F6D429 /* InfoPlist.strings */; };
		BFAD11D516F12C0800F6D429 /* BSIGuessItTests.m in Sources */ = {isa = PBXBuildFile; fileRef = BFAD11D416F12C0800F6D429 /* BSIGuessItTests.m */; };
		BFAD11F316F12D8E00F6D429 /* MAAppDelegate.m in Sources */ = {isa = PBXBuildFile; fileRef = BFAD11E516F12D8E00F6D429 /* MAAppDelegate.m */; };
		BFAD11F416F12D8E00F6D429 /* main.m in Sources */ = {isa = PBXBuildFile; fileRef = BFAD11E616F12D8E00F6D429 /* main.m */; };
		BFAD120616F12DF400F6D429 /* Default-568h@2x.png in Resources */ = {isa = PBXBuildFile; fileRef = BFAD120116F12DF400F6D429 /* Default-568h@2x.png */; };
		BFAD120716F12DF400F6D429 /* Default.png in Resources */ = {isa = PBXBuildFile; fileRef = BFAD120216F12DF400F6D429 /* Default.png */; };
		BFAD120816F12DF400F6D429 /* Default@2x.png in Resources */ = {isa = PBXBuildFile; fileRef = BFAD120316F12DF400F6D429 /* Default@2x.png */; };
		BFAD120E16F12E1D00F6D429 /* InfoPlist.strings in Resources */ = {isa = PBXBuildFile; fileRef = BFAD120A16F12E1D00F6D429 /* InfoPlist.strings */; };
		BFAD120F16F12E1D00F6D429 /* MainStoryboard.storyboard in Resources */ = {isa = PBXBuildFile; fileRef = BFAD120C16F12E1D00F6D429 /* MainStoryboard.storyboard */; };
/* End PBXBuildFile section */

/* Begin PBXContainerItemProxy section */
		BFAD11CB16F12C0800F6D429 /* PBXContainerItemProxy */ = {
			isa = PBXContainerItemProxy;
			containerPortal = BFAD119816F12C0800F6D429 /* Project object */;
			proxyType = 1;
			remoteGlobalIDString = BFAD119F16F12C0800F6D429;
			remoteInfo = BSIGuessIt;
		};
/* End PBXContainerItemProxy section */

/* Begin PBXFileReference section */
		8781AC42E3404A9EB7B24436 /* Pods.xcconfig */ = {isa = PBXFileReference; includeInIndex = 1; lastKnownFileType = text.xcconfig; name = Pods.xcconfig; path = Pods/Pods.xcconfig; sourceTree = SOURCE_ROOT; };
		BFAD11A016F12C0800F6D429 /* BSIGuessIt.app */ = {isa = PBXFileReference; explicitFileType = wrapper.application; includeInIndex = 0; path = BSIGuessIt.app; sourceTree = BUILT_PRODUCTS_DIR; };
		BFAD11A316F12C0800F6D429 /* UIKit.framework */ = {isa = PBXFileReference; lastKnownFileType = wrapper.framework; name = UIKit.framework; path = System/Library/Frameworks/UIKit.framework; sourceTree = SDKROOT; };
		BFAD11A516F12C0800F6D429 /* Foundation.framework */ = {isa = PBXFileReference; lastKnownFileType = wrapper.framework; name = Foundation.framework; path = System/Library/Frameworks/Foundation.framework; sourceTree = SDKROOT; };
		BFAD11A716F12C0800F6D429 /* CoreGraphics.framework */ = {isa = PBXFileReference; lastKnownFileType = wrapper.framework; name = CoreGraphics.framework; path = System/Library/Frameworks/CoreGraphics.framework; sourceTree = SDKROOT; };
		BFAD11C616F12C0800F6D429 /* BSIGuessItTests.octest */ = {isa = PBXFileReference; explicitFileType = wrapper.cfbundle; includeInIndex = 0; path = BSIGuessItTests.octest; sourceTree = BUILT_PRODUCTS_DIR; };
		BFAD11C716F12C0800F6D429 /* SenTestingKit.framework */ = {isa = PBXFileReference; lastKnownFileType = wrapper.framework; name = SenTestingKit.framework; path = Library/Frameworks/SenTestingKit.framework; sourceTree = DEVELOPER_DIR; };
		BFAD11CF16F12C0800F6D429 /* BSIGuessItTests-Info.plist */ = {isa = PBXFileReference; lastKnownFileType = text.plist.xml; path = "BSIGuessItTests-Info.plist"; sourceTree = "<group>"; };
		BFAD11D116F12C0800F6D429 /* en */ = {isa = PBXFileReference; lastKnownFileType = text.plist.strings; name = en; path = en.lproj/InfoPlist.strings; sourceTree = "<group>"; };
		BFAD11D316F12C0800F6D429 /* BSIGuessItTests.h */ = {isa = PBXFileReference; lastKnownFileType = sourcecode.c.h; path = BSIGuessItTests.h; sourceTree = "<group>"; };
		BFAD11D416F12C0800F6D429 /* BSIGuessItTests.m */ = {isa = PBXFileReference; lastKnownFileType = sourcecode.c.objc; path = BSIGuessItTests.m; sourceTree = "<group>"; };
		BFAD11E316F12D8E00F6D429 /* BSIGuessIt-Prefix.pch */ = {isa = PBXFileReference; fileEncoding = 4; lastKnownFileType = sourcecode.c.h; path = "BSIGuessIt-Prefix.pch"; sourceTree = "<group>"; };
		BFAD11E416F12D8E00F6D429 /* MAAppDelegate.h */ = {isa = PBXFileReference; fileEncoding = 4; lastKnownFileType = sourcecode.c.h; path = MAAppDelegate.h; sourceTree = "<group>"; };
		BFAD11E516F12D8E00F6D429 /* MAAppDelegate.m */ = {isa = PBXFileReference; fileEncoding = 4; lastKnownFileType = sourcecode.c.objc; path = MAAppDelegate.m; sourceTree = "<group>"; };
		BFAD11E616F12D8E00F6D429 /* main.m */ = {isa = PBXFileReference; fileEncoding = 4; lastKnownFileType = sourcecode.c.objc; path = main.m; sourceTree = "<group>"; };
		BFAD120116F12DF400F6D429 /* Default-568h@2x.png */ = {isa = PBXFileReference; lastKnownFileType = image.png; path = "Default-568h@2x.png"; sourceTree = "<group>"; };
		BFAD120216F12DF400F6D429 /* Default.png */ = {isa = PBXFileReference; lastKnownFileType = image.png; path = Default.png; sourceTree = "<group>"; };
		BFAD120316F12DF400F6D429 /* Default@2x.png */ = {isa = PBXFileReference; lastKnownFileType = image.png; path = "Default@2x.png"; sourceTree = "<group>"; };
		BFAD120B16F12E1D00F6D429 /* en */ = {isa = PBXFileReference; lastKnownFileType = text.plist.strings; name = en; path = en.lproj/InfoPlist.strings; sourceTree = "<group>"; };
		BFAD120D16F12E1D00F6D429 /* en */ = {isa = PBXFileReference; lastKnownFileType = file.storyboard; name = en; path = en.lproj/MainStoryboard.storyboard; sourceTree = "<group>"; };
		BFAD121016F12E2B00F6D429 /* BSIGuessIt-Info.plist */ = {isa = PBXFileReference; fileEncoding = 4; lastKnownFileType = text.plist.xml; path = "BSIGuessIt-Info.plist"; sourceTree = "<group>"; };
		E707F79B80A948F3AC585B8C /* libPods.a */ = {isa = PBXFileReference; explicitFileType = archive.ar; includeInIndex = 0; path = libPods.a; sourceTree = BUILT_PRODUCTS_DIR; };
/* End PBXFileReference section */

/* Begin PBXFrameworksBuildPhase section */
		BFAD119D16F12C0800F6D429 /* Frameworks */ = {
			isa = PBXFrameworksBuildPhase;
			buildActionMask = 2147483647;
			files = (
				BFAD11A416F12C0800F6D429 /* UIKit.framework in Frameworks */,
				BFAD11A616F12C0800F6D429 /* Foundation.framework in Frameworks */,
				BFAD11A816F12C0800F6D429 /* CoreGraphics.framework in Frameworks */,
				A6803577574F4F83890D758D /* libPods.a in Frameworks */,
			);
			runOnlyForDeploymentPostprocessing = 0;
		};
		BFAD11C216F12C0800F6D429 /* Frameworks */ = {
			isa = PBXFrameworksBuildPhase;
			buildActionMask = 2147483647;
			files = (
				BFAD11C816F12C0800F6D429 /* SenTestingKit.framework in Frameworks */,
				BFAD11C916F12C0800F6D429 /* UIKit.framework in Frameworks */,
				BFAD11CA16F12C0800F6D429 /* Foundation.framework in Frameworks */,
			);
			runOnlyForDeploymentPostprocessing = 0;
		};
/* End PBXFrameworksBuildPhase section */

/* Begin PBXGroup section */
		BFAD119716F12C0800F6D429 = {
			isa = PBXGroup;
			children = (
				BFAD11A916F12C0800F6D429 /* BSIGuessIt */,
				BFAD11CD16F12C0800F6D429 /* BSIGuessItTests */,
				BFAD11A216F12C0800F6D429 /* Frameworks */,
				BFAD11A116F12C0800F6D429 /* Products */,
				8781AC42E3404A9EB7B24436 /* Pods.xcconfig */,
			);
			sourceTree = "<group>";
		};
		BFAD11A116F12C0800F6D429 /* Products */ = {
			isa = PBXGroup;
			children = (
				BFAD11A016F12C0800F6D429 /* BSIGuessIt.app */,
				BFAD11C616F12C0800F6D429 /* BSIGuessItTests.octest */,
			);
			name = Products;
			sourceTree = "<group>";
		};
		BFAD11A216F12C0800F6D429 /* Frameworks */ = {
			isa = PBXGroup;
			children = (
				BFAD11A316F12C0800F6D429 /* UIKit.framework */,
				BFAD11A516F12C0800F6D429 /* Foundation.framework */,
				BFAD11A716F12C0800F6D429 /* CoreGraphics.framework */,
				BFAD11C716F12C0800F6D429 /* SenTestingKit.framework */,
				E707F79B80A948F3AC585B8C /* libPods.a */,
			);
			name = Frameworks;
			sourceTree = "<group>";
		};
		BFAD11A916F12C0800F6D429 /* BSIGuessIt */ = {
			isa = PBXGroup;
			children = (
				BFAD121216F1331000F6D429 /* Controller */,
				BFAD11E116F12D8E00F6D429 /* Model */,
				BFAD120916F12E1D00F6D429 /* View */,
				BFAD11E216F12D8E00F6D429 /* Other */,
				BFAD120016F12DF400F6D429 /* Images */,
			);
			path = BSIGuessIt;
			sourceTree = "<group>";
		};
		BFAD11CD16F12C0800F6D429 /* BSIGuessItTests */ = {
			isa = PBXGroup;
			children = (
				BFAD11D316F12C0800F6D429 /* BSIGuessItTests.h */,
				BFAD11D416F12C0800F6D429 /* BSIGuessItTests.m */,
				BFAD11CE16F12C0800F6D429 /* Supporting Files */,
			);
			path = BSIGuessItTests;
			sourceTree = "<group>";
		};
		BFAD11CE16F12C0800F6D429 /* Supporting Files */ = {
			isa = PBXGroup;
			children = (
				BFAD11CF16F12C0800F6D429 /* BSIGuessItTests-Info.plist */,
				BFAD11D016F12C0800F6D429 /* InfoPlist.strings */,
			);
			name = "Supporting Files";
			sourceTree = "<group>";
		};
		BFAD11E116F12D8E00F6D429 /* Model */ = {
			isa = PBXGroup;
			children = (
			);
			name = Model;
			path = model;
			sourceTree = "<group>";
		};
		BFAD11E216F12D8E00F6D429 /* Other */ = {
			isa = PBXGroup;
			children = (
				BFAD121016F12E2B00F6D429 /* BSIGuessIt-Info.plist */,
				BFAD11E316F12D8E00F6D429 /* BSIGuessIt-Prefix.pch */,
				BFAD11E416F12D8E00F6D429 /* MAAppDelegate.h */,
				BFAD11E516F12D8E00F6D429 /* MAAppDelegate.m */,
				BFAD11E616F12D8E00F6D429 /* main.m */,
			);
			name = Other;
			path = other;
			sourceTree = "<group>";
		};
		BFAD120016F12DF400F6D429 /* Images */ = {
			isa = PBXGroup;
			children = (
				BFAD120116F12DF400F6D429 /* Default-568h@2x.png */,
				BFAD120216F12DF400F6D429 /* Default.png */,
				BFAD120316F12DF400F6D429 /* Default@2x.png */,
			);
			name = Images;
			path = images;
			sourceTree = "<group>";
		};
		BFAD120916F12E1D00F6D429 /* View */ = {
			isa = PBXGroup;
			children = (
				BFAD120A16F12E1D00F6D429 /* InfoPlist.strings */,
				BFAD120C16F12E1D00F6D429 /* MainStoryboard.storyboard */,
			);
			name = View;
			path = view;
			sourceTree = "<group>";
		};
		BFAD121216F1331000F6D429 /* Controller */ = {
			isa = PBXGroup;
			children = (
			);
			name = Controller;
			path = controller;
			sourceTree = "<group>";
		};
/* End PBXGroup section */

/* Begin PBXNativeTarget section */
		BFAD119F16F12C0800F6D429 /* BSIGuessIt */ = {
			isa = PBXNativeTarget;
			buildConfigurationList = BFAD11D816F12C0800F6D429 /* Build configuration list for PBXNativeTarget "BSIGuessIt" */;
			buildPhases = (
				BFAD119C16F12C0800F6D429 /* Sources */,
				BFAD119D16F12C0800F6D429 /* Frameworks */,
				BFAD119E16F12C0800F6D429 /* Resources */,
				77AB31638CDC49A380FB9466 /* Copy Pods Resources */,
			);
			buildRules = (
			);
			dependencies = (
			);
			name = BSIGuessIt;
			productName = BSIGuessIt;
			productReference = BFAD11A016F12C0800F6D429 /* BSIGuessIt.app */;
			productType = "com.apple.product-type.application";
		};
		BFAD11C516F12C0800F6D429 /* BSIGuessItTests */ = {
			isa = PBXNativeTarget;
			buildConfigurationList = BFAD11DB16F12C0800F6D429 /* Build configuration list for PBXNativeTarget "BSIGuessItTests" */;
			buildPhases = (
				BFAD11C116F12C0800F6D429 /* Sources */,
				BFAD11C216F12C0800F6D429 /* Frameworks */,
				BFAD11C316F12C0800F6D429 /* Resources */,
				BFAD11C416F12C0800F6D429 /* ShellScript */,
			);
			buildRules = (
			);
			dependencies = (
				BFAD11CC16F12C0800F6D429 /* PBXTargetDependency */,
			);
			name = BSIGuessItTests;
			productName = BSIGuessItTests;
			productReference = BFAD11C616F12C0800F6D429 /* BSIGuessItTests.octest */;
			productType = "com.apple.product-type.bundle";
		};
/* End PBXNativeTarget section */

/* Begin PBXProject section */
		BFAD119816F12C0800F6D429 /* Project object */ = {
			isa = PBXProject;
			attributes = {
				CLASSPREFIX = MA;
				LastUpgradeCheck = 0460;
				ORGANIZATIONNAME = "Marlon Andrade";
			};
			buildConfigurationList = BFAD119B16F12C0800F6D429 /* Build configuration list for PBXProject "BSIGuessIt" */;
			compatibilityVersion = "Xcode 3.2";
			developmentRegion = English;
			hasScannedForEncodings = 0;
			knownRegions = (
				en,
			);
			mainGroup = BFAD119716F12C0800F6D429;
			productRefGroup = BFAD11A116F12C0800F6D429 /* Products */;
			projectDirPath = "";
			projectRoot = "";
			targets = (
				BFAD119F16F12C0800F6D429 /* BSIGuessIt */,
				BFAD11C516F12C0800F6D429 /* BSIGuessItTests */,
			);
		};
/* End PBXProject section */

/* Begin PBXResourcesBuildPhase section */
		BFAD119E16F12C0800F6D429 /* Resources */ = {
			isa = PBXResourcesBuildPhase;
			buildActionMask = 2147483647;
			files = (
				BFAD120616F12DF400F6D429 /* Default-568h@2x.png in Resources */,
				BFAD120716F12DF400F6D429 /* Default.png in Resources */,
				BFAD120816F12DF400F6D429 /* Default@2x.png in Resources */,
				BFAD120E16F12E1D00F6D429 /* InfoPlist.strings in Resources */,
				BFAD120F16F12E1D00F6D429 /* MainStoryboard.storyboard in Resources */,
			);
			runOnlyForDeploymentPostprocessing = 0;
		};
		BFAD11C316F12C0800F6D429 /* Resources */ = {
			isa = PBXResourcesBuildPhase;
			buildActionMask = 2147483647;
			files = (
				BFAD11D216F12C0800F6D429 /* InfoPlist.strings in Resources */,
			);
			runOnlyForDeploymentPostprocessing = 0;
		};
/* End PBXResourcesBuildPhase section */

/* Begin PBXShellScriptBuildPhase section */
		77AB31638CDC49A380FB9466 /* Copy Pods Resources */ = {
			isa = PBXShellScriptBuildPhase;
			buildActionMask = 2147483647;
			files = (
			);
			inputPaths = (
			);
			name = "Copy Pods Resources";
			outputPaths = (
			);
			runOnlyForDeploymentPostprocessing = 0;
			shellPath = /bin/sh;
			shellScript = "\"${SRCROOT}/Pods/Pods-resources.sh\"\n";
		};
		BFAD11C416F12C0800F6D429 /* ShellScript */ = {
			isa = PBXShellScriptBuildPhase;
			buildActionMask = 2147483647;
			files = (
			);
			inputPaths = (
			);
			outputPaths = (
			);
			runOnlyForDeploymentPostprocessing = 0;
			shellPath = /bin/sh;
			shellScript = "# Run the unit tests in this test bundle.\n\"${SYSTEM_DEVELOPER_DIR}/Tools/RunUnitTests\"\n";
		};
/* End PBXShellScriptBuildPhase section */

/* Begin PBXSourcesBuildPhase section */
		BFAD119C16F12C0800F6D429 /* Sources */ = {
			isa = PBXSourcesBuildPhase;
			buildActionMask = 2147483647;
			files = (
				BFAD11F316F12D8E00F6D429 /* MAAppDelegate.m in Sources */,
				BFAD11F416F12D8E00F6D429 /* main.m in Sources */,
			);
			runOnlyForDeploymentPostprocessing = 0;
		};
		BFAD11C116F12C0800F6D429 /* Sources */ = {
			isa = PBXSourcesBuildPhase;
			buildActionMask = 2147483647;
			files = (
				BFAD11D516F12C0800F6D429 /* BSIGuessItTests.m in Sources */,
			);
			runOnlyForDeploymentPostprocessing = 0;
		};
/* End PBXSourcesBuildPhase section */

/* Begin PBXTargetDependency section */
		BFAD11CC16F12C0800F6D429 /* PBXTargetDependency */ = {
			isa = PBXTargetDependency;
			target = BFAD119F16F12C0800F6D429 /* BSIGuessIt */;
			targetProxy = BFAD11CB16F12C0800F6D429 /* PBXContainerItemProxy */;
		};
/* End PBXTargetDependency section */

/* Begin PBXVariantGroup section */
		BFAD11D016F12C0800F6D429 /* InfoPlist.strings */ = {
			isa = PBXVariantGroup;
			children = (
				BFAD11D116F12C0800F6D429 /* en */,
			);
			name = InfoPlist.strings;
			sourceTree = "<group>";
		};
		BFAD120A16F12E1D00F6D429 /* InfoPlist.strings */ = {
			isa = PBXVariantGroup;
			children = (
				BFAD120B16F12E1D00F6D429 /* en */,
			);
			name = InfoPlist.strings;
			sourceTree = "<group>";
		};
		BFAD120C16F12E1D00F6D429 /* MainStoryboard.storyboard */ = {
			isa = PBXVariantGroup;
			children = (
				BFAD120D16F12E1D00F6D429 /* en */,
			);
			name = MainStoryboard.storyboard;
			sourceTree = "<group>";
		};
/* End PBXVariantGroup section */

/* Begin XCBuildConfiguration section */
		BFAD11D616F12C0800F6D429 /* Debug */ = {
			isa = XCBuildConfiguration;
			buildSettings = {
				ALWAYS_SEARCH_USER_PATHS = NO;
				CLANG_CXX_LANGUAGE_STANDARD = "gnu++0x";
				CLANG_CXX_LIBRARY = "libc++";
				CLANG_ENABLE_OBJC_ARC = YES;
				CLANG_WARN_CONSTANT_CONVERSION = YES;
				CLANG_WARN_EMPTY_BODY = YES;
				CLANG_WARN_ENUM_CONVERSION = YES;
				CLANG_WARN_INT_CONVERSION = YES;
				CLANG_WARN__DUPLICATE_METHOD_MATCH = YES;
				"CODE_SIGN_IDENTITY[sdk=iphoneos*]" = "iPhone Developer";
				COPY_PHASE_STRIP = NO;
				GCC_C_LANGUAGE_STANDARD = gnu99;
				GCC_DYNAMIC_NO_PIC = NO;
				GCC_OPTIMIZATION_LEVEL = 0;
				GCC_PREPROCESSOR_DEFINITIONS = (
					"DEBUG=1",
					"$(inherited)",
				);
				GCC_SYMBOLS_PRIVATE_EXTERN = NO;
				GCC_WARN_ABOUT_RETURN_TYPE = YES;
				GCC_WARN_UNINITIALIZED_AUTOS = YES;
				GCC_WARN_UNUSED_VARIABLE = YES;
				IPHONEOS_DEPLOYMENT_TARGET = 6.1;
				ONLY_ACTIVE_ARCH = YES;
				SDKROOT = iphoneos;
			};
			name = Debug;
		};
		BFAD11D716F12C0800F6D429 /* Release */ = {
			isa = XCBuildConfiguration;
			buildSettings = {
				ALWAYS_SEARCH_USER_PATHS = NO;
				CLANG_CXX_LANGUAGE_STANDARD = "gnu++0x";
				CLANG_CXX_LIBRARY = "libc++";
				CLANG_ENABLE_OBJC_ARC = YES;
				CLANG_WARN_CONSTANT_CONVERSION = YES;
				CLANG_WARN_EMPTY_BODY = YES;
				CLANG_WARN_ENUM_CONVERSION = YES;
				CLANG_WARN_INT_CONVERSION = YES;
				CLANG_WARN__DUPLICATE_METHOD_MATCH = YES;
				"CODE_SIGN_IDENTITY[sdk=iphoneos*]" = "iPhone Developer";
				COPY_PHASE_STRIP = YES;
				GCC_C_LANGUAGE_STANDARD = gnu99;
				GCC_WARN_ABOUT_RETURN_TYPE = YES;
				GCC_WARN_UNINITIALIZED_AUTOS = YES;
				GCC_WARN_UNUSED_VARIABLE = YES;
				IPHONEOS_DEPLOYMENT_TARGET = 6.1;
				OTHER_CFLAGS = "-DNS_BLOCK_ASSERTIONS=1";
				SDKROOT = iphoneos;
				VALIDATE_PRODUCT = YES;
			};
			name = Release;
		};
		BFAD11D916F12C0800F6D429 /* Debug */ = {
			isa = XCBuildConfiguration;
			baseConfigurationReference = 8781AC42E3404A9EB7B24436 /* Pods.xcconfig */;
			buildSettings = {
				GCC_PRECOMPILE_PREFIX_HEADER = YES;
				GCC_PREFIX_HEADER = "BSIGuessIt/other/BSIGuessIt-Prefix.pch";
				INFOPLIST_FILE = "BSIGuessIt/other/BSIGuessIt-Info.plist";
				PRODUCT_NAME = "$(TARGET_NAME)";
				WRAPPER_EXTENSION = app;
			};
			name = Debug;
		};
		BFAD11DA16F12C0800F6D429 /* Release */ = {
			isa = XCBuildConfiguration;
			baseConfigurationReference = 8781AC42E3404A9EB7B24436 /* Pods.xcconfig */;
			buildSettings = {
				GCC_PRECOMPILE_PREFIX_HEADER = YES;
				GCC_PREFIX_HEADER = "BSIGuessIt/other/BSIGuessIt-Prefix.pch";
				INFOPLIST_FILE = "BSIGuessIt/other/BSIGuessIt-Info.plist";
				PRODUCT_NAME = "$(TARGET_NAME)";
				WRAPPER_EXTENSION = app;
			};
			name = Release;
		};
		BFAD11DC16F12C0800F6D429 /* Debug */ = {
			isa = XCBuildConfiguration;
			buildSettings = {
				BUNDLE_LOADER = "$(BUILT_PRODUCTS_DIR)/BSIGuessIt.app/BSIGuessIt";
				FRAMEWORK_SEARCH_PATHS = (
					"\"$(SDKROOT)/Developer/Library/Frameworks\"",
					"\"$(DEVELOPER_LIBRARY_DIR)/Frameworks\"",
				);
				GCC_PRECOMPILE_PREFIX_HEADER = YES;
				GCC_PREFIX_HEADER = "BSIGuessIt/BSIGuessIt-Prefix.pch";
				INFOPLIST_FILE = "BSIGuessItTests/BSIGuessItTests-Info.plist";
				PRODUCT_NAME = "$(TARGET_NAME)";
				TEST_HOST = "$(BUNDLE_LOADER)";
				WRAPPER_EXTENSION = octest;
			};
			name = Debug;
		};
		BFAD11DD16F12C0800F6D429 /* Release */ = {
			isa = XCBuildConfiguration;
			buildSettings = {
				BUNDLE_LOADER = "$(BUILT_PRODUCTS_DIR)/BSIGuessIt.app/BSIGuessIt";
				FRAMEWORK_SEARCH_PATHS = (
					"\"$(SDKROOT)/Developer/Library/Frameworks\"",
					"\"$(DEVELOPER_LIBRARY_DIR)/Frameworks\"",
				);
				GCC_PRECOMPILE_PREFIX_HEADER = YES;
				GCC_PREFIX_HEADER = "BSIGuessIt/BSIGuessIt-Prefix.pch";
				INFOPLIST_FILE = "BSIGuessItTests/BSIGuessItTests-Info.plist";
				PRODUCT_NAME = "$(TARGET_NAME)";
				TEST_HOST = "$(BUNDLE_LOADER)";
				WRAPPER_EXTENSION = octest;
			};
			name = Release;
		};
/* End XCBuildConfiguration section */

/* Begin XCConfigurationList section */
		BFAD119B16F12C0800F6D429 /* Build configuration list for PBXProject "BSIGuessIt" */ = {
			isa = XCConfigurationList;
			buildConfigurations = (
				BFAD11D616F12C0800F6D429 /* Debug */,
				BFAD11D716F12C0800F6D429 /* Release */,
			);
			defaultConfigurationIsVisible = 0;
			defaultConfigurationName = Release;
		};
		BFAD11D816F12C0800F6D429 /* Build configuration list for PBXNativeTarget "BSIGuessIt" */ = {
			isa = XCConfigurationList;
			buildConfigurations = (
				BFAD11D916F12C0800F6D429 /* Debug */,
				BFAD11DA16F12C0800F6D429 /* Release */,
			);
			defaultConfigurationIsVisible = 0;
			defaultConfigurationName = Release;
		};
		BFAD11DB16F12C0800F6D429 /* Build configuration list for PBXNativeTarget "BSIGuessItTests" */ = {
			isa = XCConfigurationList;
			buildConfigurations = (
				BFAD11DC16F12C0800F6D429 /* Debug */,
				BFAD11DD16F12C0800F6D429 /* Release */,
			);
			defaultConfigurationIsVisible = 0;
			defaultConfigurationName = Release;
		};
/* End XCConfigurationList section */
	};
	rootObject = BFAD119816F12C0800F6D429 /* Project object */;
}
